{
  "version": 1,
  "dependencies": {
    "net8.0": {
      "Dotmim.Sync.MySql": {
        "type": "Direct",
        "requested": "[0.9.4, )",
        "resolved": "0.9.4",
        "contentHash": "wXXT+YoLy7m0uyvjWWsvlzPouCDlHWCTe+P4fYslG7zZY1JMyH0P/bEGrAGJiSmknP5Vyp24Isrvs8w5YiAYXg==",
        "dependencies": {
          "Dotmim.Sync.Core": "0.9.4",
          "MySqlConnector": "1.2.1"
        }
      },
      "Dotmim.Sync.Sqlite": {
        "type": "Direct",
        "requested": "[0.9.4, )",
        "resolved": "0.9.4",
        "contentHash": "zYcQ1v+5evfGB/LXtivwKyzSqeBkkB1gQ0ltUZIhqZsbw6ODr7LHixcZINdxJ4CjNmDiVDEwUAgizQEFVJqccA==",
        "dependencies": {
          "Dotmim.Sync.Core": "0.9.4",
          "Microsoft.Data.Sqlite": "6.0.1"
        }
      },
      "Dotmim.Sync.SqlServer": {
        "type": "Direct",
        "requested": "[0.9.4, )",
        "resolved": "0.9.4",
        "contentHash": "YwPPtoi1HXodWGxHK10uG+iBtz9GpIrv4uM/FGSaEoeFaC4LexM2v49nSPBHNKXHIyAC0qEGfAcLVT45A1SQaw==",
        "dependencies": {
          "Dotmim.Sync.Core": "0.9.4",
          "Microsoft.Data.SqlClient": "3.0.1"
        }
      },
      "Dotmim.Sync.Web.Client": {
        "type": "Direct",
        "requested": "[0.9.4, )",
        "resolved": "0.9.4",
        "contentHash": "DJ+A048ynl6aMlWrhMS6SlN2AFqXvHcXF54iwpjZKe0+Kb1Sx5ELEQpjlz5w2BaQFIAVrHBk3ijWLMS8wEoFZg==",
        "dependencies": {
          "Dotmim.Sync.Core": "0.9.4",
          "Microsoft.AspNetCore.Http.Features": "6.0.0-preview.4.21253.5",
          "Microsoft.Net.Http.Headers": "2.2.8"
        }
      },
      "McMaster.Extensions.CommandLineUtils": {
        "type": "Direct",
        "requested": "[4.1.1, )",
        "resolved": "4.1.1",
        "contentHash": "zxgDY+G5yVq2q8sVB3Z275Qkxed1jC95nwAfnlSyoG4l5Nicvd4+ke1jXusEZEfyuErlAgXCKS937c13FmZWBg==",
        "dependencies": {
          "System.ComponentModel.Annotations": "5.0.0"
        }
      },
      "McMaster.Extensions.Hosting.CommandLine": {
        "type": "Direct",
        "requested": "[4.0.1, )",
        "resolved": "4.0.1",
        "contentHash": "pZJF/zeXT3OC+3GUNO9ZicpCO9I7wYLmj0E2qPR8CRA6iUs0kGu6SCkmraB1sITx4elcVjMLiZDGMsBVMqaPhg==",
        "dependencies": {
          "McMaster.Extensions.CommandLineUtils": "4.0.1",
          "Microsoft.Extensions.Hosting.Abstractions": "6.0.0",
          "Microsoft.Extensions.Logging.Abstractions": "6.0.0"
        }
      },
      "Microsoft.Extensions.Configuration": {
        "type": "Direct",
        "requested": "[6.0.1, )",
        "resolved": "6.0.1",
        "contentHash": "BUyFU9t+HzlSE7ri4B+AQN2BgTgHv/uM82s5ZkgU1BApyzWzIl48nDsG5wR1t0pniNuuyTBzG3qCW8152/NtSw==",
        "dependencies": {
          "Microsoft.Extensions.Configuration.Abstractions": "6.0.0",
          "Microsoft.Extensions.Primitives": "6.0.0"
        }
      },
      "Microsoft.Extensions.Configuration.Binder": {
        "type": "Direct",
        "requested": "[6.0.0, )",
        "resolved": "6.0.0",
        "contentHash": "b3ErKzND8LIC7o08QAVlKfaEIYEvLJbtmVbFZVBRXeu9YkKfSSzLZfR1SUfQPBIy9mKLhEtJgGYImkcMNaKE0A==",
        "dependencies": {
          "Microsoft.Extensions.Configuration.Abstractions": "6.0.0"
        }
      },
      "Microsoft.Extensions.Configuration.Json": {
        "type": "Direct",
        "requested": "[6.0.0, )",
        "resolved": "6.0.0",
        "contentHash": "GJGery6QytCzS/BxJ96klgG9in3uH26KcUBbiVG/coNDXCRq6LGVVlUT4vXq34KPuM+R2av+LeYdX9h4IZOCUg==",
        "dependencies": {
          "Microsoft.Extensions.Configuration": "6.0.0",
          "Microsoft.Extensions.Configuration.Abstractions": "6.0.0",
          "Microsoft.Extensions.Configuration.FileExtensions": "6.0.0",
          "Microsoft.Extensions.FileProviders.Abstractions": "6.0.0",
          "System.Text.Json": "6.0.0"
        }
      },
      "Azure.Core": {
        "type": "Transitive",
        "resolved": "1.6.0",
        "contentHash": "kI4m2NsODPOrxo0OoKjk6B3ADbdovhDQIEmI4039upjjZKRaewVLx/Uz4DfRa/NtnIRZQPUALe1yvdHWAoRt4w==",
        "dependencies": {
          "Microsoft.Bcl.AsyncInterfaces": "1.0.0",
          "System.Buffers": "4.5.0",
          "System.Diagnostics.DiagnosticSource": "4.6.0",
          "System.Memory": "4.5.3",
          "System.Numerics.Vectors": "4.5.0",
          "System.Text.Json": "4.6.0",
          "System.Threading.Tasks.Extensions": "4.5.2"
        }
      },
      "Azure.Identity": {
        "type": "Transitive",
        "resolved": "1.3.0",
        "contentHash": "l1SYfZKOFBuUFG7C2SWHmJcrQQaiXgBdVCycx4vcZQkC6efDVt7mzZ5pfJAFEJDBUq7mjRQ0RPq9ZDGdSswqMg==",
        "dependencies": {
          "Azure.Core": "1.6.0",
          "Microsoft.Identity.Client": "4.22.0",
          "Microsoft.Identity.Client.Extensions.Msal": "2.16.5",
          "System.Memory": "4.5.3",
          "System.Security.Cryptography.ProtectedData": "4.5.0",
          "System.Text.Json": "4.6.0",
          "System.Threading.Tasks.Extensions": "4.5.2"
        }
      },
      "Dotmim.Sync.Core": {
        "type": "Transitive",
        "resolved": "0.9.4",
        "contentHash": "CPLpzAFSZAvq2gZcrYuCOycc8YopujLRaOdRbgGqjdkESpy9EbmOEMIGBnQLZ2IV3B3TazVhvmNwdMB1UAnlwA==",
        "dependencies": {
          "Microsoft.Extensions.Logging": "6.0.0",
          "Newtonsoft.Json": "12.0.3"
        }
      },
      "Microsoft.AspNetCore.Http.Features": {
        "type": "Transitive",
        "resolved": "6.0.0-preview.4.21253.5",
        "contentHash": "R3MUGcafdytxU9Bv5PWy46MPlHtPLgjCX9ay+Y7VPyvaxtpCijz6tMBUPletOUeAcmyYpwBgWU1FwdyuZn0n8w==",
        "dependencies": {
          "Microsoft.Extensions.Primitives": "6.0.0-preview.4.21253.7",
          "System.IO.Pipelines": "6.0.0-preview.4.21253.7"
        }
      },
      "Microsoft.Bcl.AsyncInterfaces": {
        "type": "Transitive",
        "resolved": "1.0.0",
        "contentHash": "K63Y4hORbBcKLWH5wnKgzyn7TOfYzevIEwIedQHBIkmkEBA9SCqgvom+XTuE+fAFGvINGkhFItaZ2dvMGdT5iw=="
      },
      "Microsoft.CSharp": {
        "type": "Transitive",
        "resolved": "4.5.0",
        "contentHash": "kaj6Wb4qoMuH3HySFJhxwQfe8R/sJsNJnANrvv8WdFPMoNbKY5htfNscv+LHCu5ipz+49m2e+WQXpLXr9XYemQ=="
      },
      "Microsoft.Data.SqlClient": {
        "type": "Transitive",
        "resolved": "3.0.1",
        "contentHash": "5Jgcds8yukUeOHvc8S0rGW87rs2uYEM9/YyrYIb/0C+vqzIa2GiqbVPCDVcnApWhs67OSXLTM7lO6jro24v/rA==",
        "dependencies": {
          "Azure.Identity": "1.3.0",
          "Microsoft.Data.SqlClient.SNI.runtime": "3.0.0",
          "Microsoft.Identity.Client": "4.22.0",
          "Microsoft.IdentityModel.JsonWebTokens": "6.8.0",
          "Microsoft.IdentityModel.Protocols.OpenIdConnect": "6.8.0",
          "Microsoft.Win32.Registry": "4.7.0",
          "System.Configuration.ConfigurationManager": "4.7.0",
          "System.Diagnostics.DiagnosticSource": "4.7.0",
          "System.Runtime.Caching": "4.7.0",
          "System.Security.Principal.Windows": "4.7.0",
          "System.Text.Encoding.CodePages": "4.7.0",
          "System.Text.Encodings.Web": "4.7.2"
        }
      },
      "Microsoft.Data.SqlClient.SNI.runtime": {
        "type": "Transitive",
        "resolved": "3.0.0",
        "contentHash": "n1sNyjJgu2pYWKgw3ZPikw3NiRvG4kt7Ya5MK8u77Rgj/1bTFqO/eDF4k5W9H5GXplMZCpKkNbp5kNBICgSB0w=="
      },
      "Microsoft.Data.Sqlite": {
        "type": "Transitive",
        "resolved": "6.0.1",
        "contentHash": "PuH8SyfRgS19criO7/DnsMQZx0L915rl4mcMPtvIvCwQ1+V3HahBZl8VyGRK/N4tV399hkmNe7F+aCCdT2Ek8g==",
        "dependencies": {
          "Microsoft.Data.Sqlite.Core": "6.0.1",
          "SQLitePCLRaw.bundle_e_sqlite3": "2.0.6"
        }
      },
      "Microsoft.Data.Sqlite.Core": {
        "type": "Transitive",
        "resolved": "6.0.1",
        "contentHash": "Z8MIjWmzxUjcc2HKTKFHfo7jqqVeVftkigrojGY4zEN8OwjLgJNb5/BqW3J2FiIiCrPBDGNkiVlOERazGfLizg==",
        "dependencies": {
          "SQLitePCLRaw.core": "2.0.6"
        }
      },
      "Microsoft.Extensions.Configuration.Abstractions": {
        "type": "Transitive",
        "resolved": "6.0.0",
        "contentHash": "qWzV9o+ZRWq+pGm+1dF+R7qTgTYoXvbyowRoBxQJGfqTpqDun2eteerjRQhq5PQ/14S+lqto3Ft4gYaRyl4rdQ==",
        "dependencies": {
          "Microsoft.Extensions.Primitives": "6.0.0"
        }
      },
      "Microsoft.Extensions.Configuration.FileExtensions": {
        "type": "Transitive",
        "resolved": "6.0.0",
        "contentHash": "V4Dth2cYMZpw3HhGw9XUDIijpI6gN+22LDt0AhufIgOppCUfpWX4483OmN+dFXRJkJLc8Tv0Q8QK+1ingT2+KQ==",
        "dependencies": {
          "Microsoft.Extensions.Configuration": "6.0.0",
          "Microsoft.Extensions.Configuration.Abstractions": "6.0.0",
          "Microsoft.Extensions.FileProviders.Abstractions": "6.0.0",
          "Microsoft.Extensions.FileProviders.Physical": "6.0.0",
          "Microsoft.Extensions.Primitives": "6.0.0"
        }
      },
      "Microsoft.Extensions.DependencyInjection": {
        "type": "Transitive",
        "resolved": "6.0.0",
        "contentHash": "k6PWQMuoBDGGHOQTtyois2u4AwyVcIwL2LaSLlTZQm2CYcJ1pxbt6jfAnpWmzENA/wfrYRI/X9DTLoUkE4AsLw==",
        "dependencies": {
          "Microsoft.Extensions.DependencyInjection.Abstractions": "6.0.0",
          "System.Runtime.CompilerServices.Unsafe": "6.0.0"
        }
      },
      "Microsoft.Extensions.DependencyInjection.Abstractions": {
        "type": "Transitive",
        "resolved": "6.0.0",
        "contentHash": "xlzi2IYREJH3/m6+lUrQlujzX8wDitm4QGnUu6kUXTQAWPuZY8i+ticFJbzfqaetLA6KR/rO6Ew/HuYD+bxifg=="
      },
      "Microsoft.Extensions.FileProviders.Abstractions": {
        "type": "Transitive",
        "resolved": "6.0.0",
        "contentHash": "0pd4/fho0gC12rQswaGQxbU34jOS1TPS8lZPpkFCH68ppQjHNHYle9iRuHeev1LhrJ94YPvzcRd8UmIuFk23Qw==",
        "dependencies": {
          "Microsoft.Extensions.Primitives": "6.0.0"
        }
      },
      "Microsoft.Extensions.FileProviders.Physical": {
        "type": "Transitive",
        "resolved": "6.0.0",
        "contentHash": "QvkL7l0nM8udt3gfyu0Vw8bbCXblxaKOl7c2oBfgGy4LCURRaL9XWZX1FWJrQc43oMokVneVxH38iz+bY1sbhg==",
        "dependencies": {
          "Microsoft.Extensions.FileProviders.Abstractions": "6.0.0",
          "Microsoft.Extensions.FileSystemGlobbing": "6.0.0",
          "Microsoft.Extensions.Primitives": "6.0.0"
        }
      },
      "Microsoft.Extensions.FileSystemGlobbing": {
        "type": "Transitive",
        "resolved": "6.0.0",
        "contentHash": "ip8jnL1aPiaPeKINCqaTEbvBFDmVx9dXQEBZ2HOBRXPD1eabGNqP/bKlsIcp7U2lGxiXd5xIhoFcmY8nM4Hdiw=="
      },
      "Microsoft.Extensions.Hosting.Abstractions": {
        "type": "Transitive",
        "resolved": "6.0.0",
        "contentHash": "GcT5l2CYXL6Sa27KCSh0TixsRfADUgth+ojQSD5EkzisZxmGFh7CwzkcYuGwvmXLjr27uWRNrJ2vuuEjMhU05Q==",
        "dependencies": {
          "Microsoft.Extensions.Configuration.Abstractions": "6.0.0",
          "Microsoft.Extensions.DependencyInjection.Abstractions": "6.0.0",
          "Microsoft.Extensions.FileProviders.Abstractions": "6.0.0"
        }
      },
      "Microsoft.Extensions.Logging": {
        "type": "Transitive",
        "resolved": "6.0.0",
        "contentHash": "eIbyj40QDg1NDz0HBW0S5f3wrLVnKWnDJ/JtZ+yJDFnDj90VoPuoPmFkeaXrtu+0cKm5GRAwoDf+dBWXK0TUdg==",
        "dependencies": {
          "Microsoft.Extensions.DependencyInjection": "6.0.0",
          "Microsoft.Extensions.DependencyInjection.Abstractions": "6.0.0",
          "Microsoft.Extensions.Logging.Abstractions": "6.0.0",
          "Microsoft.Extensions.Options": "6.0.0",
          "System.Diagnostics.DiagnosticSource": "6.0.0"
        }
      },
      "Microsoft.Extensions.Logging.Abstractions": {
        "type": "Transitive",
        "resolved": "6.0.0",
        "contentHash": "/HggWBbTwy8TgebGSX5DBZ24ndhzi93sHUBDvP1IxbZD7FDokYzdAr6+vbWGjw2XAfR2EJ1sfKUotpjHnFWPxA=="
      },
      "Microsoft.Extensions.Options": {
        "type": "Transitive",
        "resolved": "6.0.0",
        "contentHash": "dzXN0+V1AyjOe2xcJ86Qbo233KHuLEY0njf/P2Kw8SfJU+d45HNS2ctJdnEnrWbM9Ye2eFgaC5Mj9otRMU6IsQ==",
        "dependencies": {
          "Microsoft.Extensions.DependencyInjection.Abstractions": "6.0.0",
          "Microsoft.Extensions.Primitives": "6.0.0"
        }
      },
      "Microsoft.Extensions.Primitives": {
        "type": "Transitive",
        "resolved": "6.0.0",
        "contentHash": "9+PnzmQFfEFNR9J2aDTfJGGupShHjOuGw4VUv+JB044biSHrnmCIMD+mJHmb2H7YryrfBEXDurxQ47gJZdCKNQ==",
        "dependencies": {
          "System.Runtime.CompilerServices.Unsafe": "6.0.0"
        }
      },
      "Microsoft.Identity.Client": {
        "type": "Transitive",
        "resolved": "4.22.0",
        "contentHash": "GlamU9rs8cSVIx9WSGv5QKpt66KkE+ImxNa/wNZZUJ3knt3PM98T9sOY8B7NcEfhw7NoxU2/0TSOcmnRSJQgqw=="
      },
      "Microsoft.Identity.Client.Extensions.Msal": {
        "type": "Transitive",
        "resolved": "2.16.5",
        "contentHash": "VlGUZEpF8KP/GCfFI59sdE0WA0o9quqwM1YQY0dSp6jpGy5EOBkureaybLfpwCuYUUjQbLkN2p7neUIcQCfbzA==",
        "dependencies": {
          "Microsoft.Identity.Client": "4.22.0",
          "System.Security.Cryptography.ProtectedData": "4.5.0"
        }
      },
      "Microsoft.IdentityModel.JsonWebTokens": {
        "type": "Transitive",
        "resolved": "6.8.0",
        "contentHash": "+7JIww64PkMt7NWFxoe4Y/joeF7TAtA/fQ0b2GFGcagzB59sKkTt/sMZWR6aSZht5YC7SdHi3W6yM1yylRGJCQ==",
        "dependencies": {
          "Microsoft.IdentityModel.Tokens": "6.8.0"
        }
      },
      "Microsoft.IdentityModel.Logging": {
        "type": "Transitive",
        "resolved": "6.8.0",
        "contentHash": "Rfh/p4MaN4gkmhPxwbu8IjrmoDncGfHHPh1sTnc0AcM/Oc39/fzC9doKNWvUAjzFb8LqA6lgZyblTrIsX/wDXg=="
      },
      "Microsoft.IdentityModel.Protocols": {
        "type": "Transitive",
        "resolved": "6.8.0",
        "contentHash": "OJZx5nPdiH+MEkwCkbJrTAUiO/YzLe0VSswNlDxJsJD9bhOIdXHufh650pfm59YH1DNevp3/bXzukKrG57gA1w==",
        "dependencies": {
          "Microsoft.IdentityModel.Logging": "6.8.0",
          "Microsoft.IdentityModel.Tokens": "6.8.0"
        }
      },
      "Microsoft.IdentityModel.Protocols.OpenIdConnect": {
        "type": "Transitive",
        "resolved": "6.8.0",
        "contentHash": "X/PiV5l3nYYsodtrNMrNQIVlDmHpjQQ5w48E+o/D5H4es2+4niEyQf3l03chvZGWNzBRhfSstaXr25/Ye4AeYw==",
        "dependencies": {
          "Microsoft.IdentityModel.Protocols": "6.8.0",
          "System.IdentityModel.Tokens.Jwt": "6.8.0"
        }
      },
      "Microsoft.IdentityModel.Tokens": {
        "type": "Transitive",
        "resolved": "6.8.0",
        "contentHash": "gTqzsGcmD13HgtNePPcuVHZ/NXWmyV+InJgalW/FhWpII1D7V1k0obIseGlWMeA4G+tZfeGMfXr0klnWbMR/mQ==",
        "dependencies": {
          "Microsoft.CSharp": "4.5.0",
          "Microsoft.IdentityModel.Logging": "6.8.0",
          "System.Security.Cryptography.Cng": "4.5.0"
        }
      },
      "Microsoft.Net.Http.Headers": {
        "type": "Transitive",
        "resolved": "2.2.8",
        "contentHash": "wHdwMv0QDDG2NWDSwax9cjkeQceGC1Qq53a31+31XpvTXVljKXRjWISlMoS/wZYKiqdqzuEvKFKwGHl+mt2jCA==",
        "dependencies": {
          "Microsoft.Extensions.Primitives": "2.2.0",
          "System.Buffers": "4.5.0"
        }
      },
      "Microsoft.NETCore.Platforms": {
        "type": "Transitive",
        "resolved": "3.1.0",
        "contentHash": "z7aeg8oHln2CuNulfhiLYxCVMPEwBl3rzicjvIX+4sUuCwvXw5oXQEtbiU2c0z4qYL5L3Kmx0mMA/+t/SbY67w=="
      },
      "Microsoft.Win32.Registry": {
        "type": "Transitive",
        "resolved": "4.7.0",
        "contentHash": "KSrRMb5vNi0CWSGG1++id2ZOs/1QhRqROt+qgbEAdQuGjGrFcl4AOl4/exGPUYz2wUnU42nvJqon1T3U0kPXLA==",
        "dependencies": {
          "System.Security.AccessControl": "4.7.0",
          "System.Security.Principal.Windows": "4.7.0"
        }
      },
      "Microsoft.Win32.SystemEvents": {
        "type": "Transitive",
        "resolved": "4.7.0",
        "contentHash": "mtVirZr++rq+XCDITMUdnETD59XoeMxSpLRIII7JRI6Yj0LEDiO1pPn0ktlnIj12Ix8bfvQqQDMMIF9wC98oCA==",
        "dependencies": {
          "Microsoft.NETCore.Platforms": "3.1.0"
        }
      },
      "MySqlConnector": {
        "type": "Transitive",
        "resolved": "1.2.1",
        "contentHash": "B+uQUXBhWibjQBaOe+GXXTEm573HGQU2M2NR8BKdyEEBxzGui8OVTL+dtW5Jg4FwovvW4Y1uMOKeBdmI5tQltA=="
      },
      "Newtonsoft.Json": {
        "type": "Transitive",
        "resolved": "12.0.3",
        "contentHash": "6mgjfnRB4jKMlzHSl+VD+oUc1IebOZabkbyWj2RiTgWwYPPuaK1H97G1sHqGwPlS5npiF5Q0OrxN1wni2n5QWg=="
      },
      "SQLitePCLRaw.bundle_e_sqlite3": {
        "type": "Transitive",
        "resolved": "2.0.6",
        "contentHash": "zssYqiaucyGArZfg74rJuzK0ewgZiidsRVrZTmP7JLNvK806gXg6PGA46XzoJGpNPPA5uRcumwvVp6YTYxtQ5w==",
        "dependencies": {
          "SQLitePCLRaw.core": "2.0.6",
          "SQLitePCLRaw.lib.e_sqlite3": "2.0.6",
          "SQLitePCLRaw.provider.e_sqlite3": "2.0.6"
        }
      },
      "SQLitePCLRaw.core": {
        "type": "Transitive",
        "resolved": "2.0.6",
        "contentHash": "Vh8n0dTvwXkCGur2WqQTITvk4BUO8i8h9ucSx3wwuaej3s2S6ZC0R7vqCTf9TfS/I4QkXO6g3W2YQIRFkOcijA==",
        "dependencies": {
          "System.Memory": "4.5.3"
        }
      },
      "SQLitePCLRaw.lib.e_sqlite3": {
        "type": "Transitive",
        "resolved": "2.0.6",
        "contentHash": "xlstskMKalKQl0H2uLNe0viBM6fvAGLWqKZUQ3twX5y1tSOZKe0+EbXopQKYdbjJytNGI6y5WSKjpI+kVr2Ckg=="
      },
      "SQLitePCLRaw.provider.e_sqlite3": {
        "type": "Transitive",
        "resolved": "2.0.6",
        "contentHash": "peXLJbhU+0clVBIPirihM1NoTBqw8ouBpcUsVMlcZ4k6fcL2hwgkctVB2Nt5VsbnOJcPspQL5xQK7QvLpxkMgg==",
        "dependencies": {
          "SQLitePCLRaw.core": "2.0.6"
        }
      },
      "System.Buffers": {
        "type": "Transitive",
        "resolved": "4.5.0",
        "contentHash": "pL2ChpaRRWI/p4LXyy4RgeWlYF2sgfj/pnVMvBqwNFr5cXg7CXNnWZWxrOONLg8VGdFB8oB+EG2Qw4MLgTOe+A=="
      },
      "System.ComponentModel.Annotations": {
        "type": "Transitive",
        "resolved": "5.0.0",
        "contentHash": "dMkqfy2el8A8/I76n2Hi1oBFEbG1SfxD2l5nhwXV3XjlnOmwxJlQbYpJH4W51odnU9sARCSAgv7S3CyAFMkpYg=="
      },
      "System.Configuration.ConfigurationManager": {
        "type": "Transitive",
        "resolved": "4.7.0",
        "contentHash": "/anOTeSZCNNI2zDilogWrZ8pNqCmYbzGNexUnNhjW8k0sHqEZ2nHJBp147jBV3hGYswu5lINpNg1vxR7bnqvVA==",
        "dependencies": {
          "System.Security.Cryptography.ProtectedData": "4.7.0",
          "System.Security.Permissions": "4.7.0"
        }
      },
      "System.Diagnostics.DiagnosticSource": {
        "type": "Transitive",
        "resolved": "6.0.0",
        "contentHash": "frQDfv0rl209cKm1lnwTgFPzNigy2EKk1BS3uAvHvlBVKe5cymGyHO+Sj+NLv5VF/AhHsqPIUUwya5oV4CHMUw==",
        "dependencies": {
          "System.Runtime.CompilerServices.Unsafe": "6.0.0"
        }
      },
      "System.Drawing.Common": {
        "type": "Transitive",
        "resolved": "4.7.0",
        "contentHash": "v+XbyYHaZjDfn0ENmJEV1VYLgGgCTx1gnfOBcppowbpOAriglYgGCvFCPr2EEZyBvXlpxbEsTwkOlInl107ahA==",
        "dependencies": {
          "Microsoft.NETCore.Platforms": "3.1.0",
          "Microsoft.Win32.SystemEvents": "4.7.0"
        }
      },
      "System.IdentityModel.Tokens.Jwt": {
        "type": "Transitive",
        "resolved": "6.8.0",
        "contentHash": "5tBCjAub2Bhd5qmcd0WhR5s354e4oLYa//kOWrkX+6/7ZbDDJjMTfwLSOiZ/MMpWdE4DWPLOfTLOq/juj9CKzA==",
        "dependencies": {
          "Microsoft.IdentityModel.JsonWebTokens": "6.8.0",
          "Microsoft.IdentityModel.Tokens": "6.8.0"
        }
      },
      "System.IO.Pipelines": {
        "type": "Transitive",
        "resolved": "6.0.0-preview.4.21253.7",
        "contentHash": "vFgm2rr53rp46mFmO+ihwVf9zOZu4sA11ULmCbmvrYEG3XR45ql1CYBSEEsntMQeZG0B/qiOOifnLTxB5G1C0A=="
      },
      "System.Memory": {
        "type": "Transitive",
        "resolved": "4.5.3",
        "contentHash": "3oDzvc/zzetpTKWMShs1AADwZjQ/36HnsufHRPcOjyRAAMLDlu2iD33MBI2opxnezcVUtXyqDXXjoFMOU9c7SA=="
      },
      "System.Numerics.Vectors": {
        "type": "Transitive",
        "resolved": "4.5.0",
        "contentHash": "QQTlPTl06J/iiDbJCiepZ4H//BVraReU4O4EoRw1U02H5TLUIT7xn3GnDp9AXPSlJUDyFs4uWjWafNX6WrAojQ=="
      },
      "System.Runtime.Caching": {
        "type": "Transitive",
        "resolved": "4.7.0",
        "contentHash": "NdvNRjTPxYvIEhXQszT9L9vJhdQoX6AQ0AlhjTU+5NqFQVuacJTfhPVAvtGWNA2OJCqRiR/okBcZgMwI6MqcZg==",
        "dependencies": {
          "System.Configuration.ConfigurationManager": "4.7.0"
        }
      },
      "System.Runtime.CompilerServices.Unsafe": {
        "type": "Transitive",
        "resolved": "6.0.0",
        "contentHash": "/iUeP3tq1S0XdNNoMz5C9twLSrM/TH+qElHkXWaPvuNOt+99G75NrV0OS2EqHx5wMN7popYjpc8oTjC1y16DLg=="
      },
      "System.Security.AccessControl": {
        "type": "Transitive",
        "resolved": "4.7.0",
        "contentHash": "JECvTt5aFF3WT3gHpfofL2MNNP6v84sxtXxpqhLBCcDRzqsPBmHhQ6shv4DwwN2tRlzsUxtb3G9M3763rbXKDg==",
        "dependencies": {
          "Microsoft.NETCore.Platforms": "3.1.0",
          "System.Security.Principal.Windows": "4.7.0"
        }
      },
      "System.Security.Cryptography.Cng": {
        "type": "Transitive",
        "resolved": "4.5.0",
        "contentHash": "WG3r7EyjUe9CMPFSs6bty5doUqT+q9pbI80hlNzo2SkPkZ4VTuZkGWjpp77JB8+uaL4DFPRdBsAY+DX3dBK92A=="
      },
      "System.Security.Cryptography.ProtectedData": {
        "type": "Transitive",
        "resolved": "4.7.0",
        "contentHash": "ehYW0m9ptxpGWvE4zgqongBVWpSDU/JCFD4K7krxkQwSz/sFQjEXCUqpvencjy6DYDbn7Ig09R8GFffu8TtneQ=="
      },
      "System.Security.Permissions": {
        "type": "Transitive",
        "resolved": "4.7.0",
        "contentHash": "dkOV6YYVBnYRa15/yv004eCGRBVADXw8qRbbNiCn/XpdJSUXkkUeIvdvFHkvnko4CdKMqG8yRHC4ox83LSlMsQ==",
        "dependencies": {
          "System.Security.AccessControl": "4.7.0",
          "System.Windows.Extensions": "4.7.0"
        }
      },
      "System.Security.Principal.Windows": {
        "type": "Transitive",
        "resolved": "4.7.0",
        "contentHash": "ojD0PX0XhneCsUbAZVKdb7h/70vyYMDYs85lwEI+LngEONe/17A0cFaRFqZU+sOEidcVswYWikYOQ9PPfjlbtQ=="
      },
      "System.Text.Encoding.CodePages": {
        "type": "Transitive",
        "resolved": "4.7.0",
        "contentHash": "aeu4FlaUTemuT1qOd1MyU4T516QR4Fy+9yDbwWMPHOHy7U8FD6SgTzdZFO7gHcfAPHtECqInbwklVvUK4RHcNg==",
        "dependencies": {
          "Microsoft.NETCore.Platforms": "3.1.0"
        }
      },
      "System.Text.Encodings.Web": {
        "type": "Transitive",
        "resolved": "6.0.0",
        "contentHash": "Vg8eB5Tawm1IFqj4TVK1czJX89rhFxJo9ELqc/Eiq0eXy13RK00eubyU6TJE6y+GQXjyV5gSfiewDUZjQgSE0w==",
        "dependencies": {
          "System.Runtime.CompilerServices.Unsafe": "6.0.0"
        }
      },
      "System.Text.Json": {
        "type": "Transitive",
        "resolved": "6.0.0",
        "contentHash": "zaJsHfESQvJ11vbXnNlkrR46IaMULk/gHxYsJphzSF+07kTjPHv+Oc14w6QEOfo3Q4hqLJgStUaYB9DBl0TmWg==",
        "dependencies": {
          "System.Runtime.CompilerServices.Unsafe": "6.0.0",
          "System.Text.Encodings.Web": "6.0.0"
        }
      },
      "System.Threading.Tasks.Extensions": {
        "type": "Transitive",
        "resolved": "4.5.2",
        "contentHash": "BG/TNxDFv0svAzx8OiMXDlsHfGw623BZ8tCXw4YLhDFDvDhNUEV58jKYMGRnkbJNm7c3JNNJDiN7JBMzxRBR2w=="
      },
      "System.Windows.Extensions": {
        "type": "Transitive",
        "resolved": "4.7.0",
        "contentHash": "CeWTdRNfRaSh0pm2gDTJFwVaXfTq6Xwv/sA887iwPTneW7oMtMlpvDIO+U60+3GWTB7Aom6oQwv5VZVUhQRdPQ==",
        "dependencies": {
          "System.Drawing.Common": "4.7.0"
        }
      }
    }
  }
}