
Microsoft Visual Studio Solution File, Format Version 12.00
# Visual Studio Version 16
VisualStudioVersion = 16.0.30803.129
MinimumVisualStudioVersion = 10.0.40219.1
Project("{FAE04EC0-301F-11D3-BF4B-00C04F79EFBC}") = "XamAppSync.Android", "XamAppSync\XamAppSync.Android\XamAppSync.Android.csproj", "{9285C7E9-4B53-47B6-AB8F-3770227CE52E}"
EndProject
Project("{FAE04EC0-301F-11D3-BF4B-00C04F79EFBC}") = "XamAppSync", "XamAppSync\XamAppSync\XamAppSync.csproj", "{D676CB27-01F2-4C68-B76A-A20003A4DF8E}"
EndProject
Project("{FAE04EC0-301F-11D3-BF4B-00C04F79EFBC}") = "XamAppServer", "XamAppServer\XamAppServer.csproj", "{686BB665-DC6F-4837-8410-9BAF83DB4010}"
EndProject
Global
	GlobalSection(SolutionConfigurationPlatforms) = preSolution
		Debug|Any CPU = Debug|Any CPU
		Release|Any CPU = Release|Any CPU
	EndGlobalSection
	GlobalSection(ProjectConfigurationPlatforms) = postSolution
		{9285C7E9-4B53-47B6-AB8F-3770227CE52E}.Debug|Any CPU.ActiveCfg = Debug|Any CPU
		{9285C7E9-4B53-47B6-AB8F-3770227CE52E}.Debug|Any CPU.Build.0 = Debug|Any CPU
		{9285C7E9-4B53-47B6-AB8F-3770227CE52E}.Debug|Any CPU.Deploy.0 = Debug|Any CPU
		{9285C7E9-4B53-47B6-AB8F-3770227CE52E}.Release|Any CPU.ActiveCfg = Release|Any CPU
		{9285C7E9-4B53-47B6-AB8F-3770227CE52E}.Release|Any CPU.Build.0 = Release|Any CPU
		{9285C7E9-4B53-47B6-AB8F-3770227CE52E}.Release|Any CPU.Deploy.0 = Release|Any CPU
		{D676CB27-01F2-4C68-B76A-A20003A4DF8E}.Debug|Any CPU.ActiveCfg = Debug|Any CPU
		{D676CB27-01F2-4C68-B76A-A20003A4DF8E}.Debug|Any CPU.Build.0 = Debug|Any CPU
		{D676CB27-01F2-4C68-B76A-A20003A4DF8E}.Debug|Any CPU.Deploy.0 = Debug|Any CPU
		{D676CB27-01F2-4C68-B76A-A20003A4DF8E}.Release|Any CPU.ActiveCfg = Release|Any CPU
		{D676CB27-01F2-4C68-B76A-A20003A4DF8E}.Release|Any CPU.Build.0 = Release|Any CPU
		{D676CB27-01F2-4C68-B76A-A20003A4DF8E}.Release|Any CPU.Deploy.0 = Release|Any CPU
		{686BB665-DC6F-4837-8410-9BAF83DB4010}.Debug|Any CPU.ActiveCfg = Debug|Any CPU
		{686BB665-DC6F-4837-8410-9BAF83DB4010}.Debug|Any CPU.Build.0 = Debug|Any CPU
		{686BB665-DC6F-4837-8410-9BAF83DB4010}.Release|Any CPU.ActiveCfg = Release|Any CPU
		{686BB665-DC6F-4837-8410-9BAF83DB4010}.Release|Any CPU.Build.0 = Release|Any CPU
	EndGlobalSection
	GlobalSection(SolutionProperties) = preSolution
		HideSolutionNode = FALSE
	EndGlobalSection
	GlobalSection(ExtensibilityGlobals) = postSolution
		SolutionGuid = {2BC0FBBC-CDAF-4AE7-A7F8-FB6B24A22ECA}
	EndGlobalSection
EndGlobal
