
Microsoft Visual Studio Solution File, Format Version 12.00
# Visual Studio 15
VisualStudioVersion = 15.0.27019.1
MinimumVisualStudioVersion = 10.0.40219.1
Project("{9A19103F-16F7-4668-BE54-9A1E7A4F7556}") = "Dotmim.Sync.Core", "Projects\Dotmim.Sync.Core\Dotmim.Sync.Core.csproj", "{C58C0E87-84B4-4DC7-A2F2-CCC2B9DAEF86}"
EndProject
Project("{9A19103F-16F7-4668-BE54-9A1E7A4F7556}") = "Dotmim.Sync.SqlServer", "Projects\Dotmim.Sync.SqlServer\Dotmim.Sync.SqlServer.csproj", "{6F38701F-1DC0-4E80-BA56-29BF5A37B768}"
EndProject
Project("{2150E333-8FDC-42A3-9474-1A3956D46DE8}") = "Tests", "Tests", "{AC37FDEF-1057-4915-806D-DC22DD68F44B}"
EndProject
Project("{9A19103F-16F7-4668-BE54-9A1E7A4F7556}") = "Dotmim.Sync.SampleConsole", "Samples\Dotmim.Sync.SampleConsole\Dotmim.Sync.SampleConsole.csproj", "{F8C90F8B-6A00-4A03-A74D-5703860EF406}"
EndProject
Project("{9A19103F-16F7-4668-BE54-9A1E7A4F7556}") = "Dotmim.Sync.Sqlite", "Projects\Dotmim.Sync.Sqlite\Dotmim.Sync.Sqlite.csproj", "{92259FC7-577B-4328-A336-3B0FD5E265E1}"
EndProject
Project("{9A19103F-16F7-4668-BE54-9A1E7A4F7556}") = "Dotmim.Sync.MySql", "Projects\Dotmim.Sync.MySql\Dotmim.Sync.MySql.csproj", "{C8DD2EBA-777F-498F-ACDA-D9966C8FD1A1}"
EndProject
Project("{9A19103F-16F7-4668-BE54-9A1E7A4F7556}") = "Dotmim.Sync.Web", "Projects\Dotmim.Sync.Web\Dotmim.Sync.Web.csproj", "{9CA146E6-110C-4657-920F-0AFFBD35A5AD}"
EndProject
Project("{9A19103F-16F7-4668-BE54-9A1E7A4F7556}") = "Dotmim.Sync.Tests", "Tests\Dotmim.Sync.Tests\Dotmim.Sync.Tests.csproj", "{3AEABB50-D3EA-428B-BF01-06CA578EDA73}"
EndProject
Project("{9A19103F-16F7-4668-BE54-9A1E7A4F7556}") = "dotnet-sync", "Projects\dotnet-sync\dotnet-sync.csproj", "{D7483F88-D0A3-41DB-B8CE-2C92600721E8}"
EndProject
Project("{FAE04EC0-301F-11D3-BF4B-00C04F79EFBC}") = "UWPSyncSample", "Samples\Dotmim.Sync.SampleUWP\UWPSyncSample\UWPSyncSample\UWPSyncSample.csproj", "{CE2ACCDA-3BD4-41B3-B36F-AD62BCB5C55F}"
EndProject
Project("{2150E333-8FDC-42A3-9474-1A3956D46DE8}") = "Samples", "Samples", "{437F3541-AAFA-4369-953E-4643660EEBC4}"
EndProject
Project("{9A19103F-16F7-4668-BE54-9A1E7A4F7556}") = "UWPSyncSampleWebServer", "Samples\Dotmim.Sync.SampleUWP\UWPSyncSample\UWPSyncSampleWebServer\UWPSyncSampleWebServer.csproj", "{E623BBA6-322B-4968-8DA2-A1DDD49C709F}"
EndProject
Global
	GlobalSection(SolutionConfigurationPlatforms) = preSolution
		Debug|Any CPU = Debug|Any CPU
		Debug|ARM = Debug|ARM
		Debug|x64 = Debug|x64
		Debug|x86 = Debug|x86
		Release|Any CPU = Release|Any CPU
		Release|ARM = Release|ARM
		Release|x64 = Release|x64
		Release|x86 = Release|x86
	EndGlobalSection
	GlobalSection(ProjectConfigurationPlatforms) = postSolution
		{C58C0E87-84B4-4DC7-A2F2-CCC2B9DAEF86}.Debug|Any CPU.ActiveCfg = Debug|Any CPU
		{C58C0E87-84B4-4DC7-A2F2-CCC2B9DAEF86}.Debug|Any CPU.Build.0 = Debug|Any CPU
		{C58C0E87-84B4-4DC7-A2F2-CCC2B9DAEF86}.Debug|ARM.ActiveCfg = Debug|Any CPU
		{C58C0E87-84B4-4DC7-A2F2-CCC2B9DAEF86}.Debug|ARM.Build.0 = Debug|Any CPU
		{C58C0E87-84B4-4DC7-A2F2-CCC2B9DAEF86}.Debug|x64.ActiveCfg = Debug|Any CPU
		{C58C0E87-84B4-4DC7-A2F2-CCC2B9DAEF86}.Debug|x64.Build.0 = Debug|Any CPU
		{C58C0E87-84B4-4DC7-A2F2-CCC2B9DAEF86}.Debug|x86.ActiveCfg = Debug|Any CPU
		{C58C0E87-84B4-4DC7-A2F2-CCC2B9DAEF86}.Debug|x86.Build.0 = Debug|Any CPU
		{C58C0E87-84B4-4DC7-A2F2-CCC2B9DAEF86}.Release|Any CPU.ActiveCfg = Release|Any CPU
		{C58C0E87-84B4-4DC7-A2F2-CCC2B9DAEF86}.Release|Any CPU.Build.0 = Release|Any CPU
		{C58C0E87-84B4-4DC7-A2F2-CCC2B9DAEF86}.Release|ARM.ActiveCfg = Release|Any CPU
		{C58C0E87-84B4-4DC7-A2F2-CCC2B9DAEF86}.Release|ARM.Build.0 = Release|Any CPU
		{C58C0E87-84B4-4DC7-A2F2-CCC2B9DAEF86}.Release|x64.ActiveCfg = Release|Any CPU
		{C58C0E87-84B4-4DC7-A2F2-CCC2B9DAEF86}.Release|x64.Build.0 = Release|Any CPU
		{C58C0E87-84B4-4DC7-A2F2-CCC2B9DAEF86}.Release|x86.ActiveCfg = Release|Any CPU
		{C58C0E87-84B4-4DC7-A2F2-CCC2B9DAEF86}.Release|x86.Build.0 = Release|Any CPU
		{6F38701F-1DC0-4E80-BA56-29BF5A37B768}.Debug|Any CPU.ActiveCfg = Debug|Any CPU
		{6F38701F-1DC0-4E80-BA56-29BF5A37B768}.Debug|Any CPU.Build.0 = Debug|Any CPU
		{6F38701F-1DC0-4E80-BA56-29BF5A37B768}.Debug|ARM.ActiveCfg = Debug|Any CPU
		{6F38701F-1DC0-4E80-BA56-29BF5A37B768}.Debug|ARM.Build.0 = Debug|Any CPU
		{6F38701F-1DC0-4E80-BA56-29BF5A37B768}.Debug|x64.ActiveCfg = Debug|Any CPU
		{6F38701F-1DC0-4E80-BA56-29BF5A37B768}.Debug|x64.Build.0 = Debug|Any CPU
		{6F38701F-1DC0-4E80-BA56-29BF5A37B768}.Debug|x86.ActiveCfg = Debug|Any CPU
		{6F38701F-1DC0-4E80-BA56-29BF5A37B768}.Debug|x86.Build.0 = Debug|Any CPU
		{6F38701F-1DC0-4E80-BA56-29BF5A37B768}.Release|Any CPU.ActiveCfg = Release|Any CPU
		{6F38701F-1DC0-4E80-BA56-29BF5A37B768}.Release|Any CPU.Build.0 = Release|Any CPU
		{6F38701F-1DC0-4E80-BA56-29BF5A37B768}.Release|ARM.ActiveCfg = Release|Any CPU
		{6F38701F-1DC0-4E80-BA56-29BF5A37B768}.Release|ARM.Build.0 = Release|Any CPU
		{6F38701F-1DC0-4E80-BA56-29BF5A37B768}.Release|x64.ActiveCfg = Release|Any CPU
		{6F38701F-1DC0-4E80-BA56-29BF5A37B768}.Release|x64.Build.0 = Release|Any CPU
		{6F38701F-1DC0-4E80-BA56-29BF5A37B768}.Release|x86.ActiveCfg = Release|Any CPU
		{6F38701F-1DC0-4E80-BA56-29BF5A37B768}.Release|x86.Build.0 = Release|Any CPU
		{F8C90F8B-6A00-4A03-A74D-5703860EF406}.Debug|Any CPU.ActiveCfg = Debug|Any CPU
		{F8C90F8B-6A00-4A03-A74D-5703860EF406}.Debug|Any CPU.Build.0 = Debug|Any CPU
		{F8C90F8B-6A00-4A03-A74D-5703860EF406}.Debug|ARM.ActiveCfg = Debug|Any CPU
		{F8C90F8B-6A00-4A03-A74D-5703860EF406}.Debug|ARM.Build.0 = Debug|Any CPU
		{F8C90F8B-6A00-4A03-A74D-5703860EF406}.Debug|x64.ActiveCfg = Debug|Any CPU
		{F8C90F8B-6A00-4A03-A74D-5703860EF406}.Debug|x64.Build.0 = Debug|Any CPU
		{F8C90F8B-6A00-4A03-A74D-5703860EF406}.Debug|x86.ActiveCfg = Debug|Any CPU
		{F8C90F8B-6A00-4A03-A74D-5703860EF406}.Debug|x86.Build.0 = Debug|Any CPU
		{F8C90F8B-6A00-4A03-A74D-5703860EF406}.Release|Any CPU.ActiveCfg = Release|Any CPU
		{F8C90F8B-6A00-4A03-A74D-5703860EF406}.Release|Any CPU.Build.0 = Release|Any CPU
		{F8C90F8B-6A00-4A03-A74D-5703860EF406}.Release|ARM.ActiveCfg = Release|Any CPU
		{F8C90F8B-6A00-4A03-A74D-5703860EF406}.Release|ARM.Build.0 = Release|Any CPU
		{F8C90F8B-6A00-4A03-A74D-5703860EF406}.Release|x64.ActiveCfg = Release|Any CPU
		{F8C90F8B-6A00-4A03-A74D-5703860EF406}.Release|x64.Build.0 = Release|Any CPU
		{F8C90F8B-6A00-4A03-A74D-5703860EF406}.Release|x86.ActiveCfg = Release|Any CPU
		{F8C90F8B-6A00-4A03-A74D-5703860EF406}.Release|x86.Build.0 = Release|Any CPU
		{92259FC7-577B-4328-A336-3B0FD5E265E1}.Debug|Any CPU.ActiveCfg = Debug|Any CPU
		{92259FC7-577B-4328-A336-3B0FD5E265E1}.Debug|Any CPU.Build.0 = Debug|Any CPU
		{92259FC7-577B-4328-A336-3B0FD5E265E1}.Debug|ARM.ActiveCfg = Debug|Any CPU
		{92259FC7-577B-4328-A336-3B0FD5E265E1}.Debug|ARM.Build.0 = Debug|Any CPU
		{92259FC7-577B-4328-A336-3B0FD5E265E1}.Debug|x64.ActiveCfg = Debug|Any CPU
		{92259FC7-577B-4328-A336-3B0FD5E265E1}.Debug|x64.Build.0 = Debug|Any CPU
		{92259FC7-577B-4328-A336-3B0FD5E265E1}.Debug|x86.ActiveCfg = Debug|Any CPU
		{92259FC7-577B-4328-A336-3B0FD5E265E1}.Debug|x86.Build.0 = Debug|Any CPU
		{92259FC7-577B-4328-A336-3B0FD5E265E1}.Release|Any CPU.ActiveCfg = Release|Any CPU
		{92259FC7-577B-4328-A336-3B0FD5E265E1}.Release|Any CPU.Build.0 = Release|Any CPU
		{92259FC7-577B-4328-A336-3B0FD5E265E1}.Release|ARM.ActiveCfg = Release|Any CPU
		{92259FC7-577B-4328-A336-3B0FD5E265E1}.Release|ARM.Build.0 = Release|Any CPU
		{92259FC7-577B-4328-A336-3B0FD5E265E1}.Release|x64.ActiveCfg = Release|Any CPU
		{92259FC7-577B-4328-A336-3B0FD5E265E1}.Release|x64.Build.0 = Release|Any CPU
		{92259FC7-577B-4328-A336-3B0FD5E265E1}.Release|x86.ActiveCfg = Release|Any CPU
		{92259FC7-577B-4328-A336-3B0FD5E265E1}.Release|x86.Build.0 = Release|Any CPU
		{C8DD2EBA-777F-498F-ACDA-D9966C8FD1A1}.Debug|Any CPU.ActiveCfg = Debug|Any CPU
		{C8DD2EBA-777F-498F-ACDA-D9966C8FD1A1}.Debug|Any CPU.Build.0 = Debug|Any CPU
		{C8DD2EBA-777F-498F-ACDA-D9966C8FD1A1}.Debug|ARM.ActiveCfg = Debug|Any CPU
		{C8DD2EBA-777F-498F-ACDA-D9966C8FD1A1}.Debug|ARM.Build.0 = Debug|Any CPU
		{C8DD2EBA-777F-498F-ACDA-D9966C8FD1A1}.Debug|x64.ActiveCfg = Debug|Any CPU
		{C8DD2EBA-777F-498F-ACDA-D9966C8FD1A1}.Debug|x64.Build.0 = Debug|Any CPU
		{C8DD2EBA-777F-498F-ACDA-D9966C8FD1A1}.Debug|x86.ActiveCfg = Debug|Any CPU
		{C8DD2EBA-777F-498F-ACDA-D9966C8FD1A1}.Debug|x86.Build.0 = Debug|Any CPU
		{C8DD2EBA-777F-498F-ACDA-D9966C8FD1A1}.Release|Any CPU.ActiveCfg = Release|Any CPU
		{C8DD2EBA-777F-498F-ACDA-D9966C8FD1A1}.Release|Any CPU.Build.0 = Release|Any CPU
		{C8DD2EBA-777F-498F-ACDA-D9966C8FD1A1}.Release|ARM.ActiveCfg = Release|Any CPU
		{C8DD2EBA-777F-498F-ACDA-D9966C8FD1A1}.Release|ARM.Build.0 = Release|Any CPU
		{C8DD2EBA-777F-498F-ACDA-D9966C8FD1A1}.Release|x64.ActiveCfg = Release|Any CPU
		{C8DD2EBA-777F-498F-ACDA-D9966C8FD1A1}.Release|x64.Build.0 = Release|Any CPU
		{C8DD2EBA-777F-498F-ACDA-D9966C8FD1A1}.Release|x86.ActiveCfg = Release|Any CPU
		{C8DD2EBA-777F-498F-ACDA-D9966C8FD1A1}.Release|x86.Build.0 = Release|Any CPU
		{9CA146E6-110C-4657-920F-0AFFBD35A5AD}.Debug|Any CPU.ActiveCfg = Debug|Any CPU
		{9CA146E6-110C-4657-920F-0AFFBD35A5AD}.Debug|Any CPU.Build.0 = Debug|Any CPU
		{9CA146E6-110C-4657-920F-0AFFBD35A5AD}.Debug|ARM.ActiveCfg = Debug|Any CPU
		{9CA146E6-110C-4657-920F-0AFFBD35A5AD}.Debug|ARM.Build.0 = Debug|Any CPU
		{9CA146E6-110C-4657-920F-0AFFBD35A5AD}.Debug|x64.ActiveCfg = Debug|Any CPU
		{9CA146E6-110C-4657-920F-0AFFBD35A5AD}.Debug|x64.Build.0 = Debug|Any CPU
		{9CA146E6-110C-4657-920F-0AFFBD35A5AD}.Debug|x86.ActiveCfg = Debug|Any CPU
		{9CA146E6-110C-4657-920F-0AFFBD35A5AD}.Debug|x86.Build.0 = Debug|Any CPU
		{9CA146E6-110C-4657-920F-0AFFBD35A5AD}.Release|Any CPU.ActiveCfg = Release|Any CPU
		{9CA146E6-110C-4657-920F-0AFFBD35A5AD}.Release|Any CPU.Build.0 = Release|Any CPU
		{9CA146E6-110C-4657-920F-0AFFBD35A5AD}.Release|ARM.ActiveCfg = Release|Any CPU
		{9CA146E6-110C-4657-920F-0AFFBD35A5AD}.Release|ARM.Build.0 = Release|Any CPU
		{9CA146E6-110C-4657-920F-0AFFBD35A5AD}.Release|x64.ActiveCfg = Release|Any CPU
		{9CA146E6-110C-4657-920F-0AFFBD35A5AD}.Release|x64.Build.0 = Release|Any CPU
		{9CA146E6-110C-4657-920F-0AFFBD35A5AD}.Release|x86.ActiveCfg = Release|Any CPU
		{9CA146E6-110C-4657-920F-0AFFBD35A5AD}.Release|x86.Build.0 = Release|Any CPU
		{3AEABB50-D3EA-428B-BF01-06CA578EDA73}.Debug|Any CPU.ActiveCfg = Debug|Any CPU
		{3AEABB50-D3EA-428B-BF01-06CA578EDA73}.Debug|Any CPU.Build.0 = Debug|Any CPU
		{3AEABB50-D3EA-428B-BF01-06CA578EDA73}.Debug|ARM.ActiveCfg = Debug|Any CPU
		{3AEABB50-D3EA-428B-BF01-06CA578EDA73}.Debug|ARM.Build.0 = Debug|Any CPU
		{3AEABB50-D3EA-428B-BF01-06CA578EDA73}.Debug|x64.ActiveCfg = Debug|Any CPU
		{3AEABB50-D3EA-428B-BF01-06CA578EDA73}.Debug|x64.Build.0 = Debug|Any CPU
		{3AEABB50-D3EA-428B-BF01-06CA578EDA73}.Debug|x86.ActiveCfg = Debug|Any CPU
		{3AEABB50-D3EA-428B-BF01-06CA578EDA73}.Debug|x86.Build.0 = Debug|Any CPU
		{3AEABB50-D3EA-428B-BF01-06CA578EDA73}.Release|Any CPU.ActiveCfg = Release|Any CPU
		{3AEABB50-D3EA-428B-BF01-06CA578EDA73}.Release|Any CPU.Build.0 = Release|Any CPU
		{3AEABB50-D3EA-428B-BF01-06CA578EDA73}.Release|ARM.ActiveCfg = Release|Any CPU
		{3AEABB50-D3EA-428B-BF01-06CA578EDA73}.Release|ARM.Build.0 = Release|Any CPU
		{3AEABB50-D3EA-428B-BF01-06CA578EDA73}.Release|x64.ActiveCfg = Release|Any CPU
		{3AEABB50-D3EA-428B-BF01-06CA578EDA73}.Release|x64.Build.0 = Release|Any CPU
		{3AEABB50-D3EA-428B-BF01-06CA578EDA73}.Release|x86.ActiveCfg = Release|Any CPU
		{3AEABB50-D3EA-428B-BF01-06CA578EDA73}.Release|x86.Build.0 = Release|Any CPU
		{D7483F88-D0A3-41DB-B8CE-2C92600721E8}.Debug|Any CPU.ActiveCfg = Debug|Any CPU
		{D7483F88-D0A3-41DB-B8CE-2C92600721E8}.Debug|Any CPU.Build.0 = Debug|Any CPU
		{D7483F88-D0A3-41DB-B8CE-2C92600721E8}.Debug|ARM.ActiveCfg = Debug|Any CPU
		{D7483F88-D0A3-41DB-B8CE-2C92600721E8}.Debug|ARM.Build.0 = Debug|Any CPU
		{D7483F88-D0A3-41DB-B8CE-2C92600721E8}.Debug|x64.ActiveCfg = Debug|Any CPU
		{D7483F88-D0A3-41DB-B8CE-2C92600721E8}.Debug|x64.Build.0 = Debug|Any CPU
		{D7483F88-D0A3-41DB-B8CE-2C92600721E8}.Debug|x86.ActiveCfg = Debug|Any CPU
		{D7483F88-D0A3-41DB-B8CE-2C92600721E8}.Debug|x86.Build.0 = Debug|Any CPU
		{D7483F88-D0A3-41DB-B8CE-2C92600721E8}.Release|Any CPU.ActiveCfg = Release|Any CPU
		{D7483F88-D0A3-41DB-B8CE-2C92600721E8}.Release|Any CPU.Build.0 = Release|Any CPU
		{D7483F88-D0A3-41DB-B8CE-2C92600721E8}.Release|ARM.ActiveCfg = Release|Any CPU
		{D7483F88-D0A3-41DB-B8CE-2C92600721E8}.Release|ARM.Build.0 = Release|Any CPU
		{D7483F88-D0A3-41DB-B8CE-2C92600721E8}.Release|x64.ActiveCfg = Release|Any CPU
		{D7483F88-D0A3-41DB-B8CE-2C92600721E8}.Release|x64.Build.0 = Release|Any CPU
		{D7483F88-D0A3-41DB-B8CE-2C92600721E8}.Release|x86.ActiveCfg = Release|Any CPU
		{D7483F88-D0A3-41DB-B8CE-2C92600721E8}.Release|x86.Build.0 = Release|Any CPU
		{CE2ACCDA-3BD4-41B3-B36F-AD62BCB5C55F}.Debug|Any CPU.ActiveCfg = Debug|x86
		{CE2ACCDA-3BD4-41B3-B36F-AD62BCB5C55F}.Debug|Any CPU.Build.0 = Debug|x86
		{CE2ACCDA-3BD4-41B3-B36F-AD62BCB5C55F}.Debug|Any CPU.Deploy.0 = Debug|x86
		{CE2ACCDA-3BD4-41B3-B36F-AD62BCB5C55F}.Debug|ARM.ActiveCfg = Debug|ARM
		{CE2ACCDA-3BD4-41B3-B36F-AD62BCB5C55F}.Debug|ARM.Build.0 = Debug|ARM
		{CE2ACCDA-3BD4-41B3-B36F-AD62BCB5C55F}.Debug|ARM.Deploy.0 = Debug|ARM
		{CE2ACCDA-3BD4-41B3-B36F-AD62BCB5C55F}.Debug|x64.ActiveCfg = Debug|x64
		{CE2ACCDA-3BD4-41B3-B36F-AD62BCB5C55F}.Debug|x64.Build.0 = Debug|x64
		{CE2ACCDA-3BD4-41B3-B36F-AD62BCB5C55F}.Debug|x64.Deploy.0 = Debug|x64
		{CE2ACCDA-3BD4-41B3-B36F-AD62BCB5C55F}.Debug|x86.ActiveCfg = Debug|x86
		{CE2ACCDA-3BD4-41B3-B36F-AD62BCB5C55F}.Debug|x86.Build.0 = Debug|x86
		{CE2ACCDA-3BD4-41B3-B36F-AD62BCB5C55F}.Debug|x86.Deploy.0 = Debug|x86
		{CE2ACCDA-3BD4-41B3-B36F-AD62BCB5C55F}.Release|Any CPU.ActiveCfg = Release|x86
		{CE2ACCDA-3BD4-41B3-B36F-AD62BCB5C55F}.Release|ARM.ActiveCfg = Release|ARM
		{CE2ACCDA-3BD4-41B3-B36F-AD62BCB5C55F}.Release|ARM.Build.0 = Release|ARM
		{CE2ACCDA-3BD4-41B3-B36F-AD62BCB5C55F}.Release|ARM.Deploy.0 = Release|ARM
		{CE2ACCDA-3BD4-41B3-B36F-AD62BCB5C55F}.Release|x64.ActiveCfg = Release|x64
		{CE2ACCDA-3BD4-41B3-B36F-AD62BCB5C55F}.Release|x64.Build.0 = Release|x64
		{CE2ACCDA-3BD4-41B3-B36F-AD62BCB5C55F}.Release|x64.Deploy.0 = Release|x64
		{CE2ACCDA-3BD4-41B3-B36F-AD62BCB5C55F}.Release|x86.ActiveCfg = Release|x86
		{CE2ACCDA-3BD4-41B3-B36F-AD62BCB5C55F}.Release|x86.Build.0 = Release|x86
		{CE2ACCDA-3BD4-41B3-B36F-AD62BCB5C55F}.Release|x86.Deploy.0 = Release|x86
		{E623BBA6-322B-4968-8DA2-A1DDD49C709F}.Debug|Any CPU.ActiveCfg = Debug|Any CPU
		{E623BBA6-322B-4968-8DA2-A1DDD49C709F}.Debug|Any CPU.Build.0 = Debug|Any CPU
		{E623BBA6-322B-4968-8DA2-A1DDD49C709F}.Debug|ARM.ActiveCfg = Debug|Any CPU
		{E623BBA6-322B-4968-8DA2-A1DDD49C709F}.Debug|ARM.Build.0 = Debug|Any CPU
		{E623BBA6-322B-4968-8DA2-A1DDD49C709F}.Debug|x64.ActiveCfg = Debug|Any CPU
		{E623BBA6-322B-4968-8DA2-A1DDD49C709F}.Debug|x64.Build.0 = Debug|Any CPU
		{E623BBA6-322B-4968-8DA2-A1DDD49C709F}.Debug|x86.ActiveCfg = Debug|Any CPU
		{E623BBA6-322B-4968-8DA2-A1DDD49C709F}.Debug|x86.Build.0 = Debug|Any CPU
		{E623BBA6-322B-4968-8DA2-A1DDD49C709F}.Release|Any CPU.ActiveCfg = Release|Any CPU
		{E623BBA6-322B-4968-8DA2-A1DDD49C709F}.Release|Any CPU.Build.0 = Release|Any CPU
		{E623BBA6-322B-4968-8DA2-A1DDD49C709F}.Release|ARM.ActiveCfg = Release|Any CPU
		{E623BBA6-322B-4968-8DA2-A1DDD49C709F}.Release|ARM.Build.0 = Release|Any CPU
		{E623BBA6-322B-4968-8DA2-A1DDD49C709F}.Release|x64.ActiveCfg = Release|Any CPU
		{E623BBA6-322B-4968-8DA2-A1DDD49C709F}.Release|x64.Build.0 = Release|Any CPU
		{E623BBA6-322B-4968-8DA2-A1DDD49C709F}.Release|x86.ActiveCfg = Release|Any CPU
		{E623BBA6-322B-4968-8DA2-A1DDD49C709F}.Release|x86.Build.0 = Release|Any CPU
	EndGlobalSection
	GlobalSection(SolutionProperties) = preSolution
		HideSolutionNode = FALSE
	EndGlobalSection
	GlobalSection(NestedProjects) = preSolution
		{F8C90F8B-6A00-4A03-A74D-5703860EF406} = {437F3541-AAFA-4369-953E-4643660EEBC4}
		{3AEABB50-D3EA-428B-BF01-06CA578EDA73} = {AC37FDEF-1057-4915-806D-DC22DD68F44B}
		{CE2ACCDA-3BD4-41B3-B36F-AD62BCB5C55F} = {437F3541-AAFA-4369-953E-4643660EEBC4}
		{E623BBA6-322B-4968-8DA2-A1DDD49C709F} = {437F3541-AAFA-4369-953E-4643660EEBC4}
	EndGlobalSection
	GlobalSection(ExtensibilityGlobals) = postSolution
		BuildVersion_StartDate = 2000/1/1
		SolutionGuid = {348020ED-748B-4CC8-AA1D-9F7D36E2AC12}
	EndGlobalSection
	GlobalSection(Performance) = preSolution
		HasPerformanceSessions = true
	EndGlobalSection
	GlobalSection(Performance) = preSolution
		HasPerformanceSessions = true
	EndGlobalSection
EndGlobal
