
Microsoft Visual Studio Solution File, Format Version 12.00
# Visual Studio Version 16
VisualStudioVersion = 16.0.28407.52
MinimumVisualStudioVersion = 10.0.40219.1
Project("{9A19103F-16F7-4668-BE54-9A1E7A4F7556}") = "Dotmim.Sync.Core", "Projects\Dotmim.Sync.Core\Dotmim.Sync.Core.csproj", "{C58C0E87-84B4-4DC7-A2F2-CCC2B9DAEF86}"
EndProject
Project("{9A19103F-16F7-4668-BE54-9A1E7A4F7556}") = "Dotmim.Sync.SqlServer", "Projects\Dotmim.Sync.SqlServer\Dotmim.Sync.SqlServer.csproj", "{6F38701F-1DC0-4E80-BA56-29BF5A37B768}"
EndProject
Project("{2150E333-8FDC-42A3-9474-1A3956D46DE8}") = "Tests", "Tests", "{AC37FDEF-1057-4915-806D-DC22DD68F44B}"
EndProject
Project("{9A19103F-16F7-4668-BE54-9A1E7A4F7556}") = "Dotmim.Sync.Sqlite", "Projects\Dotmim.Sync.Sqlite\Dotmim.Sync.Sqlite.csproj", "{92259FC7-577B-4328-A336-3B0FD5E265E1}"
EndProject
Project("{9A19103F-16F7-4668-BE54-9A1E7A4F7556}") = "Dotmim.Sync.MySql", "Projects\Dotmim.Sync.MySql\Dotmim.Sync.MySql.csproj", "{C8DD2EBA-777F-498F-ACDA-D9966C8FD1A1}"
EndProject
Project("{9A19103F-16F7-4668-BE54-9A1E7A4F7556}") = "Dotmim.Sync.Tests", "Tests\Dotmim.Sync.Tests\Dotmim.Sync.Tests.csproj", "{3AEABB50-D3EA-428B-BF01-06CA578EDA73}"
EndProject
Project("{9A19103F-16F7-4668-BE54-9A1E7A4F7556}") = "dotnet-sync", "Projects\dotnet-sync\dotnet-sync.csproj", "{D7483F88-D0A3-41DB-B8CE-2C92600721E8}"
EndProject
Project("{9A19103F-16F7-4668-BE54-9A1E7A4F7556}") = "Dotmim.Sync.Web.Server", "Projects\Dotmim.Sync.Web.Server\Dotmim.Sync.Web.Server.csproj", "{48DBC5C6-B339-411C-870E-76F2489120C1}"
EndProject
Project("{9A19103F-16F7-4668-BE54-9A1E7A4F7556}") = "Dotmim.Sync.Web.Client", "Projects\Dotmim.Sync.Web.Client\Dotmim.Sync.Web.Client.csproj", "{270D05BA-80DB-4C45-A19B-75309EB6B839}"
EndProject
Project("{9A19103F-16F7-4668-BE54-9A1E7A4F7556}") = "Dotmim.Sync.SampleConsole", "Samples\Dotmim.Sync.SampleConsole\Dotmim.Sync.SampleConsole.csproj", "{79BA3E42-9D2A-4A08-B40C-5309AE6F8ED5}"
EndProject
Project("{9A19103F-16F7-4668-BE54-9A1E7A4F7556}") = "Dotmim.Sync.SampleWebServer", "Samples\Dotmim.Sync.SampleWebServer\Dotmim.Sync.SampleWebServer.csproj", "{5D23F616-DBAD-40EC-B588-2925C96DB9A0}"
EndProject
Project("{2150E333-8FDC-42A3-9474-1A3956D46DE8}") = "Samples", "Samples", "{2E7CD7E6-8D9F-47E0-B5E3-4CF58C85F273}"
EndProject
Global
	GlobalSection(SolutionConfigurationPlatforms) = preSolution
		Debug|Any CPU = Debug|Any CPU
		Debug|ARM = Debug|ARM
		Debug|x64 = Debug|x64
		Debug|x86 = Debug|x86
		Release|Any CPU = Release|Any CPU
		Release|ARM = Release|ARM
		Release|x64 = Release|x64
		Release|x86 = Release|x86
	EndGlobalSection
	GlobalSection(ProjectConfigurationPlatforms) = postSolution
		{C58C0E87-84B4-4DC7-A2F2-CCC2B9DAEF86}.Debug|Any CPU.ActiveCfg = Debug|Any CPU
		{C58C0E87-84B4-4DC7-A2F2-CCC2B9DAEF86}.Debug|Any CPU.Build.0 = Debug|Any CPU
		{C58C0E87-84B4-4DC7-A2F2-CCC2B9DAEF86}.Debug|ARM.ActiveCfg = Debug|Any CPU
		{C58C0E87-84B4-4DC7-A2F2-CCC2B9DAEF86}.Debug|ARM.Build.0 = Debug|Any CPU
		{C58C0E87-84B4-4DC7-A2F2-CCC2B9DAEF86}.Debug|x64.ActiveCfg = Debug|Any CPU
		{C58C0E87-84B4-4DC7-A2F2-CCC2B9DAEF86}.Debug|x64.Build.0 = Debug|Any CPU
		{C58C0E87-84B4-4DC7-A2F2-CCC2B9DAEF86}.Debug|x86.ActiveCfg = Debug|Any CPU
		{C58C0E87-84B4-4DC7-A2F2-CCC2B9DAEF86}.Debug|x86.Build.0 = Debug|Any CPU
		{C58C0E87-84B4-4DC7-A2F2-CCC2B9DAEF86}.Release|Any CPU.ActiveCfg = Release|Any CPU
		{C58C0E87-84B4-4DC7-A2F2-CCC2B9DAEF86}.Release|Any CPU.Build.0 = Release|Any CPU
		{C58C0E87-84B4-4DC7-A2F2-CCC2B9DAEF86}.Release|ARM.ActiveCfg = Release|Any CPU
		{C58C0E87-84B4-4DC7-A2F2-CCC2B9DAEF86}.Release|ARM.Build.0 = Release|Any CPU
		{C58C0E87-84B4-4DC7-A2F2-CCC2B9DAEF86}.Release|x64.ActiveCfg = Release|Any CPU
		{C58C0E87-84B4-4DC7-A2F2-CCC2B9DAEF86}.Release|x64.Build.0 = Release|Any CPU
		{C58C0E87-84B4-4DC7-A2F2-CCC2B9DAEF86}.Release|x86.ActiveCfg = Release|Any CPU
		{C58C0E87-84B4-4DC7-A2F2-CCC2B9DAEF86}.Release|x86.Build.0 = Release|Any CPU
		{6F38701F-1DC0-4E80-BA56-29BF5A37B768}.Debug|Any CPU.ActiveCfg = Debug|Any CPU
		{6F38701F-1DC0-4E80-BA56-29BF5A37B768}.Debug|Any CPU.Build.0 = Debug|Any CPU
		{6F38701F-1DC0-4E80-BA56-29BF5A37B768}.Debug|ARM.ActiveCfg = Debug|Any CPU
		{6F38701F-1DC0-4E80-BA56-29BF5A37B768}.Debug|ARM.Build.0 = Debug|Any CPU
		{6F38701F-1DC0-4E80-BA56-29BF5A37B768}.Debug|x64.ActiveCfg = Debug|Any CPU
		{6F38701F-1DC0-4E80-BA56-29BF5A37B768}.Debug|x64.Build.0 = Debug|Any CPU
		{6F38701F-1DC0-4E80-BA56-29BF5A37B768}.Debug|x86.ActiveCfg = Debug|Any CPU
		{6F38701F-1DC0-4E80-BA56-29BF5A37B768}.Debug|x86.Build.0 = Debug|Any CPU
		{6F38701F-1DC0-4E80-BA56-29BF5A37B768}.Release|Any CPU.ActiveCfg = Release|Any CPU
		{6F38701F-1DC0-4E80-BA56-29BF5A37B768}.Release|Any CPU.Build.0 = Release|Any CPU
		{6F38701F-1DC0-4E80-BA56-29BF5A37B768}.Release|ARM.ActiveCfg = Release|Any CPU
		{6F38701F-1DC0-4E80-BA56-29BF5A37B768}.Release|ARM.Build.0 = Release|Any CPU
		{6F38701F-1DC0-4E80-BA56-29BF5A37B768}.Release|x64.ActiveCfg = Release|Any CPU
		{6F38701F-1DC0-4E80-BA56-29BF5A37B768}.Release|x64.Build.0 = Release|Any CPU
		{6F38701F-1DC0-4E80-BA56-29BF5A37B768}.Release|x86.ActiveCfg = Release|Any CPU
		{6F38701F-1DC0-4E80-BA56-29BF5A37B768}.Release|x86.Build.0 = Release|Any CPU
		{92259FC7-577B-4328-A336-3B0FD5E265E1}.Debug|Any CPU.ActiveCfg = Debug|Any CPU
		{92259FC7-577B-4328-A336-3B0FD5E265E1}.Debug|Any CPU.Build.0 = Debug|Any CPU
		{92259FC7-577B-4328-A336-3B0FD5E265E1}.Debug|ARM.ActiveCfg = Debug|Any CPU
		{92259FC7-577B-4328-A336-3B0FD5E265E1}.Debug|ARM.Build.0 = Debug|Any CPU
		{92259FC7-577B-4328-A336-3B0FD5E265E1}.Debug|x64.ActiveCfg = Debug|Any CPU
		{92259FC7-577B-4328-A336-3B0FD5E265E1}.Debug|x64.Build.0 = Debug|Any CPU
		{92259FC7-577B-4328-A336-3B0FD5E265E1}.Debug|x86.ActiveCfg = Debug|Any CPU
		{92259FC7-577B-4328-A336-3B0FD5E265E1}.Debug|x86.Build.0 = Debug|Any CPU
		{92259FC7-577B-4328-A336-3B0FD5E265E1}.Release|Any CPU.ActiveCfg = Release|Any CPU
		{92259FC7-577B-4328-A336-3B0FD5E265E1}.Release|Any CPU.Build.0 = Release|Any CPU
		{92259FC7-577B-4328-A336-3B0FD5E265E1}.Release|ARM.ActiveCfg = Release|Any CPU
		{92259FC7-577B-4328-A336-3B0FD5E265E1}.Release|ARM.Build.0 = Release|Any CPU
		{92259FC7-577B-4328-A336-3B0FD5E265E1}.Release|x64.ActiveCfg = Release|Any CPU
		{92259FC7-577B-4328-A336-3B0FD5E265E1}.Release|x64.Build.0 = Release|Any CPU
		{92259FC7-577B-4328-A336-3B0FD5E265E1}.Release|x86.ActiveCfg = Release|Any CPU
		{92259FC7-577B-4328-A336-3B0FD5E265E1}.Release|x86.Build.0 = Release|Any CPU
		{C8DD2EBA-777F-498F-ACDA-D9966C8FD1A1}.Debug|Any CPU.ActiveCfg = Debug|Any CPU
		{C8DD2EBA-777F-498F-ACDA-D9966C8FD1A1}.Debug|Any CPU.Build.0 = Debug|Any CPU
		{C8DD2EBA-777F-498F-ACDA-D9966C8FD1A1}.Debug|ARM.ActiveCfg = Debug|Any CPU
		{C8DD2EBA-777F-498F-ACDA-D9966C8FD1A1}.Debug|ARM.Build.0 = Debug|Any CPU
		{C8DD2EBA-777F-498F-ACDA-D9966C8FD1A1}.Debug|x64.ActiveCfg = Debug|Any CPU
		{C8DD2EBA-777F-498F-ACDA-D9966C8FD1A1}.Debug|x64.Build.0 = Debug|Any CPU
		{C8DD2EBA-777F-498F-ACDA-D9966C8FD1A1}.Debug|x86.ActiveCfg = Debug|Any CPU
		{C8DD2EBA-777F-498F-ACDA-D9966C8FD1A1}.Debug|x86.Build.0 = Debug|Any CPU
		{C8DD2EBA-777F-498F-ACDA-D9966C8FD1A1}.Release|Any CPU.ActiveCfg = Release|Any CPU
		{C8DD2EBA-777F-498F-ACDA-D9966C8FD1A1}.Release|Any CPU.Build.0 = Release|Any CPU
		{C8DD2EBA-777F-498F-ACDA-D9966C8FD1A1}.Release|ARM.ActiveCfg = Release|Any CPU
		{C8DD2EBA-777F-498F-ACDA-D9966C8FD1A1}.Release|ARM.Build.0 = Release|Any CPU
		{C8DD2EBA-777F-498F-ACDA-D9966C8FD1A1}.Release|x64.ActiveCfg = Release|Any CPU
		{C8DD2EBA-777F-498F-ACDA-D9966C8FD1A1}.Release|x64.Build.0 = Release|Any CPU
		{C8DD2EBA-777F-498F-ACDA-D9966C8FD1A1}.Release|x86.ActiveCfg = Release|Any CPU
		{C8DD2EBA-777F-498F-ACDA-D9966C8FD1A1}.Release|x86.Build.0 = Release|Any CPU
		{3AEABB50-D3EA-428B-BF01-06CA578EDA73}.Debug|Any CPU.ActiveCfg = Debug|Any CPU
		{3AEABB50-D3EA-428B-BF01-06CA578EDA73}.Debug|Any CPU.Build.0 = Debug|Any CPU
		{3AEABB50-D3EA-428B-BF01-06CA578EDA73}.Debug|ARM.ActiveCfg = Debug|Any CPU
		{3AEABB50-D3EA-428B-BF01-06CA578EDA73}.Debug|ARM.Build.0 = Debug|Any CPU
		{3AEABB50-D3EA-428B-BF01-06CA578EDA73}.Debug|x64.ActiveCfg = Debug|Any CPU
		{3AEABB50-D3EA-428B-BF01-06CA578EDA73}.Debug|x64.Build.0 = Debug|Any CPU
		{3AEABB50-D3EA-428B-BF01-06CA578EDA73}.Debug|x86.ActiveCfg = Debug|Any CPU
		{3AEABB50-D3EA-428B-BF01-06CA578EDA73}.Debug|x86.Build.0 = Debug|Any CPU
		{3AEABB50-D3EA-428B-BF01-06CA578EDA73}.Release|Any CPU.ActiveCfg = Release|Any CPU
		{3AEABB50-D3EA-428B-BF01-06CA578EDA73}.Release|ARM.ActiveCfg = Release|Any CPU
		{3AEABB50-D3EA-428B-BF01-06CA578EDA73}.Release|ARM.Build.0 = Release|Any CPU
		{3AEABB50-D3EA-428B-BF01-06CA578EDA73}.Release|x64.ActiveCfg = Release|Any CPU
		{3AEABB50-D3EA-428B-BF01-06CA578EDA73}.Release|x64.Build.0 = Release|Any CPU
		{3AEABB50-D3EA-428B-BF01-06CA578EDA73}.Release|x86.ActiveCfg = Release|Any CPU
		{3AEABB50-D3EA-428B-BF01-06CA578EDA73}.Release|x86.Build.0 = Release|Any CPU
		{D7483F88-D0A3-41DB-B8CE-2C92600721E8}.Debug|Any CPU.ActiveCfg = Debug|Any CPU
		{D7483F88-D0A3-41DB-B8CE-2C92600721E8}.Debug|Any CPU.Build.0 = Debug|Any CPU
		{D7483F88-D0A3-41DB-B8CE-2C92600721E8}.Debug|ARM.ActiveCfg = Debug|Any CPU
		{D7483F88-D0A3-41DB-B8CE-2C92600721E8}.Debug|ARM.Build.0 = Debug|Any CPU
		{D7483F88-D0A3-41DB-B8CE-2C92600721E8}.Debug|x64.ActiveCfg = Debug|Any CPU
		{D7483F88-D0A3-41DB-B8CE-2C92600721E8}.Debug|x64.Build.0 = Debug|Any CPU
		{D7483F88-D0A3-41DB-B8CE-2C92600721E8}.Debug|x86.ActiveCfg = Debug|Any CPU
		{D7483F88-D0A3-41DB-B8CE-2C92600721E8}.Debug|x86.Build.0 = Debug|Any CPU
		{D7483F88-D0A3-41DB-B8CE-2C92600721E8}.Release|Any CPU.ActiveCfg = Release|Any CPU
		{D7483F88-D0A3-41DB-B8CE-2C92600721E8}.Release|Any CPU.Build.0 = Release|Any CPU
		{D7483F88-D0A3-41DB-B8CE-2C92600721E8}.Release|ARM.ActiveCfg = Release|Any CPU
		{D7483F88-D0A3-41DB-B8CE-2C92600721E8}.Release|ARM.Build.0 = Release|Any CPU
		{D7483F88-D0A3-41DB-B8CE-2C92600721E8}.Release|x64.ActiveCfg = Release|Any CPU
		{D7483F88-D0A3-41DB-B8CE-2C92600721E8}.Release|x64.Build.0 = Release|Any CPU
		{D7483F88-D0A3-41DB-B8CE-2C92600721E8}.Release|x86.ActiveCfg = Release|Any CPU
		{D7483F88-D0A3-41DB-B8CE-2C92600721E8}.Release|x86.Build.0 = Release|Any CPU
		{48DBC5C6-B339-411C-870E-76F2489120C1}.Debug|Any CPU.ActiveCfg = Debug|Any CPU
		{48DBC5C6-B339-411C-870E-76F2489120C1}.Debug|Any CPU.Build.0 = Debug|Any CPU
		{48DBC5C6-B339-411C-870E-76F2489120C1}.Debug|ARM.ActiveCfg = Debug|Any CPU
		{48DBC5C6-B339-411C-870E-76F2489120C1}.Debug|ARM.Build.0 = Debug|Any CPU
		{48DBC5C6-B339-411C-870E-76F2489120C1}.Debug|x64.ActiveCfg = Debug|Any CPU
		{48DBC5C6-B339-411C-870E-76F2489120C1}.Debug|x64.Build.0 = Debug|Any CPU
		{48DBC5C6-B339-411C-870E-76F2489120C1}.Debug|x86.ActiveCfg = Debug|Any CPU
		{48DBC5C6-B339-411C-870E-76F2489120C1}.Debug|x86.Build.0 = Debug|Any CPU
		{48DBC5C6-B339-411C-870E-76F2489120C1}.Release|Any CPU.ActiveCfg = Release|Any CPU
		{48DBC5C6-B339-411C-870E-76F2489120C1}.Release|Any CPU.Build.0 = Release|Any CPU
		{48DBC5C6-B339-411C-870E-76F2489120C1}.Release|ARM.ActiveCfg = Release|Any CPU
		{48DBC5C6-B339-411C-870E-76F2489120C1}.Release|ARM.Build.0 = Release|Any CPU
		{48DBC5C6-B339-411C-870E-76F2489120C1}.Release|x64.ActiveCfg = Release|Any CPU
		{48DBC5C6-B339-411C-870E-76F2489120C1}.Release|x64.Build.0 = Release|Any CPU
		{48DBC5C6-B339-411C-870E-76F2489120C1}.Release|x86.ActiveCfg = Release|Any CPU
		{48DBC5C6-B339-411C-870E-76F2489120C1}.Release|x86.Build.0 = Release|Any CPU
		{270D05BA-80DB-4C45-A19B-75309EB6B839}.Debug|Any CPU.ActiveCfg = Debug|Any CPU
		{270D05BA-80DB-4C45-A19B-75309EB6B839}.Debug|Any CPU.Build.0 = Debug|Any CPU
		{270D05BA-80DB-4C45-A19B-75309EB6B839}.Debug|ARM.ActiveCfg = Debug|Any CPU
		{270D05BA-80DB-4C45-A19B-75309EB6B839}.Debug|ARM.Build.0 = Debug|Any CPU
		{270D05BA-80DB-4C45-A19B-75309EB6B839}.Debug|x64.ActiveCfg = Debug|Any CPU
		{270D05BA-80DB-4C45-A19B-75309EB6B839}.Debug|x64.Build.0 = Debug|Any CPU
		{270D05BA-80DB-4C45-A19B-75309EB6B839}.Debug|x86.ActiveCfg = Debug|Any CPU
		{270D05BA-80DB-4C45-A19B-75309EB6B839}.Debug|x86.Build.0 = Debug|Any CPU
		{270D05BA-80DB-4C45-A19B-75309EB6B839}.Release|Any CPU.ActiveCfg = Release|Any CPU
		{270D05BA-80DB-4C45-A19B-75309EB6B839}.Release|Any CPU.Build.0 = Release|Any CPU
		{270D05BA-80DB-4C45-A19B-75309EB6B839}.Release|ARM.ActiveCfg = Release|Any CPU
		{270D05BA-80DB-4C45-A19B-75309EB6B839}.Release|ARM.Build.0 = Release|Any CPU
		{270D05BA-80DB-4C45-A19B-75309EB6B839}.Release|x64.ActiveCfg = Release|Any CPU
		{270D05BA-80DB-4C45-A19B-75309EB6B839}.Release|x64.Build.0 = Release|Any CPU
		{270D05BA-80DB-4C45-A19B-75309EB6B839}.Release|x86.ActiveCfg = Release|Any CPU
		{270D05BA-80DB-4C45-A19B-75309EB6B839}.Release|x86.Build.0 = Release|Any CPU
		{79BA3E42-9D2A-4A08-B40C-5309AE6F8ED5}.Debug|Any CPU.ActiveCfg = Debug|Any CPU
		{79BA3E42-9D2A-4A08-B40C-5309AE6F8ED5}.Debug|Any CPU.Build.0 = Debug|Any CPU
		{79BA3E42-9D2A-4A08-B40C-5309AE6F8ED5}.Debug|ARM.ActiveCfg = Debug|Any CPU
		{79BA3E42-9D2A-4A08-B40C-5309AE6F8ED5}.Debug|ARM.Build.0 = Debug|Any CPU
		{79BA3E42-9D2A-4A08-B40C-5309AE6F8ED5}.Debug|x64.ActiveCfg = Debug|Any CPU
		{79BA3E42-9D2A-4A08-B40C-5309AE6F8ED5}.Debug|x64.Build.0 = Debug|Any CPU
		{79BA3E42-9D2A-4A08-B40C-5309AE6F8ED5}.Debug|x86.ActiveCfg = Debug|Any CPU
		{79BA3E42-9D2A-4A08-B40C-5309AE6F8ED5}.Debug|x86.Build.0 = Debug|Any CPU
		{79BA3E42-9D2A-4A08-B40C-5309AE6F8ED5}.Release|Any CPU.ActiveCfg = Release|Any CPU
		{79BA3E42-9D2A-4A08-B40C-5309AE6F8ED5}.Release|Any CPU.Build.0 = Release|Any CPU
		{79BA3E42-9D2A-4A08-B40C-5309AE6F8ED5}.Release|ARM.ActiveCfg = Release|Any CPU
		{79BA3E42-9D2A-4A08-B40C-5309AE6F8ED5}.Release|ARM.Build.0 = Release|Any CPU
		{79BA3E42-9D2A-4A08-B40C-5309AE6F8ED5}.Release|x64.ActiveCfg = Release|Any CPU
		{79BA3E42-9D2A-4A08-B40C-5309AE6F8ED5}.Release|x64.Build.0 = Release|Any CPU
		{79BA3E42-9D2A-4A08-B40C-5309AE6F8ED5}.Release|x86.ActiveCfg = Release|Any CPU
		{79BA3E42-9D2A-4A08-B40C-5309AE6F8ED5}.Release|x86.Build.0 = Release|Any CPU
		{5D23F616-DBAD-40EC-B588-2925C96DB9A0}.Debug|Any CPU.ActiveCfg = Debug|Any CPU
		{5D23F616-DBAD-40EC-B588-2925C96DB9A0}.Debug|Any CPU.Build.0 = Debug|Any CPU
		{5D23F616-DBAD-40EC-B588-2925C96DB9A0}.Debug|ARM.ActiveCfg = Debug|Any CPU
		{5D23F616-DBAD-40EC-B588-2925C96DB9A0}.Debug|ARM.Build.0 = Debug|Any CPU
		{5D23F616-DBAD-40EC-B588-2925C96DB9A0}.Debug|x64.ActiveCfg = Debug|Any CPU
		{5D23F616-DBAD-40EC-B588-2925C96DB9A0}.Debug|x64.Build.0 = Debug|Any CPU
		{5D23F616-DBAD-40EC-B588-2925C96DB9A0}.Debug|x86.ActiveCfg = Debug|Any CPU
		{5D23F616-DBAD-40EC-B588-2925C96DB9A0}.Debug|x86.Build.0 = Debug|Any CPU
		{5D23F616-DBAD-40EC-B588-2925C96DB9A0}.Release|Any CPU.ActiveCfg = Release|Any CPU
		{5D23F616-DBAD-40EC-B588-2925C96DB9A0}.Release|Any CPU.Build.0 = Release|Any CPU
		{5D23F616-DBAD-40EC-B588-2925C96DB9A0}.Release|ARM.ActiveCfg = Release|Any CPU
		{5D23F616-DBAD-40EC-B588-2925C96DB9A0}.Release|ARM.Build.0 = Release|Any CPU
		{5D23F616-DBAD-40EC-B588-2925C96DB9A0}.Release|x64.ActiveCfg = Release|Any CPU
		{5D23F616-DBAD-40EC-B588-2925C96DB9A0}.Release|x64.Build.0 = Release|Any CPU
		{5D23F616-DBAD-40EC-B588-2925C96DB9A0}.Release|x86.ActiveCfg = Release|Any CPU
		{5D23F616-DBAD-40EC-B588-2925C96DB9A0}.Release|x86.Build.0 = Release|Any CPU
	EndGlobalSection
	GlobalSection(SolutionProperties) = preSolution
		HideSolutionNode = FALSE
	EndGlobalSection
	GlobalSection(NestedProjects) = preSolution
		{3AEABB50-D3EA-428B-BF01-06CA578EDA73} = {AC37FDEF-1057-4915-806D-DC22DD68F44B}
		{79BA3E42-9D2A-4A08-B40C-5309AE6F8ED5} = {2E7CD7E6-8D9F-47E0-B5E3-4CF58C85F273}
		{5D23F616-DBAD-40EC-B588-2925C96DB9A0} = {2E7CD7E6-8D9F-47E0-B5E3-4CF58C85F273}
	EndGlobalSection
	GlobalSection(ExtensibilityGlobals) = postSolution
		BuildVersion_StartDate = 2000/1/1
		SolutionGuid = {348020ED-748B-4CC8-AA1D-9F7D36E2AC12}
	EndGlobalSection
	GlobalSection(Performance) = preSolution
		HasPerformanceSessions = true
	EndGlobalSection
	GlobalSection(Performance) = preSolution
		HasPerformanceSessions = true
	EndGlobalSection
EndGlobal
