{
  "version": 1,
  "dependencies": {
    ".NETStandard,Version=v2.0": {
      "DotNet.ReproducibleBuilds": {
        "type": "Direct",
        "requested": "[1.2.4, )",
        "resolved": "1.2.4",
        "contentHash": "Ch9U74tQA2fQH+U0hcYH7WyIFUfAq7jrjgSHVu2FAcYiMBtbrCMyq2nGA/ZZnB2jSaUeOOYiCjxeaDVB7Ssbdw=="
      },
      "Microsoft.SourceLink.GitHub": {
        "type": "Direct",
        "requested": "[8.0.0, )",
        "resolved": "8.0.0",
        "contentHash": "G5q7OqtwIyGTkeIOAc3u2ZuV/kicQaec5EaRnc0pIeSnh9LUjj+PYQrJYBURvDt7twGl2PKA7nSN0kz1Zw5bnQ==",
        "dependencies": {
          "Microsoft.Build.Tasks.Git": "8.0.0",
          "Microsoft.SourceLink.Common": "8.0.0"
        }
      },
      "MySqlConnector": {
        "type": "Direct",
        "requested": "[0.69.10, )",
        "resolved": "0.69.10",
        "contentHash": "flikhWc6q1gZE4l1PujXLnoZxthf/DqKo43y8x5Cw7/iaivjVYAHHhlr3/t6i8GImi/dbxP4zntp5J/4EVFcbw==",
        "dependencies": {
          "System.Buffers": "4.4.0",
          "System.Memory": "4.5.0",
          "System.Threading.Tasks.Extensions": "4.3.0"
        }
      },
      "NETStandard.Library": {
        "type": "Direct",
        "requested": "[2.0.3, )",
        "resolved": "2.0.3",
        "contentHash": "st47PosZSHrjECdjeIzZQbzivYBJFv6P2nv4cj2ypdI204DO+vZ7l5raGMiX4eXMJ53RfOIg+/s4DHVZ54Nu2A==",
        "dependencies": {
          "Microsoft.NETCore.Platforms": "1.1.0"
        }
      },
      "StyleCop.Analyzers": {
        "type": "Direct",
        "requested": "[1.2.0-beta.556, )",
        "resolved": "1.2.0-beta.556",
        "contentHash": "llRPgmA1fhC0I0QyFLEcjvtM2239QzKr/tcnbsjArLMJxJlu0AA5G7Fft0OI30pHF3MW63Gf4aSSsjc5m82J1Q==",
        "dependencies": {
          "StyleCop.Analyzers.Unstable": "1.2.0.556"
        }
      },
      "Microsoft.Bcl.AsyncInterfaces": {
        "type": "Transitive",
        "resolved": "5.0.0",
        "contentHash": "W8DPQjkMScOMTtJbPwmPyj9c3zYSFGawDW3jwlBOOsnY+EzZFLgNQ/UMkK35JmkNOVPdCyPr2Tw7Vv9N+KA3ZQ==",
        "dependencies": {
          "System.Threading.Tasks.Extensions": "4.5.4"
        }
      },
      "Microsoft.Build.Tasks.Git": {
        "type": "Transitive",
        "resolved": "8.0.0",
        "contentHash": "bZKfSIKJRXLTuSzLudMFte/8CempWjVamNUR5eHJizsy+iuOuO/k2gnh7W0dHJmYY0tBf+gUErfluCv5mySAOQ=="
      },
      "Microsoft.CSharp": {
        "type": "Transitive",
        "resolved": "4.7.0",
        "contentHash": "pTj+D3uJWyN3My70i2Hqo+OXixq3Os2D1nJ2x92FFo6sk8fYS1m1WLNTs0Dc1uPaViH0YvEEwvzddQ7y4rhXmA=="
      },
      "Microsoft.Extensions.Configuration": {
        "type": "Transitive",
        "resolved": "2.2.0",
        "contentHash": "nOP8R1mVb/6mZtm2qgAJXn/LFm/2kMjHDAg/QJLFG6CuWYJtaD3p1BwQhufBVvRzL9ceJ/xF0SQ0qsI2GkDQAA==",
        "dependencies": {
          "Microsoft.Extensions.Configuration.Abstractions": "2.2.0"
        }
      },
      "Microsoft.Extensions.Configuration.Abstractions": {
        "type": "Transitive",
        "resolved": "2.2.0",
        "contentHash": "65MrmXCziWaQFrI0UHkQbesrX5wTwf9XPjY5yFm/VkgJKFJ5gqvXRoXjIZcf2wLi5ZlwGz/oMYfyURVCWbM5iw==",
        "dependencies": {
          "Microsoft.Extensions.Primitives": "2.2.0"
        }
      },
      "Microsoft.Extensions.Configuration.Binder": {
        "type": "Transitive",
        "resolved": "2.2.0",
        "contentHash": "vJ9xvOZCnUAIHcGC3SU35r3HKmHTVIeHzo6u/qzlHAqD8m6xv92MLin4oJntTvkpKxVX3vI1GFFkIQtU3AdlsQ==",
        "dependencies": {
          "Microsoft.Extensions.Configuration": "2.2.0"
        }
      },
      "Microsoft.Extensions.DependencyInjection.Abstractions": {
        "type": "Transitive",
        "resolved": "2.2.0",
        "contentHash": "f9hstgjVmr6rmrfGSpfsVOl2irKAgr1QjrSi3FgnS7kulxband50f2brRLwySAQTADPZeTdow0mpSMcoAdadCw=="
      },
      "Microsoft.Extensions.Logging": {
        "type": "Transitive",
        "resolved": "2.2.0",
        "contentHash": "Nxqhadc9FCmFHzU+fz3oc8sFlE6IadViYg8dfUdGzJZ2JUxnCsRghBhhOWdM4B2zSZqEc+0BjliBh/oNdRZuig==",
        "dependencies": {
          "Microsoft.Extensions.Configuration.Binder": "2.2.0",
          "Microsoft.Extensions.DependencyInjection.Abstractions": "2.2.0",
          "Microsoft.Extensions.Logging.Abstractions": "2.2.0",
          "Microsoft.Extensions.Options": "2.2.0"
        }
      },
      "Microsoft.Extensions.Logging.Abstractions": {
        "type": "Transitive",
        "resolved": "2.2.0",
        "contentHash": "B2WqEox8o+4KUOpL7rZPyh6qYjik8tHi2tN8Z9jZkHzED8ElYgZa/h6K+xliB435SqUcWT290Fr2aa8BtZjn8A=="
      },
      "Microsoft.Extensions.Options": {
        "type": "Transitive",
        "resolved": "2.2.0",
        "contentHash": "UpZLNLBpIZ0GTebShui7xXYh6DmBHjWM8NxGxZbdQh/bPZ5e6YswqI+bru6BnEL5eWiOdodsXtEz3FROcgi/qg==",
        "dependencies": {
          "Microsoft.Extensions.DependencyInjection.Abstractions": "2.2.0",
          "Microsoft.Extensions.Primitives": "2.2.0",
          "System.ComponentModel.Annotations": "4.5.0"
        }
      },
      "Microsoft.Extensions.Primitives": {
        "type": "Transitive",
        "resolved": "2.2.0",
        "contentHash": "azyQtqbm4fSaDzZHD/J+V6oWMFaf2tWP4WEGIYePLCMw3+b2RQdj9ybgbQyjCshcitQKQ4lEDOZjmSlTTrHxUg==",
        "dependencies": {
          "System.Memory": "4.5.1",
          "System.Runtime.CompilerServices.Unsafe": "4.5.1"
        }
      },
      "Microsoft.NETCore.Platforms": {
        "type": "Transitive",
        "resolved": "1.1.0",
        "contentHash": "kz0PEW2lhqygehI/d6XsPCQzD7ff7gUJaVGPVETX611eadGsA3A877GdSlU0LRVMCTH/+P3o2iDTak+S08V2+A=="
      },
      "Microsoft.SourceLink.Common": {
        "type": "Transitive",
        "resolved": "8.0.0",
        "contentHash": "dk9JPxTCIevS75HyEQ0E4OVAFhB2N+V9ShCXf8Q6FkUQZDkgLI12y679Nym1YqsiSysuQskT7Z+6nUf3yab6Vw=="
      },
      "Newtonsoft.Json": {
        "type": "Transitive",
        "resolved": "13.0.3",
        "contentHash": "HrC5BXdl00IP9zeV+0Z848QWPAoCr9P3bDEZguI+gkLcBKAOxix/tLEAAHC+UvDNPv4a2d18lOReHMOagPa+zQ=="
      },
      "StyleCop.Analyzers.Unstable": {
        "type": "Transitive",
        "resolved": "1.2.0.556",
        "contentHash": "zvn9Mqs/ox/83cpYPignI8hJEM2A93s2HkHs8HYMOAQW0PkampyoErAiIyKxgTLqbbad29HX/shv/6LGSjPJNQ=="
      },
      "System.Buffers": {
        "type": "Transitive",
        "resolved": "4.4.0",
        "contentHash": "AwarXzzoDwX6BgrhjoJsk6tUezZEozOT5Y9QKF94Gl4JK91I4PIIBkBco9068Y9/Dra8Dkbie99kXB8+1BaYKw=="
      },
      "System.ComponentModel.Annotations": {
        "type": "Transitive",
        "resolved": "4.5.0",
        "contentHash": "UxYQ3FGUOtzJ7LfSdnYSFd7+oEv6M8NgUatatIN2HxNtDdlcvFAf+VIq4Of9cDMJEJC0aSRv/x898RYhB4Yppg=="
      },
      "System.Memory": {
        "type": "Transitive",
        "resolved": "4.5.1",
        "contentHash": "sDJYJpGtTgx+23Ayu5euxG5mAXWdkDb4+b0rD0Cab0M1oQS9H0HXGPriKcqpXuiJDTV7fTp/d+fMDJmnr6sNvA==",
        "dependencies": {
          "System.Buffers": "4.4.0",
          "System.Numerics.Vectors": "4.4.0",
          "System.Runtime.CompilerServices.Unsafe": "4.5.0"
        }
      },
      "System.Numerics.Vectors": {
        "type": "Transitive",
        "resolved": "4.4.0",
        "contentHash": "UiLzLW+Lw6HLed1Hcg+8jSRttrbuXv7DANVj0DkL9g6EnnzbL75EB7EWsw5uRbhxd/4YdG8li5XizGWepmG3PQ=="
      },
      "System.Runtime.CompilerServices.Unsafe": {
        "type": "Transitive",
        "resolved": "4.5.3",
        "contentHash": "3TIsJhD1EiiT0w2CcDMN/iSSwnNnsrnbzeVHSKkaEgV85txMprmuO+Yq2AdSbeVGcg28pdNDTPK87tJhX7VFHw=="
      },
      "System.Threading.Tasks.Dataflow": {
        "type": "Transitive",
        "resolved": "5.0.0",
        "contentHash": "NBp0zSAMZp4muDje6XmbDfmkqw9+qsDCHp+YMEtnVgHEjQZ3Q7MzFTTp3eHqpExn4BwMrS7JkUVOTcVchig4Sw=="
      },
      "System.Threading.Tasks.Extensions": {
        "type": "Transitive",
        "resolved": "4.5.4",
        "contentHash": "zteT+G8xuGu6mS+mzDzYXbzS7rd3K6Fjb9RiZlYlJPam2/hU7JCBZBVEcywNuR+oZ1ncTvc/cq0faRr3P01OVg==",
        "dependencies": {
          "System.Runtime.CompilerServices.Unsafe": "4.5.3"
        }
      },
      "dotmim.sync.core": {
        "type": "Project",
        "dependencies": {
          "Microsoft.Bcl.AsyncInterfaces": "[5.0.0, )",
          "Microsoft.CSharp": "[4.7.0, )",
          "Microsoft.Extensions.Logging": "[2.2.0, )",
          "Newtonsoft.Json": "[13.0.3, )",
          "System.Threading.Tasks.Dataflow": "[5.0.0, )"
        }
      }
    },
    "net6.0": {
      "DotNet.ReproducibleBuilds": {
        "type": "Direct",
        "requested": "[1.2.4, )",
        "resolved": "1.2.4",
        "contentHash": "Ch9U74tQA2fQH+U0hcYH7WyIFUfAq7jrjgSHVu2FAcYiMBtbrCMyq2nGA/ZZnB2jSaUeOOYiCjxeaDVB7Ssbdw=="
      },
      "Microsoft.SourceLink.GitHub": {
        "type": "Direct",
        "requested": "[8.0.0, )",
        "resolved": "8.0.0",
        "contentHash": "G5q7OqtwIyGTkeIOAc3u2ZuV/kicQaec5EaRnc0pIeSnh9LUjj+PYQrJYBURvDt7twGl2PKA7nSN0kz1Zw5bnQ==",
        "dependencies": {
          "Microsoft.Build.Tasks.Git": "8.0.0",
          "Microsoft.SourceLink.Common": "8.0.0"
        }
      },
      "MySqlConnector": {
        "type": "Direct",
        "requested": "[2.3.7, )",
        "resolved": "2.3.7",
        "contentHash": "YiVOxvJ+vAYW8NT9gHv8RxKCDFCSXAObF3z0Ou/8WRv8Lsn2QsxaPW5xEwPE+xCcAq6BGkrI8GTOC09Xg09blQ==",
        "dependencies": {
          "Microsoft.Extensions.Logging.Abstractions": "7.0.1",
          "System.Diagnostics.DiagnosticSource": "7.0.2"
        }
      },
      "StyleCop.Analyzers": {
        "type": "Direct",
        "requested": "[1.2.0-beta.556, )",
        "resolved": "1.2.0-beta.556",
        "contentHash": "llRPgmA1fhC0I0QyFLEcjvtM2239QzKr/tcnbsjArLMJxJlu0AA5G7Fft0OI30pHF3MW63Gf4aSSsjc5m82J1Q==",
        "dependencies": {
          "StyleCop.Analyzers.Unstable": "1.2.0.556"
        }
      },
      "Microsoft.Build.Tasks.Git": {
        "type": "Transitive",
        "resolved": "8.0.0",
        "contentHash": "bZKfSIKJRXLTuSzLudMFte/8CempWjVamNUR5eHJizsy+iuOuO/k2gnh7W0dHJmYY0tBf+gUErfluCv5mySAOQ=="
      },
      "Microsoft.Extensions.DependencyInjection": {
        "type": "Transitive",
        "resolved": "6.0.0",
        "contentHash": "k6PWQMuoBDGGHOQTtyois2u4AwyVcIwL2LaSLlTZQm2CYcJ1pxbt6jfAnpWmzENA/wfrYRI/X9DTLoUkE4AsLw==",
        "dependencies": {
          "Microsoft.Extensions.DependencyInjection.Abstractions": "6.0.0",
          "System.Runtime.CompilerServices.Unsafe": "6.0.0"
        }
      },
      "Microsoft.Extensions.DependencyInjection.Abstractions": {
        "type": "Transitive",
        "resolved": "6.0.0",
        "contentHash": "xlzi2IYREJH3/m6+lUrQlujzX8wDitm4QGnUu6kUXTQAWPuZY8i+ticFJbzfqaetLA6KR/rO6Ew/HuYD+bxifg=="
      },
      "Microsoft.Extensions.Logging": {
        "type": "Transitive",
        "resolved": "6.0.0",
        "contentHash": "eIbyj40QDg1NDz0HBW0S5f3wrLVnKWnDJ/JtZ+yJDFnDj90VoPuoPmFkeaXrtu+0cKm5GRAwoDf+dBWXK0TUdg==",
        "dependencies": {
          "Microsoft.Extensions.DependencyInjection": "6.0.0",
          "Microsoft.Extensions.DependencyInjection.Abstractions": "6.0.0",
          "Microsoft.Extensions.Logging.Abstractions": "6.0.0",
          "Microsoft.Extensions.Options": "6.0.0",
          "System.Diagnostics.DiagnosticSource": "6.0.0"
        }
      },
      "Microsoft.Extensions.Logging.Abstractions": {
        "type": "Transitive",
        "resolved": "7.0.1",
        "contentHash": "pkeBFx0vqMW/A3aUVHh7MPu3WkBhaVlezhSZeb1c9XD0vUReYH1TLFSy5MxJgZfmz5LZzYoErMorlYZiwpOoNA=="
      },
      "Microsoft.Extensions.Options": {
        "type": "Transitive",
        "resolved": "6.0.0",
        "contentHash": "dzXN0+V1AyjOe2xcJ86Qbo233KHuLEY0njf/P2Kw8SfJU+d45HNS2ctJdnEnrWbM9Ye2eFgaC5Mj9otRMU6IsQ==",
        "dependencies": {
          "Microsoft.Extensions.DependencyInjection.Abstractions": "6.0.0",
          "Microsoft.Extensions.Primitives": "6.0.0"
        }
      },
      "Microsoft.Extensions.Primitives": {
        "type": "Transitive",
        "resolved": "6.0.0",
        "contentHash": "9+PnzmQFfEFNR9J2aDTfJGGupShHjOuGw4VUv+JB044biSHrnmCIMD+mJHmb2H7YryrfBEXDurxQ47gJZdCKNQ==",
        "dependencies": {
          "System.Runtime.CompilerServices.Unsafe": "6.0.0"
        }
      },
      "Microsoft.SourceLink.Common": {
        "type": "Transitive",
        "resolved": "8.0.0",
        "contentHash": "dk9JPxTCIevS75HyEQ0E4OVAFhB2N+V9ShCXf8Q6FkUQZDkgLI12y679Nym1YqsiSysuQskT7Z+6nUf3yab6Vw=="
      },
      "Newtonsoft.Json": {
        "type": "Transitive",
        "resolved": "13.0.3",
        "contentHash": "HrC5BXdl00IP9zeV+0Z848QWPAoCr9P3bDEZguI+gkLcBKAOxix/tLEAAHC+UvDNPv4a2d18lOReHMOagPa+zQ=="
      },
      "StyleCop.Analyzers.Unstable": {
        "type": "Transitive",
        "resolved": "1.2.0.556",
        "contentHash": "zvn9Mqs/ox/83cpYPignI8hJEM2A93s2HkHs8HYMOAQW0PkampyoErAiIyKxgTLqbbad29HX/shv/6LGSjPJNQ=="
      },
      "System.Diagnostics.DiagnosticSource": {
        "type": "Transitive",
        "resolved": "7.0.2",
        "contentHash": "hYr3I9N9811e0Bjf2WNwAGGyTuAFbbTgX1RPLt/3Wbm68x3IGcX5Cl75CMmgT6WlNwLQ2tCCWfqYPpypjaf2xA==",
        "dependencies": {
          "System.Runtime.CompilerServices.Unsafe": "6.0.0"
        }
      },
      "System.Runtime.CompilerServices.Unsafe": {
        "type": "Transitive",
        "resolved": "6.0.0",
        "contentHash": "/iUeP3tq1S0XdNNoMz5C9twLSrM/TH+qElHkXWaPvuNOt+99G75NrV0OS2EqHx5wMN7popYjpc8oTjC1y16DLg=="
      },
      "dotmim.sync.core": {
        "type": "Project",
        "dependencies": {
          "Microsoft.Extensions.Logging": "[6.0.0, )",
          "Newtonsoft.Json": "[13.0.3, )"
        }
      }
    },
    "net8.0": {
      "DotNet.ReproducibleBuilds": {
        "type": "Direct",
        "requested": "[1.2.4, )",
        "resolved": "1.2.4",
        "contentHash": "Ch9U74tQA2fQH+U0hcYH7WyIFUfAq7jrjgSHVu2FAcYiMBtbrCMyq2nGA/ZZnB2jSaUeOOYiCjxeaDVB7Ssbdw=="
      },
      "Microsoft.SourceLink.GitHub": {
        "type": "Direct",
        "requested": "[8.0.0, )",
        "resolved": "8.0.0",
        "contentHash": "G5q7OqtwIyGTkeIOAc3u2ZuV/kicQaec5EaRnc0pIeSnh9LUjj+PYQrJYBURvDt7twGl2PKA7nSN0kz1Zw5bnQ==",
        "dependencies": {
          "Microsoft.Build.Tasks.Git": "8.0.0",
          "Microsoft.SourceLink.Common": "8.0.0"
        }
      },
      "MySqlConnector": {
        "type": "Direct",
        "requested": "[2.3.7, )",
        "resolved": "2.3.7",
        "contentHash": "YiVOxvJ+vAYW8NT9gHv8RxKCDFCSXAObF3z0Ou/8WRv8Lsn2QsxaPW5xEwPE+xCcAq6BGkrI8GTOC09Xg09blQ==",
        "dependencies": {
          "Microsoft.Extensions.Logging.Abstractions": "7.0.1"
        }
      },
      "StyleCop.Analyzers": {
        "type": "Direct",
        "requested": "[1.2.0-beta.556, )",
        "resolved": "1.2.0-beta.556",
        "contentHash": "llRPgmA1fhC0I0QyFLEcjvtM2239QzKr/tcnbsjArLMJxJlu0AA5G7Fft0OI30pHF3MW63Gf4aSSsjc5m82J1Q==",
        "dependencies": {
          "StyleCop.Analyzers.Unstable": "1.2.0.556"
        }
      },
      "Microsoft.Build.Tasks.Git": {
        "type": "Transitive",
        "resolved": "8.0.0",
        "contentHash": "bZKfSIKJRXLTuSzLudMFte/8CempWjVamNUR5eHJizsy+iuOuO/k2gnh7W0dHJmYY0tBf+gUErfluCv5mySAOQ=="
      },
      "Microsoft.Extensions.DependencyInjection": {
        "type": "Transitive",
        "resolved": "7.0.0",
        "contentHash": "elNeOmkeX3eDVG6pYVeV82p29hr+UKDaBhrZyWvWLw/EVZSYEkZlQdkp0V39k/Xehs2Qa0mvoCvkVj3eQxNQ1Q==",
        "dependencies": {
          "Microsoft.Extensions.DependencyInjection.Abstractions": "7.0.0"
        }
      },
      "Microsoft.Extensions.DependencyInjection.Abstractions": {
        "type": "Transitive",
        "resolved": "7.0.0",
        "contentHash": "h3j/QfmFN4S0w4C2A6X7arXij/M/OVw3uQHSOFxnND4DyAzO1F9eMX7Eti7lU/OkSthEE0WzRsfT/Dmx86jzCw=="
      },
      "Microsoft.Extensions.Logging": {
        "type": "Transitive",
        "resolved": "7.0.0",
        "contentHash": "Nw2muoNrOG5U5qa2ZekXwudUn2BJcD41e65zwmDHb1fQegTX66UokLWZkJRpqSSHXDOWZ5V0iqhbxOEky91atA==",
        "dependencies": {
          "Microsoft.Extensions.DependencyInjection": "7.0.0",
          "Microsoft.Extensions.DependencyInjection.Abstractions": "7.0.0",
          "Microsoft.Extensions.Logging.Abstractions": "7.0.0",
          "Microsoft.Extensions.Options": "7.0.0"
        }
      },
      "Microsoft.Extensions.Logging.Abstractions": {
        "type": "Transitive",
        "resolved": "7.0.1",
        "contentHash": "pkeBFx0vqMW/A3aUVHh7MPu3WkBhaVlezhSZeb1c9XD0vUReYH1TLFSy5MxJgZfmz5LZzYoErMorlYZiwpOoNA=="
      },
      "Microsoft.Extensions.Options": {
        "type": "Transitive",
        "resolved": "7.0.0",
        "contentHash": "lP1yBnTTU42cKpMozuafbvNtQ7QcBjr/CcK3bYOGEMH55Fjt+iecXjT6chR7vbgCMqy3PG3aNQSZgo/EuY/9qQ==",
        "dependencies": {
          "Microsoft.Extensions.DependencyInjection.Abstractions": "7.0.0",
          "Microsoft.Extensions.Primitives": "7.0.0"
        }
      },
      "Microsoft.Extensions.Primitives": {
        "type": "Transitive",
        "resolved": "7.0.0",
        "contentHash": "um1KU5kxcRp3CNuI8o/GrZtD4AIOXDk+RLsytjZ9QPok3ttLUelLKpilVPuaFT3TFjOhSibUAso0odbOaCDj3Q=="
      },
      "Microsoft.SourceLink.Common": {
        "type": "Transitive",
        "resolved": "8.0.0",
        "contentHash": "dk9JPxTCIevS75HyEQ0E4OVAFhB2N+V9ShCXf8Q6FkUQZDkgLI12y679Nym1YqsiSysuQskT7Z+6nUf3yab6Vw=="
      },
      "Newtonsoft.Json": {
        "type": "Transitive",
        "resolved": "13.0.3",
        "contentHash": "HrC5BXdl00IP9zeV+0Z848QWPAoCr9P3bDEZguI+gkLcBKAOxix/tLEAAHC+UvDNPv4a2d18lOReHMOagPa+zQ=="
      },
      "StyleCop.Analyzers.Unstable": {
        "type": "Transitive",
        "resolved": "1.2.0.556",
        "contentHash": "zvn9Mqs/ox/83cpYPignI8hJEM2A93s2HkHs8HYMOAQW0PkampyoErAiIyKxgTLqbbad29HX/shv/6LGSjPJNQ=="
      },
      "dotmim.sync.core": {
        "type": "Project",
        "dependencies": {
          "Microsoft.Extensions.Logging": "[7.0.0, )",
          "Newtonsoft.Json": "[13.0.3, )"
        }
      }
    }
  }
}