{
  "version": 1,
  "dependencies": {
    "net8.0": {
      "Dotmim.Sync.Sqlite": {
        "type": "Direct",
        "requested": "[0.6.0, )",
        "resolved": "0.6.0",
        "contentHash": "Ob5YkqFUhxybbBfNndTOsS53E9Rbiy69ifrqWkIW6ZKpjXjmb+TqSd2+D2FDUIVTjK51e7IhNI67mYVRkVXSwg==",
        "dependencies": {
          "Dotmim.Sync.Core": "0.6.0",
          "Microsoft.Data.SQLite": "5.0.1"
        }
      },
      "Dotmim.Sync.SqlServer": {
        "type": "Direct",
        "requested": "[0.6.0, )",
        "resolved": "0.6.0",
        "contentHash": "guIyJm6X1jUrz96RhGbklIJ0JN+XF04JfPazKyqmFj6gwEz+10v852kV79wcFnOk2FNwEcgMgcXXI5Z052oPfA==",
        "dependencies": {
          "Dotmim.Sync.Core": "0.6.0",
          "Microsoft.CSharp": "4.7.0",
          "Microsoft.Data.SqlClient": "2.1.1"
        }
      },
      "DotNet.ReproducibleBuilds": {
        "type": "Direct",
        "requested": "[1.2.4, )",
        "resolved": "1.2.4",
        "contentHash": "Ch9U74tQA2fQH+U0hcYH7WyIFUfAq7jrjgSHVu2FAcYiMBtbrCMyq2nGA/ZZnB2jSaUeOOYiCjxeaDVB7Ssbdw=="
      },
      "Microsoft.Data.Sqlite.Core": {
        "type": "Direct",
        "requested": "[5.0.2, )",
        "resolved": "5.0.2",
        "contentHash": "yVg0iPiiHCd/p//ez3xJxWf/9RrggYFyZXMnkcwbu7ZxlNfFmB32lXcHvsmoXpDN4pVUvDIhEchfDsJzg8hM2w==",
        "dependencies": {
          "SQLitePCLRaw.core": "2.0.4"
        }
      },
      "Microsoft.Extensions.Configuration.Json": {
        "type": "Direct",
        "requested": "[5.0.0, )",
        "resolved": "5.0.0",
        "contentHash": "Pak8ymSUfdzPfBTLHxeOwcR32YDbuVfhnH2hkfOLnJNQd19ItlBdpMjIDY9C5O/nS2Sn9bzDMai0ZrvF7KyY/Q==",
        "dependencies": {
          "Microsoft.Extensions.Configuration": "5.0.0",
          "Microsoft.Extensions.Configuration.Abstractions": "5.0.0",
          "Microsoft.Extensions.Configuration.FileExtensions": "5.0.0",
          "Microsoft.Extensions.FileProviders.Abstractions": "5.0.0"
        }
      },
      "SQLitePCLRaw.bundle_e_sqlcipher": {
        "type": "Direct",
        "requested": "[2.0.4, )",
        "resolved": "2.0.4",
        "contentHash": "OHRrxNqstRzb7iDOx8EoiIleij9GrW7/6ZoLoA1XzXzLVaaNc6iHS5SkLUXIvuYeGuP51/RGysE5lYPpkjFdXA==",
        "dependencies": {
          "SQLitePCLRaw.core": "2.0.4",
          "SQLitePCLRaw.lib.e_sqlcipher": "2.0.4",
          "SQLitePCLRaw.provider.dynamic_cdecl": "2.0.4"
        }
      },
      "StyleCop.Analyzers": {
        "type": "Direct",
        "requested": "[1.2.0-beta.556, )",
        "resolved": "1.2.0-beta.556",
        "contentHash": "llRPgmA1fhC0I0QyFLEcjvtM2239QzKr/tcnbsjArLMJxJlu0AA5G7Fft0OI30pHF3MW63Gf4aSSsjc5m82J1Q==",
        "dependencies": {
          "StyleCop.Analyzers.Unstable": "1.2.0.556"
        }
      },
      "Dotmim.Sync.Core": {
        "type": "Transitive",
        "resolved": "0.6.0",
        "contentHash": "s1ORifi3udPNhyhAuwl0SfRXNfH4cYFvS+IoLdxuaetol+G+qtooyvwlxvxEMcoJ84gcdViTCZXZuHEM09RGYw==",
        "dependencies": {
          "Microsoft.Bcl.AsyncInterfaces": "5.0.0",
          "Microsoft.CSharp": "4.7.0",
          "Microsoft.Extensions.Logging": "2.2.0",
          "Newtonsoft.Json": "12.0.3",
          "System.Collections.NonGeneric": "4.3.0",
          "System.ComponentModel.TypeConverter": "4.3.0",
          "System.Data.Common": "4.3.0",
          "System.Reflection.TypeExtensions": "4.7.0"
        }
      },
      "Microsoft.Bcl.AsyncInterfaces": {
        "type": "Transitive",
        "resolved": "5.0.0",
        "contentHash": "W8DPQjkMScOMTtJbPwmPyj9c3zYSFGawDW3jwlBOOsnY+EzZFLgNQ/UMkK35JmkNOVPdCyPr2Tw7Vv9N+KA3ZQ=="
      },
      "Microsoft.CSharp": {
        "type": "Transitive",
        "resolved": "4.7.0",
        "contentHash": "pTj+D3uJWyN3My70i2Hqo+OXixq3Os2D1nJ2x92FFo6sk8fYS1m1WLNTs0Dc1uPaViH0YvEEwvzddQ7y4rhXmA=="
      },
      "Microsoft.Data.SqlClient": {
        "type": "Transitive",
        "resolved": "2.1.1",
        "contentHash": "qxPmA2q0/oqqzZiwgN2QcoFRMPPQOCOxJP9h8X/bLXkPRsIo8xy182td9Txt0WhobW1dBBSYj96/Wf9cmhpm7Q==",
        "dependencies": {
          "Microsoft.Data.SqlClient.SNI.runtime": "2.1.1",
          "Microsoft.Identity.Client": "4.21.1",
          "Microsoft.IdentityModel.JsonWebTokens": "6.8.0",
          "Microsoft.IdentityModel.Protocols.OpenIdConnect": "6.8.0",
          "Microsoft.Win32.Registry": "4.7.0",
          "System.Configuration.ConfigurationManager": "4.7.0",
          "System.Diagnostics.DiagnosticSource": "4.7.0",
          "System.Runtime.Caching": "4.7.0",
          "System.Security.Principal.Windows": "4.7.0",
          "System.Text.Encoding.CodePages": "4.7.0"
        }
      },
      "Microsoft.Data.SqlClient.SNI.runtime": {
        "type": "Transitive",
        "resolved": "2.1.1",
        "contentHash": "JwGDWkyZgm7SATJmFLfT2G4teimvNbNtq3lsS9a5DzvhEZnQrZjZhevCU0vdx8MjheLHoG5vocuO03QtioFQxQ=="
      },
      "Microsoft.Data.Sqlite": {
        "type": "Transitive",
        "resolved": "5.0.1",
        "contentHash": "rG5x65qk01rtB+OH+i07rcl4KVHGMPCJDFohUYIn59MFgfqRdDDePXtC4MDyR7E/6FOX9Rk5HpK3eU4d8S3GEQ==",
        "dependencies": {
          "Microsoft.Data.Sqlite.Core": "5.0.1",
          "SQLitePCLRaw.bundle_e_sqlite3": "2.0.4"
        }
      },
      "Microsoft.Extensions.Configuration": {
        "type": "Transitive",
        "resolved": "5.0.0",
        "contentHash": "LN322qEKHjuVEhhXueTUe7RNePooZmS8aGid5aK2woX3NPjSnONFyKUc6+JknOS6ce6h2tCLfKPTBXE3mN/6Ag==",
        "dependencies": {
          "Microsoft.Extensions.Configuration.Abstractions": "5.0.0",
          "Microsoft.Extensions.Primitives": "5.0.0"
        }
      },
      "Microsoft.Extensions.Configuration.Abstractions": {
        "type": "Transitive",
        "resolved": "5.0.0",
        "contentHash": "ETjSBHMp3OAZ4HxGQYpwyGsD8Sw5FegQXphi0rpoGMT74S4+I2mm7XJEswwn59XAaKOzC15oDSOWEE8SzDCd6Q==",
        "dependencies": {
          "Microsoft.Extensions.Primitives": "5.0.0"
        }
      },
      "Microsoft.Extensions.Configuration.Binder": {
        "type": "Transitive",
        "resolved": "2.2.0",
        "contentHash": "vJ9xvOZCnUAIHcGC3SU35r3HKmHTVIeHzo6u/qzlHAqD8m6xv92MLin4oJntTvkpKxVX3vI1GFFkIQtU3AdlsQ==",
        "dependencies": {
          "Microsoft.Extensions.Configuration": "2.2.0"
        }
      },
      "Microsoft.Extensions.Configuration.FileExtensions": {
        "type": "Transitive",
        "resolved": "5.0.0",
        "contentHash": "rRdspYKA18ViPOISwAihhCMbusHsARCOtDMwa23f+BGEdIjpKPlhs3LLjmKlxfhpGXBjIsS0JpXcChjRUN+PAw==",
        "dependencies": {
          "Microsoft.Extensions.Configuration": "5.0.0",
          "Microsoft.Extensions.Configuration.Abstractions": "5.0.0",
          "Microsoft.Extensions.FileProviders.Abstractions": "5.0.0",
          "Microsoft.Extensions.FileProviders.Physical": "5.0.0",
          "Microsoft.Extensions.Primitives": "5.0.0"
        }
      },
      "Microsoft.Extensions.DependencyInjection.Abstractions": {
        "type": "Transitive",
        "resolved": "2.2.0",
        "contentHash": "f9hstgjVmr6rmrfGSpfsVOl2irKAgr1QjrSi3FgnS7kulxband50f2brRLwySAQTADPZeTdow0mpSMcoAdadCw=="
      },
      "Microsoft.Extensions.FileProviders.Abstractions": {
        "type": "Transitive",
        "resolved": "5.0.0",
        "contentHash": "iuZIiZ3mteEb+nsUqpGXKx2cGF+cv6gWPd5jqQI4hzqdiJ6I94ddLjKhQOuRW1lueHwocIw30xbSHGhQj0zjdQ==",
        "dependencies": {
          "Microsoft.Extensions.Primitives": "5.0.0"
        }
      },
      "Microsoft.Extensions.FileProviders.Physical": {
        "type": "Transitive",
        "resolved": "5.0.0",
        "contentHash": "1rkd8UO2qf21biwO7X0hL9uHP7vtfmdv/NLvKgCRHkdz1XnW8zVQJXyEYiN68WYpExgtVWn55QF0qBzgfh1mGg==",
        "dependencies": {
          "Microsoft.Extensions.FileProviders.Abstractions": "5.0.0",
          "Microsoft.Extensions.FileSystemGlobbing": "5.0.0",
          "Microsoft.Extensions.Primitives": "5.0.0"
        }
      },
      "Microsoft.Extensions.FileSystemGlobbing": {
        "type": "Transitive",
        "resolved": "5.0.0",
        "contentHash": "ArliS8lGk8sWRtrWpqI8yUVYJpRruPjCDT+EIjrgkA/AAPRctlAkRISVZ334chAKktTLzD1+PK8F5IZpGedSqA=="
      },
      "Microsoft.Extensions.Logging": {
        "type": "Transitive",
        "resolved": "2.2.0",
        "contentHash": "Nxqhadc9FCmFHzU+fz3oc8sFlE6IadViYg8dfUdGzJZ2JUxnCsRghBhhOWdM4B2zSZqEc+0BjliBh/oNdRZuig==",
        "dependencies": {
          "Microsoft.Extensions.Configuration.Binder": "2.2.0",
          "Microsoft.Extensions.DependencyInjection.Abstractions": "2.2.0",
          "Microsoft.Extensions.Logging.Abstractions": "2.2.0",
          "Microsoft.Extensions.Options": "2.2.0"
        }
      },
      "Microsoft.Extensions.Logging.Abstractions": {
        "type": "Transitive",
        "resolved": "2.2.0",
        "contentHash": "B2WqEox8o+4KUOpL7rZPyh6qYjik8tHi2tN8Z9jZkHzED8ElYgZa/h6K+xliB435SqUcWT290Fr2aa8BtZjn8A=="
      },
      "Microsoft.Extensions.Options": {
        "type": "Transitive",
        "resolved": "2.2.0",
        "contentHash": "UpZLNLBpIZ0GTebShui7xXYh6DmBHjWM8NxGxZbdQh/bPZ5e6YswqI+bru6BnEL5eWiOdodsXtEz3FROcgi/qg==",
        "dependencies": {
          "Microsoft.Extensions.DependencyInjection.Abstractions": "2.2.0",
          "Microsoft.Extensions.Primitives": "2.2.0",
          "System.ComponentModel.Annotations": "4.5.0"
        }
      },
      "Microsoft.Extensions.Primitives": {
        "type": "Transitive",
        "resolved": "5.0.0",
        "contentHash": "cI/VWn9G1fghXrNDagX9nYaaB/nokkZn0HYAawGaELQrl8InSezfe9OnfPZLcJq3esXxygh3hkq2c3qoV3SDyQ=="
      },
      "Microsoft.Identity.Client": {
        "type": "Transitive",
        "resolved": "4.21.1",
        "contentHash": "vycgk7S/HAbHaUaK4Tid1fsWHsXdFRRP2KavAIOHCVV27zvuQfYAjXmMvctuuF4egydSumG58CwPZob3gWeYgQ=="
      },
      "Microsoft.IdentityModel.JsonWebTokens": {
        "type": "Transitive",
        "resolved": "6.8.0",
        "contentHash": "+7JIww64PkMt7NWFxoe4Y/joeF7TAtA/fQ0b2GFGcagzB59sKkTt/sMZWR6aSZht5YC7SdHi3W6yM1yylRGJCQ==",
        "dependencies": {
          "Microsoft.IdentityModel.Tokens": "6.8.0"
        }
      },
      "Microsoft.IdentityModel.Logging": {
        "type": "Transitive",
        "resolved": "6.8.0",
        "contentHash": "Rfh/p4MaN4gkmhPxwbu8IjrmoDncGfHHPh1sTnc0AcM/Oc39/fzC9doKNWvUAjzFb8LqA6lgZyblTrIsX/wDXg=="
      },
      "Microsoft.IdentityModel.Protocols": {
        "type": "Transitive",
        "resolved": "6.8.0",
        "contentHash": "OJZx5nPdiH+MEkwCkbJrTAUiO/YzLe0VSswNlDxJsJD9bhOIdXHufh650pfm59YH1DNevp3/bXzukKrG57gA1w==",
        "dependencies": {
          "Microsoft.IdentityModel.Logging": "6.8.0",
          "Microsoft.IdentityModel.Tokens": "6.8.0"
        }
      },
      "Microsoft.IdentityModel.Protocols.OpenIdConnect": {
        "type": "Transitive",
        "resolved": "6.8.0",
        "contentHash": "X/PiV5l3nYYsodtrNMrNQIVlDmHpjQQ5w48E+o/D5H4es2+4niEyQf3l03chvZGWNzBRhfSstaXr25/Ye4AeYw==",
        "dependencies": {
          "Microsoft.IdentityModel.Protocols": "6.8.0",
          "System.IdentityModel.Tokens.Jwt": "6.8.0"
        }
      },
      "Microsoft.IdentityModel.Tokens": {
        "type": "Transitive",
        "resolved": "6.8.0",
        "contentHash": "gTqzsGcmD13HgtNePPcuVHZ/NXWmyV+InJgalW/FhWpII1D7V1k0obIseGlWMeA4G+tZfeGMfXr0klnWbMR/mQ==",
        "dependencies": {
          "Microsoft.CSharp": "4.5.0",
          "Microsoft.IdentityModel.Logging": "6.8.0",
          "System.Security.Cryptography.Cng": "4.5.0"
        }
      },
      "Microsoft.NETCore.Platforms": {
        "type": "Transitive",
        "resolved": "3.1.0",
        "contentHash": "z7aeg8oHln2CuNulfhiLYxCVMPEwBl3rzicjvIX+4sUuCwvXw5oXQEtbiU2c0z4qYL5L3Kmx0mMA/+t/SbY67w=="
      },
      "Microsoft.NETCore.Targets": {
        "type": "Transitive",
        "resolved": "1.1.0",
        "contentHash": "aOZA3BWfz9RXjpzt0sRJJMjAscAUm3Hoa4UWAfceV9UTYxgwZ1lZt5nO2myFf+/jetYQo4uTP7zS8sJY67BBxg=="
      },
      "Microsoft.Win32.Registry": {
        "type": "Transitive",
        "resolved": "4.7.0",
        "contentHash": "KSrRMb5vNi0CWSGG1++id2ZOs/1QhRqROt+qgbEAdQuGjGrFcl4AOl4/exGPUYz2wUnU42nvJqon1T3U0kPXLA==",
        "dependencies": {
          "System.Security.AccessControl": "4.7.0",
          "System.Security.Principal.Windows": "4.7.0"
        }
      },
      "Microsoft.Win32.SystemEvents": {
        "type": "Transitive",
        "resolved": "4.7.0",
        "contentHash": "mtVirZr++rq+XCDITMUdnETD59XoeMxSpLRIII7JRI6Yj0LEDiO1pPn0ktlnIj12Ix8bfvQqQDMMIF9wC98oCA==",
        "dependencies": {
          "Microsoft.NETCore.Platforms": "3.1.0"
        }
      },
      "Newtonsoft.Json": {
        "type": "Transitive",
        "resolved": "12.0.3",
        "contentHash": "6mgjfnRB4jKMlzHSl+VD+oUc1IebOZabkbyWj2RiTgWwYPPuaK1H97G1sHqGwPlS5npiF5Q0OrxN1wni2n5QWg=="
      },
      "SQLitePCLRaw.bundle_e_sqlite3": {
        "type": "Transitive",
        "resolved": "2.0.4",
        "contentHash": "f5U8Sw0lRym8tTraJ2zm6OqcDrcrEVvcKDtYlKSLs3Ox9SerkwkPXiFXb/uiW0g2tJdUw6oBhsxI/l5DoRxXMg==",
        "dependencies": {
          "SQLitePCLRaw.core": "2.0.4",
          "SQLitePCLRaw.lib.e_sqlite3": "2.0.4",
          "SQLitePCLRaw.provider.dynamic_cdecl": "2.0.4"
        }
      },
      "SQLitePCLRaw.core": {
        "type": "Transitive",
        "resolved": "2.0.4",
        "contentHash": "4XlDZpDAsboMD6qZQcz9AaKblKDUTVHF+8f3lvbP7QjoqSRr2Xc0Lm34IK2pjRIYnyFLhI3yOJ5YWfOiCid2yg==",
        "dependencies": {
          "System.Memory": "4.5.3"
        }
      },
      "SQLitePCLRaw.lib.e_sqlcipher": {
        "type": "Transitive",
        "resolved": "2.0.4",
        "contentHash": "fViXtvmIEElbzBWHKOoCLq5rYxUIN63sA6ueYKoJ/GLaqmeNEWLNNisdLf1UkcCG7rW6muMZLKaHslE4Clpy2w=="
      },
      "SQLitePCLRaw.lib.e_sqlite3": {
        "type": "Transitive",
        "resolved": "2.0.4",
        "contentHash": "oetvmtDZOE4Nnrtxd8Trapl9geBiu0rDCUXff46qGYjnUwzaU1mZ3OHnfR402tl32rx8gBWg3n5OBRaPJRbsGw=="
      },
      "SQLitePCLRaw.provider.dynamic_cdecl": {
        "type": "Transitive",
        "resolved": "2.0.4",
        "contentHash": "AY6+vv/4ji1mCkLrS6HP/88rHT9YFKRyg3LUj8RyIk6imJMUFdQDiP8rK8gq0a/0FbqspLjK1t7rtKcr7FXRYA==",
        "dependencies": {
          "SQLitePCLRaw.core": "2.0.4"
        }
      },
      "StyleCop.Analyzers.Unstable": {
        "type": "Transitive",
        "resolved": "1.2.0.556",
        "contentHash": "zvn9Mqs/ox/83cpYPignI8hJEM2A93s2HkHs8HYMOAQW0PkampyoErAiIyKxgTLqbbad29HX/shv/6LGSjPJNQ=="
      },
      "System.Collections": {
        "type": "Transitive",
        "resolved": "4.3.0",
        "contentHash": "3Dcj85/TBdVpL5Zr+gEEBUuFe2icOnLalmEh9hfck1PTYbbyWuZgh4fmm2ysCLTrqLQw6t3TgTyJ+VLp+Qb+Lw==",
        "dependencies": {
          "Microsoft.NETCore.Platforms": "1.1.0",
          "Microsoft.NETCore.Targets": "1.1.0",
          "System.Runtime": "4.3.0"
        }
      },
      "System.Collections.NonGeneric": {
        "type": "Transitive",
        "resolved": "4.3.0",
        "contentHash": "prtjIEMhGUnQq6RnPEYLpFt8AtLbp9yq2zxOSrY7KJJZrw25Fi97IzBqY7iqssbM61Ek5b8f3MG/sG1N2sN5KA==",
        "dependencies": {
          "System.Diagnostics.Debug": "4.3.0",
          "System.Globalization": "4.3.0",
          "System.Resources.ResourceManager": "4.3.0",
          "System.Runtime": "4.3.0",
          "System.Runtime.Extensions": "4.3.0",
          "System.Threading": "4.3.0"
        }
      },
      "System.Collections.Specialized": {
        "type": "Transitive",
        "resolved": "4.3.0",
        "contentHash": "Epx8PoVZR0iuOnJJDzp7pWvdfMMOAvpUo95pC4ScH2mJuXkKA2Y4aR3cG9qt2klHgSons1WFh4kcGW7cSXvrxg==",
        "dependencies": {
          "System.Collections.NonGeneric": "4.3.0",
          "System.Globalization": "4.3.0",
          "System.Globalization.Extensions": "4.3.0",
          "System.Resources.ResourceManager": "4.3.0",
          "System.Runtime": "4.3.0",
          "System.Runtime.Extensions": "4.3.0",
          "System.Threading": "4.3.0"
        }
      },
      "System.ComponentModel": {
        "type": "Transitive",
        "resolved": "4.3.0",
        "contentHash": "VyGn1jGRZVfxnh8EdvDCi71v3bMXrsu8aYJOwoV7SNDLVhiEqwP86pPMyRGsDsxhXAm2b3o9OIqeETfN5qfezw==",
        "dependencies": {
          "System.Runtime": "4.3.0"
        }
      },
      "System.ComponentModel.Annotations": {
        "type": "Transitive",
        "resolved": "4.5.0",
        "contentHash": "UxYQ3FGUOtzJ7LfSdnYSFd7+oEv6M8NgUatatIN2HxNtDdlcvFAf+VIq4Of9cDMJEJC0aSRv/x898RYhB4Yppg=="
      },
      "System.ComponentModel.Primitives": {
        "type": "Transitive",
        "resolved": "4.3.0",
        "contentHash": "j8GUkCpM8V4d4vhLIIoBLGey2Z5bCkMVNjEZseyAlm4n5arcsJOeI3zkUP+zvZgzsbLTYh4lYeP/ZD/gdIAPrw==",
        "dependencies": {
          "System.ComponentModel": "4.3.0",
          "System.Resources.ResourceManager": "4.3.0",
          "System.Runtime": "4.3.0"
        }
      },
      "System.ComponentModel.TypeConverter": {
        "type": "Transitive",
        "resolved": "4.3.0",
        "contentHash": "16pQ6P+EdhcXzPiEK4kbA953Fu0MNG2ovxTZU81/qsCd1zPRsKc3uif5NgvllCY598k6bI0KUyKW8fanlfaDQg==",
        "dependencies": {
          "System.Collections": "4.3.0",
          "System.Collections.NonGeneric": "4.3.0",
          "System.Collections.Specialized": "4.3.0",
          "System.ComponentModel": "4.3.0",
          "System.ComponentModel.Primitives": "4.3.0",
          "System.Globalization": "4.3.0",
          "System.Linq": "4.3.0",
          "System.Reflection": "4.3.0",
          "System.Reflection.Extensions": "4.3.0",
          "System.Reflection.Primitives": "4.3.0",
          "System.Reflection.TypeExtensions": "4.3.0",
          "System.Resources.ResourceManager": "4.3.0",
          "System.Runtime": "4.3.0",
          "System.Runtime.Extensions": "4.3.0",
          "System.Threading": "4.3.0"
        }
      },
      "System.Configuration.ConfigurationManager": {
        "type": "Transitive",
        "resolved": "4.7.0",
        "contentHash": "/anOTeSZCNNI2zDilogWrZ8pNqCmYbzGNexUnNhjW8k0sHqEZ2nHJBp147jBV3hGYswu5lINpNg1vxR7bnqvVA==",
        "dependencies": {
          "System.Security.Cryptography.ProtectedData": "4.7.0",
          "System.Security.Permissions": "4.7.0"
        }
      },
      "System.Data.Common": {
        "type": "Transitive",
        "resolved": "4.3.0",
        "contentHash": "lm6E3T5u7BOuEH0u18JpbJHxBfOJPuCyl4Kg1RH10ktYLp5uEEE1xKrHW56/We4SnZpGAuCc9N0MJpSDhTHZGQ==",
        "dependencies": {
          "System.Collections": "4.3.0",
          "System.Globalization": "4.3.0",
          "System.IO": "4.3.0",
          "System.Resources.ResourceManager": "4.3.0",
          "System.Runtime": "4.3.0",
          "System.Runtime.Extensions": "4.3.0",
          "System.Text.RegularExpressions": "4.3.0",
          "System.Threading.Tasks": "4.3.0"
        }
      },
      "System.Diagnostics.Debug": {
        "type": "Transitive",
        "resolved": "4.3.0",
        "contentHash": "ZUhUOdqmaG5Jk3Xdb8xi5kIyQYAA4PnTNlHx1mu9ZY3qv4ELIdKbnL/akbGaKi2RnNUWaZsAs31rvzFdewTj2g==",
        "dependencies": {
          "Microsoft.NETCore.Platforms": "1.1.0",
          "Microsoft.NETCore.Targets": "1.1.0",
          "System.Runtime": "4.3.0"
        }
      },
      "System.Diagnostics.DiagnosticSource": {
        "type": "Transitive",
        "resolved": "4.7.0",
        "contentHash": "oJjw3uFuVDJiJNbCD8HB4a2p3NYLdt1fiT5OGsPLw+WTOuG0KpP4OXelMmmVKpClueMsit6xOlzy4wNKQFiBLg=="
      },
      "System.Drawing.Common": {
        "type": "Transitive",
        "resolved": "4.7.0",
        "contentHash": "v+XbyYHaZjDfn0ENmJEV1VYLgGgCTx1gnfOBcppowbpOAriglYgGCvFCPr2EEZyBvXlpxbEsTwkOlInl107ahA==",
        "dependencies": {
          "Microsoft.NETCore.Platforms": "3.1.0",
          "Microsoft.Win32.SystemEvents": "4.7.0"
        }
      },
      "System.Globalization": {
        "type": "Transitive",
        "resolved": "4.3.0",
        "contentHash": "kYdVd2f2PAdFGblzFswE4hkNANJBKRmsfa2X5LG2AcWE1c7/4t0pYae1L8vfZ5xvE2nK/R9JprtToA61OSHWIg==",
        "dependencies": {
          "Microsoft.NETCore.Platforms": "1.1.0",
          "Microsoft.NETCore.Targets": "1.1.0",
          "System.Runtime": "4.3.0"
        }
      },
      "System.Globalization.Extensions": {
        "type": "Transitive",
        "resolved": "4.3.0",
        "contentHash": "FhKmdR6MPG+pxow6wGtNAWdZh7noIOpdD5TwQ3CprzgIE1bBBoim0vbR1+AWsWjQmU7zXHgQo4TWSP6lCeiWcQ==",
        "dependencies": {
          "Microsoft.NETCore.Platforms": "1.1.0",
          "System.Globalization": "4.3.0",
          "System.Resources.ResourceManager": "4.3.0",
          "System.Runtime": "4.3.0",
          "System.Runtime.Extensions": "4.3.0",
          "System.Runtime.InteropServices": "4.3.0"
        }
      },
      "System.IdentityModel.Tokens.Jwt": {
        "type": "Transitive",
        "resolved": "6.8.0",
        "contentHash": "5tBCjAub2Bhd5qmcd0WhR5s354e4oLYa//kOWrkX+6/7ZbDDJjMTfwLSOiZ/MMpWdE4DWPLOfTLOq/juj9CKzA==",
        "dependencies": {
          "Microsoft.IdentityModel.JsonWebTokens": "6.8.0",
          "Microsoft.IdentityModel.Tokens": "6.8.0"
        }
      },
      "System.IO": {
        "type": "Transitive",
        "resolved": "4.3.0",
        "contentHash": "3qjaHvxQPDpSOYICjUoTsmoq5u6QJAFRUITgeT/4gqkF1bajbSmb1kwSxEA8AHlofqgcKJcM8udgieRNhaJ5Cg==",
        "dependencies": {
          "Microsoft.NETCore.Platforms": "1.1.0",
          "Microsoft.NETCore.Targets": "1.1.0",
          "System.Runtime": "4.3.0",
          "System.Text.Encoding": "4.3.0",
          "System.Threading.Tasks": "4.3.0"
        }
      },
      "System.Linq": {
        "type": "Transitive",
        "resolved": "4.3.0",
        "contentHash": "5DbqIUpsDp0dFftytzuMmc0oeMdQwjcP/EWxsksIz/w1TcFRkZ3yKKz0PqiYFMmEwPSWw+qNVqD7PJ889JzHbw==",
        "dependencies": {
          "System.Collections": "4.3.0",
          "System.Diagnostics.Debug": "4.3.0",
          "System.Resources.ResourceManager": "4.3.0",
          "System.Runtime": "4.3.0",
          "System.Runtime.Extensions": "4.3.0"
        }
      },
      "System.Memory": {
        "type": "Transitive",
        "resolved": "4.5.3",
        "contentHash": "3oDzvc/zzetpTKWMShs1AADwZjQ/36HnsufHRPcOjyRAAMLDlu2iD33MBI2opxnezcVUtXyqDXXjoFMOU9c7SA=="
      },
      "System.Reflection": {
        "type": "Transitive",
        "resolved": "4.3.0",
        "contentHash": "KMiAFoW7MfJGa9nDFNcfu+FpEdiHpWgTcS2HdMpDvt9saK3y/G4GwprPyzqjFH9NTaGPQeWNHU+iDlDILj96aQ==",
        "dependencies": {
          "Microsoft.NETCore.Platforms": "1.1.0",
          "Microsoft.NETCore.Targets": "1.1.0",
          "System.IO": "4.3.0",
          "System.Reflection.Primitives": "4.3.0",
          "System.Runtime": "4.3.0"
        }
      },
      "System.Reflection.Extensions": {
        "type": "Transitive",
        "resolved": "4.3.0",
        "contentHash": "rJkrJD3kBI5B712aRu4DpSIiHRtr6QlfZSQsb0hYHrDCZORXCFjQfoipo2LaMUHoT9i1B7j7MnfaEKWDFmFQNQ==",
        "dependencies": {
          "Microsoft.NETCore.Platforms": "1.1.0",
          "Microsoft.NETCore.Targets": "1.1.0",
          "System.Reflection": "4.3.0",
          "System.Runtime": "4.3.0"
        }
      },
      "System.Reflection.Primitives": {
        "type": "Transitive",
        "resolved": "4.3.0",
        "contentHash": "5RXItQz5As4xN2/YUDxdpsEkMhvw3e6aNveFXUn4Hl/udNTCNhnKp8lT9fnc3MhvGKh1baak5CovpuQUXHAlIA==",
        "dependencies": {
          "Microsoft.NETCore.Platforms": "1.1.0",
          "Microsoft.NETCore.Targets": "1.1.0",
          "System.Runtime": "4.3.0"
        }
      },
      "System.Reflection.TypeExtensions": {
        "type": "Transitive",
        "resolved": "4.7.0",
        "contentHash": "VybpaOQQhqE6siHppMktjfGBw1GCwvCqiufqmP8F1nj7fTUNtW35LOEt3UZTEsECfo+ELAl/9o9nJx3U91i7vA=="
      },
      "System.Resources.ResourceManager": {
        "type": "Transitive",
        "resolved": "4.3.0",
        "contentHash": "/zrcPkkWdZmI4F92gL/TPumP98AVDu/Wxr3CSJGQQ+XN6wbRZcyfSKVoPo17ilb3iOr0cCRqJInGwNMolqhS8A==",
        "dependencies": {
          "Microsoft.NETCore.Platforms": "1.1.0",
          "Microsoft.NETCore.Targets": "1.1.0",
          "System.Globalization": "4.3.0",
          "System.Reflection": "4.3.0",
          "System.Runtime": "4.3.0"
        }
      },
      "System.Runtime": {
        "type": "Transitive",
        "resolved": "4.3.0",
        "contentHash": "JufQi0vPQ0xGnAczR13AUFglDyVYt4Kqnz1AZaiKZ5+GICq0/1MH/mO/eAJHt/mHW1zjKBJd7kV26SrxddAhiw==",
        "dependencies": {
          "Microsoft.NETCore.Platforms": "1.1.0",
          "Microsoft.NETCore.Targets": "1.1.0"
        }
      },
      "System.Runtime.Caching": {
        "type": "Transitive",
        "resolved": "4.7.0",
        "contentHash": "NdvNRjTPxYvIEhXQszT9L9vJhdQoX6AQ0AlhjTU+5NqFQVuacJTfhPVAvtGWNA2OJCqRiR/okBcZgMwI6MqcZg==",
        "dependencies": {
          "System.Configuration.ConfigurationManager": "4.7.0"
        }
      },
      "System.Runtime.Extensions": {
        "type": "Transitive",
        "resolved": "4.3.0",
        "contentHash": "guW0uK0fn5fcJJ1tJVXYd7/1h5F+pea1r7FLSOz/f8vPEqbR2ZAknuRDvTQ8PzAilDveOxNjSfr0CHfIQfFk8g==",
        "dependencies": {
          "Microsoft.NETCore.Platforms": "1.1.0",
          "Microsoft.NETCore.Targets": "1.1.0",
          "System.Runtime": "4.3.0"
        }
      },
      "System.Runtime.Handles": {
        "type": "Transitive",
        "resolved": "4.3.0",
        "contentHash": "OKiSUN7DmTWeYb3l51A7EYaeNMnvxwE249YtZz7yooT4gOZhmTjIn48KgSsw2k2lYdLgTKNJw/ZIfSElwDRVgg==",
        "dependencies": {
          "Microsoft.NETCore.Platforms": "1.1.0",
          "Microsoft.NETCore.Targets": "1.1.0",
          "System.Runtime": "4.3.0"
        }
      },
      "System.Runtime.InteropServices": {
        "type": "Transitive",
        "resolved": "4.3.0",
        "contentHash": "uv1ynXqiMK8mp1GM3jDqPCFN66eJ5w5XNomaK2XD+TuCroNTLFGeZ+WCmBMcBDyTFKou3P6cR6J/QsaqDp7fGQ==",
        "dependencies": {
          "Microsoft.NETCore.Platforms": "1.1.0",
          "Microsoft.NETCore.Targets": "1.1.0",
          "System.Reflection": "4.3.0",
          "System.Reflection.Primitives": "4.3.0",
          "System.Runtime": "4.3.0",
          "System.Runtime.Handles": "4.3.0"
        }
      },
      "System.Security.AccessControl": {
        "type": "Transitive",
        "resolved": "4.7.0",
        "contentHash": "JECvTt5aFF3WT3gHpfofL2MNNP6v84sxtXxpqhLBCcDRzqsPBmHhQ6shv4DwwN2tRlzsUxtb3G9M3763rbXKDg==",
        "dependencies": {
          "Microsoft.NETCore.Platforms": "3.1.0",
          "System.Security.Principal.Windows": "4.7.0"
        }
      },
      "System.Security.Cryptography.Cng": {
        "type": "Transitive",
        "resolved": "4.5.0",
        "contentHash": "WG3r7EyjUe9CMPFSs6bty5doUqT+q9pbI80hlNzo2SkPkZ4VTuZkGWjpp77JB8+uaL4DFPRdBsAY+DX3dBK92A=="
      },
      "System.Security.Cryptography.ProtectedData": {
        "type": "Transitive",
        "resolved": "4.7.0",
        "contentHash": "ehYW0m9ptxpGWvE4zgqongBVWpSDU/JCFD4K7krxkQwSz/sFQjEXCUqpvencjy6DYDbn7Ig09R8GFffu8TtneQ=="
      },
      "System.Security.Permissions": {
        "type": "Transitive",
        "resolved": "4.7.0",
        "contentHash": "dkOV6YYVBnYRa15/yv004eCGRBVADXw8qRbbNiCn/XpdJSUXkkUeIvdvFHkvnko4CdKMqG8yRHC4ox83LSlMsQ==",
        "dependencies": {
          "System.Security.AccessControl": "4.7.0",
          "System.Windows.Extensions": "4.7.0"
        }
      },
      "System.Security.Principal.Windows": {
        "type": "Transitive",
        "resolved": "4.7.0",
        "contentHash": "ojD0PX0XhneCsUbAZVKdb7h/70vyYMDYs85lwEI+LngEONe/17A0cFaRFqZU+sOEidcVswYWikYOQ9PPfjlbtQ=="
      },
      "System.Text.Encoding": {
        "type": "Transitive",
        "resolved": "4.3.0",
        "contentHash": "BiIg+KWaSDOITze6jGQynxg64naAPtqGHBwDrLaCtixsa5bKiR8dpPOHA7ge3C0JJQizJE+sfkz1wV+BAKAYZw==",
        "dependencies": {
          "Microsoft.NETCore.Platforms": "1.1.0",
          "Microsoft.NETCore.Targets": "1.1.0",
          "System.Runtime": "4.3.0"
        }
      },
      "System.Text.Encoding.CodePages": {
        "type": "Transitive",
        "resolved": "4.7.0",
        "contentHash": "aeu4FlaUTemuT1qOd1MyU4T516QR4Fy+9yDbwWMPHOHy7U8FD6SgTzdZFO7gHcfAPHtECqInbwklVvUK4RHcNg==",
        "dependencies": {
          "Microsoft.NETCore.Platforms": "3.1.0"
        }
      },
      "System.Text.RegularExpressions": {
        "type": "Transitive",
        "resolved": "4.3.0",
        "contentHash": "RpT2DA+L660cBt1FssIE9CAGpLFdFPuheB7pLpKpn6ZXNby7jDERe8Ua/Ne2xGiwLVG2JOqziiaVCGDon5sKFA==",
        "dependencies": {
          "System.Runtime": "4.3.0"
        }
      },
      "System.Threading": {
        "type": "Transitive",
        "resolved": "4.3.0",
        "contentHash": "VkUS0kOBcUf3Wwm0TSbrevDDZ6BlM+b/HRiapRFWjM5O0NS0LviG0glKmFK+hhPDd1XFeSdU1GmlLhb2CoVpIw==",
        "dependencies": {
          "System.Runtime": "4.3.0",
          "System.Threading.Tasks": "4.3.0"
        }
      },
      "System.Threading.Tasks": {
        "type": "Transitive",
        "resolved": "4.3.0",
        "contentHash": "LbSxKEdOUhVe8BezB/9uOGGppt+nZf6e1VFyw6v3DN6lqitm0OSn2uXMOdtP0M3W4iMcqcivm2J6UgqiwwnXiA==",
        "dependencies": {
          "Microsoft.NETCore.Platforms": "1.1.0",
          "Microsoft.NETCore.Targets": "1.1.0",
          "System.Runtime": "4.3.0"
        }
      },
      "System.Windows.Extensions": {
        "type": "Transitive",
        "resolved": "4.7.0",
        "contentHash": "CeWTdRNfRaSh0pm2gDTJFwVaXfTq6Xwv/sA887iwPTneW7oMtMlpvDIO+U60+3GWTB7Aom6oQwv5VZVUhQRdPQ==",
        "dependencies": {
          "System.Drawing.Common": "4.7.0"
        }
      }
    }
  }
}