
Microsoft Visual Studio Solution File, Format Version 12.00
# Visual Studio Version 17
VisualStudioVersion = 17.0.31521.260
MinimumVisualStudioVersion = 10.0.40219.1
Project("{9A19103F-16F7-4668-BE54-9A1E7A4F7556}") = "Dotmim.Sync.Core", "..\Projects\Dotmim.Sync.Core\Dotmim.Sync.Core.csproj", "{0D8EB514-E877-411A-8133-1515711A8C66}"
EndProject
Project("{9A19103F-16F7-4668-BE54-9A1E7A4F7556}") = "Dotmim.Sync.SqlServer", "..\Projects\Dotmim.Sync.SqlServer\Dotmim.Sync.SqlServer.csproj", "{9C5B5E86-C941-4718-A8F6-9EE96FEEEF97}"
EndProject
Project("{9A19103F-16F7-4668-BE54-9A1E7A4F7556}") = "Dotmim.Sync.Sqlite", "..\Projects\Dotmim.Sync.Sqlite\Dotmim.Sync.Sqlite.csproj", "{B9CF32D5-30F9-4778-BAFD-EDA867A817B9}"
EndProject
Project("{9A19103F-16F7-4668-BE54-9A1E7A4F7556}") = "Dotmim.Sync.Web.Server", "..\Projects\Dotmim.Sync.Web.Server\Dotmim.Sync.Web.Server.csproj", "{C1F7296A-4B1F-4016-AB19-FC1A9FE3BC71}"
EndProject
Project("{9A19103F-16F7-4668-BE54-9A1E7A4F7556}") = "Dotmim.Sync.Web.Client", "..\Projects\Dotmim.Sync.Web.Client\Dotmim.Sync.Web.Client.csproj", "{7377AC81-EB0A-46DD-BC5E-EE149BA9D362}"
EndProject
Project("{2150E333-8FDC-42A3-9474-1A3956D46DE8}") = "Samples", "Samples", "{3334B930-49DF-4984-9730-AA4559C02E1C}"
EndProject
Project("{9A19103F-16F7-4668-BE54-9A1E7A4F7556}") = "HelloSync", "HelloSync\HelloSync.csproj", "{6AA7537C-924F-4B48-AA99-99F2CDA0805C}"
EndProject
Project("{9A19103F-16F7-4668-BE54-9A1E7A4F7556}") = "SyncType", "SyncType\SyncType.csproj", "{4641DEF6-2658-4F60-992A-5E08319F9A49}"
EndProject
Project("{9A19103F-16F7-4668-BE54-9A1E7A4F7556}") = "Orchestrators", "Orchestrators\Orchestrators.csproj", "{8522CE75-5803-480A-9BC4-9E2DE4F74AC8}"
EndProject
Project("{9A19103F-16F7-4668-BE54-9A1E7A4F7556}") = "Encryption", "Encryption\Encryption.csproj", "{157394B0-3BE5-49F5-9E5A-DD33400613D7}"
EndProject
Project("{9A19103F-16F7-4668-BE54-9A1E7A4F7556}") = "Dotmim.Sync.SqlServer.ChangeTracking", "..\Projects\Dotmim.Sync.SqlServer.ChangeTracking\Dotmim.Sync.SqlServer.ChangeTracking.csproj", "{ED1E16FB-D68A-4587-B907-9F2344D7027F}"
EndProject
Project("{9A19103F-16F7-4668-BE54-9A1E7A4F7556}") = "Dotmim.Sync.MySql", "..\Projects\Dotmim.Sync.MySql\Dotmim.Sync.MySql.csproj", "{FD50CD09-4B05-4C6C-ACD3-29C7056C9183}"
EndProject
Project("{9A19103F-16F7-4668-BE54-9A1E7A4F7556}") = "OutDated", "OutDated\OutDated.csproj", "{B1D39B93-AB44-43A0-9E03-F14ACCBBB380}"
EndProject
Project("{9A19103F-16F7-4668-BE54-9A1E7A4F7556}") = "HelloWebSyncClient", "HelloWebSync\HelloWebSyncClient\HelloWebSyncClient.csproj", "{02BE2EC2-7F06-40BF-AF36-A1566A058906}"
EndProject
Project("{2150E333-8FDC-42A3-9474-1A3956D46DE8}") = "HelloWebSync", "HelloWebSync", "{C497BADF-3197-4944-B06F-CE75CDAB4244}"
EndProject
Project("{9A19103F-16F7-4668-BE54-9A1E7A4F7556}") = "HelloWebSyncServer", "HelloWebSync\HelloWebSyncServer\HelloWebSyncServer.csproj", "{6DC7951D-6613-4A5A-A6C8-21805F0B5BD7}"
EndProject
Project("{9A19103F-16F7-4668-BE54-9A1E7A4F7556}") = "Progression", "Progression\Progression.csproj", "{D7308DB2-A632-4374-B7C4-3657714D5E02}"
EndProject
Project("{2150E333-8FDC-42A3-9474-1A3956D46DE8}") = "ConverterWebSync", "ConverterWebSync", "{8893CA41-D8B7-4EFA-9FDA-2FE016DDC356}"
EndProject
Project("{9A19103F-16F7-4668-BE54-9A1E7A4F7556}") = "ConverterWebSyncClient", "ConverterWebSync\ConverterWebSyncClient\ConverterWebSyncClient.csproj", "{8907A936-83B7-490D-8EB2-A025CDD17258}"
EndProject
Project("{9A19103F-16F7-4668-BE54-9A1E7A4F7556}") = "ConverterWebSyncServer", "ConverterWebSync\ConverterWebSyncServer\ConverterWebSyncServer.csproj", "{46F6C670-1CDD-4C1A-95B2-36CE6637379E}"
EndProject
Project("{9A19103F-16F7-4668-BE54-9A1E7A4F7556}") = "Spy", "Spy\Spy.csproj", "{32AF34D5-05A8-4D29-88FE-4BF0851C2F41}"
EndProject
Project("{9A19103F-16F7-4668-BE54-9A1E7A4F7556}") = "ProvisionDeprovision", "ProvisionDeprovision\ProvisionDeprovision.csproj", "{99A4C0C1-598C-4BF4-BD8F-8CF7348AC2C4}"
EndProject
Project("{9A19103F-16F7-4668-BE54-9A1E7A4F7556}") = "Migration", "Migration\Migration.csproj", "{4F17ED30-2135-4562-B531-A4A463EA4B4C}"
EndProject
Project("{2150E333-8FDC-42A3-9474-1A3956D46DE8}") = "Batchsize", "Batchsize", "{6627934F-425F-4AC2-8ACF-C61B64AE5E87}"
EndProject
Project("{9A19103F-16F7-4668-BE54-9A1E7A4F7556}") = "BatchsizeClient", "Batchsize\BatchsizeClient\BatchsizeClient.csproj", "{036E9843-B423-4481-9D26-11C5F3DD7C2C}"
EndProject
Project("{9A19103F-16F7-4668-BE54-9A1E7A4F7556}") = "BatchsizeServer", "Batchsize\BatchsizeServer\BatchsizeServer.csproj", "{DC508592-8AEA-448F-9743-AC1BAA8CE6DE}"
EndProject
Project("{9A19103F-16F7-4668-BE54-9A1E7A4F7556}") = "Interceptors", "Interceptors\Interceptors.csproj", "{0CF648DE-B489-4ECF-ADBE-961CDC34AAE4}"
EndProject
Project("{2150E333-8FDC-42A3-9474-1A3956D46DE8}") = "HelloWebAuthSync", "HelloWebAuthSync", "{00CD35ED-877B-4827-9148-A2485FFFEA6E}"
EndProject
Project("{9A19103F-16F7-4668-BE54-9A1E7A4F7556}") = "HelloWebAuthSyncServer", "HelloWebAuthSync\HelloWebAuthSyncServer\HelloWebAuthSyncServer.csproj", "{4FE6A269-BDB9-4B82-B479-6D4F29856204}"
EndProject
Project("{9A19103F-16F7-4668-BE54-9A1E7A4F7556}") = "HelloWebAuthSyncClient", "HelloWebAuthSync\HelloWebAuthSyncClient\HelloWebAuthSyncClient.csproj", "{E915FBF9-F7C7-4CED-8C1F-B64B5493C0AF}"
EndProject
Project("{2150E333-8FDC-42A3-9474-1A3956D46DE8}") = "Xamarin", "Xamarin", "{AA2E24CC-52D4-4E5C-AD40-2DD2B28D0F69}"
EndProject
Project("{9A19103F-16F7-4668-BE54-9A1E7A4F7556}") = "XamAppServer", "XamAppSync\XamAppServer\XamAppServer.csproj", "{02A7CC3C-7265-45EC-A148-5D29ED8CDA05}"
EndProject
Project("{9A19103F-16F7-4668-BE54-9A1E7A4F7556}") = "SqliteEncryption", "SqliteEncryption\SqliteEncryption.csproj", "{36722BB9-F9BA-4B91-A575-8DE10430CACC}"
EndProject
Project("{9A19103F-16F7-4668-BE54-9A1E7A4F7556}") = "Conflict", "Conflict\Conflict.csproj", "{42407D52-4928-43DD-BBFE-D01E868CDA32}"
EndProject
Project("{9A19103F-16F7-4668-BE54-9A1E7A4F7556}") = "XamSyncSample", "XamAppSync\XamSyncSample\XamSyncSample\XamSyncSample.csproj", "{92D4C1D0-EF43-4D38-BC4C-722D706199C6}"
EndProject
Project("{FAE04EC0-301F-11D3-BF4B-00C04F79EFBC}") = "XamSyncSample.Android", "XamAppSync\XamSyncSample\XamSyncSample.Android\XamSyncSample.Android.csproj", "{0D70D6AC-4E2F-4120-9AEA-73BE22534D27}"
EndProject
Project("{9A19103F-16F7-4668-BE54-9A1E7A4F7556}") = "XamAppServerConsole", "XamAppSync\XamAppServerConsole\XamAppServerConsole.csproj", "{EC268A2A-4CF9-42D1-958C-F7F8CA6C137F}"
EndProject
Project("{2150E333-8FDC-42A3-9474-1A3956D46DE8}") = "FilterWebSync", "FilterWebSync", "{A47777C8-7C63-4522-A016-22902AF389CD}"
EndProject
Project("{9A19103F-16F7-4668-BE54-9A1E7A4F7556}") = "FilterWebSyncClient", "FilterWebSync\FilterWebSyncClient\FilterWebSyncClient.csproj", "{2E676AA1-AE0C-4012-B685-C7DC8109F6C6}"
EndProject
Project("{9A19103F-16F7-4668-BE54-9A1E7A4F7556}") = "FilterWebSyncServer", "FilterWebSync\FilterWebSyncServer\FilterWebSyncServer.csproj", "{823B5175-6622-4B36-86F7-BF8EACC1E00D}"
EndProject
Project("{9A19103F-16F7-4668-BE54-9A1E7A4F7556}") = "ComplexFilter", "ComplexFilter\ComplexFilter.csproj", "{C78B747C-149B-42CC-BB2F-3843FFE39A7B}"
EndProject
Project("{9A19103F-16F7-4668-BE54-9A1E7A4F7556}") = "SimpleFilter", "SimpleFilter\SimpleFilter.csproj", "{06A38128-BE86-4234-9903-1AFA69FB9CC2}"
EndProject
Project("{2150E333-8FDC-42A3-9474-1A3956D46DE8}") = "AlreadyExstingDatabases", "AlreadyExstingDatabases", "{DB38C0EE-21B9-454D-8022-8E734E6F4445}"
EndProject
Project("{9A19103F-16F7-4668-BE54-9A1E7A4F7556}") = "AlreadyExstingDatabases", "AlreadyExistingDatabases\AlreadyExstingDatabases.csproj", "{DA91FDB8-E024-4BDD-A942-2A3CEA4F687B}"
EndProject
Project("{2150E333-8FDC-42A3-9474-1A3956D46DE8}") = "MutliOrchestratorsWebSync", "MutliOrchestratorsWebSync", "{A280ABCF-A559-491A-9AFD-A3BD61D7BFA0}"
EndProject
Project("{9A19103F-16F7-4668-BE54-9A1E7A4F7556}") = "MutliOrchestratorsWebSyncClient", "MutliOrchestratorsWebSync\MutliOrchestratorsWebSyncClient\MutliOrchestratorsWebSyncClient.csproj", "{43E939BE-B1A0-4245-BC42-B9FBECC158F2}"
EndProject
Project("{9A19103F-16F7-4668-BE54-9A1E7A4F7556}") = "MutliOrchestratorsWebSyncServer", "MutliOrchestratorsWebSync\MutliOrchestratorsWebSyncServer\MutliOrchestratorsWebSyncServer.csproj", "{7D4E3B4B-10E8-4AAB-B351-65E025B8D16E}"
EndProject
Project("{9A19103F-16F7-4668-BE54-9A1E7A4F7556}") = "CustomProvider", "CustomProvider\CustomProvider.csproj", "{87182129-E453-480F-96A0-02F7CF031377}"
EndProject
Project("{9A19103F-16F7-4668-BE54-9A1E7A4F7556}") = "Dotmim.Sync.MariaDB", "..\Projects\Dotmim.Sync.MariaDB\Dotmim.Sync.MariaDB.csproj", "{02451C64-D43E-4C4C-A1E1-276EC06DD446}"
EndProject
Project("{FAE04EC0-301F-11D3-BF4B-00C04F79EFBC}") = "WinFormsCore", "WinFormsCore\WinFormsCore.csproj", "{3B489E32-CDCC-4FA5-8C48-E5033D87E7E7}"
EndProject
Project("{FAE04EC0-301F-11D3-BF4B-00C04F79EFBC}") = "WindowsFormsClassic", "WindowsFormsClassic\WindowsFormsClassic.csproj", "{E8408296-498A-49F6-8835-51973932D3B6}"
EndProject
Global
	GlobalSection(SolutionConfigurationPlatforms) = preSolution
		Debug|Any CPU = Debug|Any CPU
		Release|Any CPU = Release|Any CPU
	EndGlobalSection
	GlobalSection(ProjectConfigurationPlatforms) = postSolution
		{0D8EB514-E877-411A-8133-1515711A8C66}.Debug|Any CPU.ActiveCfg = Debug|Any CPU
		{0D8EB514-E877-411A-8133-1515711A8C66}.Debug|Any CPU.Build.0 = Debug|Any CPU
		{0D8EB514-E877-411A-8133-1515711A8C66}.Release|Any CPU.ActiveCfg = Release|Any CPU
		{0D8EB514-E877-411A-8133-1515711A8C66}.Release|Any CPU.Build.0 = Release|Any CPU
		{9C5B5E86-C941-4718-A8F6-9EE96FEEEF97}.Debug|Any CPU.ActiveCfg = Debug|Any CPU
		{9C5B5E86-C941-4718-A8F6-9EE96FEEEF97}.Debug|Any CPU.Build.0 = Debug|Any CPU
		{9C5B5E86-C941-4718-A8F6-9EE96FEEEF97}.Release|Any CPU.ActiveCfg = Release|Any CPU
		{9C5B5E86-C941-4718-A8F6-9EE96FEEEF97}.Release|Any CPU.Build.0 = Release|Any CPU
		{B9CF32D5-30F9-4778-BAFD-EDA867A817B9}.Debug|Any CPU.ActiveCfg = Debug|Any CPU
		{B9CF32D5-30F9-4778-BAFD-EDA867A817B9}.Debug|Any CPU.Build.0 = Debug|Any CPU
		{B9CF32D5-30F9-4778-BAFD-EDA867A817B9}.Release|Any CPU.ActiveCfg = Release|Any CPU
		{B9CF32D5-30F9-4778-BAFD-EDA867A817B9}.Release|Any CPU.Build.0 = Release|Any CPU
		{C1F7296A-4B1F-4016-AB19-FC1A9FE3BC71}.Debug|Any CPU.ActiveCfg = Debug|Any CPU
		{C1F7296A-4B1F-4016-AB19-FC1A9FE3BC71}.Debug|Any CPU.Build.0 = Debug|Any CPU
		{C1F7296A-4B1F-4016-AB19-FC1A9FE3BC71}.Release|Any CPU.ActiveCfg = Release|Any CPU
		{C1F7296A-4B1F-4016-AB19-FC1A9FE3BC71}.Release|Any CPU.Build.0 = Release|Any CPU
		{7377AC81-EB0A-46DD-BC5E-EE149BA9D362}.Debug|Any CPU.ActiveCfg = Debug|Any CPU
		{7377AC81-EB0A-46DD-BC5E-EE149BA9D362}.Debug|Any CPU.Build.0 = Debug|Any CPU
		{7377AC81-EB0A-46DD-BC5E-EE149BA9D362}.Release|Any CPU.ActiveCfg = Release|Any CPU
		{7377AC81-EB0A-46DD-BC5E-EE149BA9D362}.Release|Any CPU.Build.0 = Release|Any CPU
		{6AA7537C-924F-4B48-AA99-99F2CDA0805C}.Debug|Any CPU.ActiveCfg = Debug|Any CPU
		{6AA7537C-924F-4B48-AA99-99F2CDA0805C}.Debug|Any CPU.Build.0 = Debug|Any CPU
		{6AA7537C-924F-4B48-AA99-99F2CDA0805C}.Release|Any CPU.ActiveCfg = Release|Any CPU
		{6AA7537C-924F-4B48-AA99-99F2CDA0805C}.Release|Any CPU.Build.0 = Release|Any CPU
		{4641DEF6-2658-4F60-992A-5E08319F9A49}.Debug|Any CPU.ActiveCfg = Debug|Any CPU
		{4641DEF6-2658-4F60-992A-5E08319F9A49}.Debug|Any CPU.Build.0 = Debug|Any CPU
		{4641DEF6-2658-4F60-992A-5E08319F9A49}.Release|Any CPU.ActiveCfg = Release|Any CPU
		{4641DEF6-2658-4F60-992A-5E08319F9A49}.Release|Any CPU.Build.0 = Release|Any CPU
		{8522CE75-5803-480A-9BC4-9E2DE4F74AC8}.Debug|Any CPU.ActiveCfg = Debug|Any CPU
		{8522CE75-5803-480A-9BC4-9E2DE4F74AC8}.Debug|Any CPU.Build.0 = Debug|Any CPU
		{8522CE75-5803-480A-9BC4-9E2DE4F74AC8}.Release|Any CPU.ActiveCfg = Release|Any CPU
		{8522CE75-5803-480A-9BC4-9E2DE4F74AC8}.Release|Any CPU.Build.0 = Release|Any CPU
		{157394B0-3BE5-49F5-9E5A-DD33400613D7}.Debug|Any CPU.ActiveCfg = Debug|Any CPU
		{157394B0-3BE5-49F5-9E5A-DD33400613D7}.Debug|Any CPU.Build.0 = Debug|Any CPU
		{157394B0-3BE5-49F5-9E5A-DD33400613D7}.Release|Any CPU.ActiveCfg = Release|Any CPU
		{157394B0-3BE5-49F5-9E5A-DD33400613D7}.Release|Any CPU.Build.0 = Release|Any CPU
		{ED1E16FB-D68A-4587-B907-9F2344D7027F}.Debug|Any CPU.ActiveCfg = Debug|Any CPU
		{ED1E16FB-D68A-4587-B907-9F2344D7027F}.Debug|Any CPU.Build.0 = Debug|Any CPU
		{ED1E16FB-D68A-4587-B907-9F2344D7027F}.Release|Any CPU.ActiveCfg = Release|Any CPU
		{ED1E16FB-D68A-4587-B907-9F2344D7027F}.Release|Any CPU.Build.0 = Release|Any CPU
		{FD50CD09-4B05-4C6C-ACD3-29C7056C9183}.Debug|Any CPU.ActiveCfg = Debug|Any CPU
		{FD50CD09-4B05-4C6C-ACD3-29C7056C9183}.Debug|Any CPU.Build.0 = Debug|Any CPU
		{FD50CD09-4B05-4C6C-ACD3-29C7056C9183}.Release|Any CPU.ActiveCfg = Release|Any CPU
		{FD50CD09-4B05-4C6C-ACD3-29C7056C9183}.Release|Any CPU.Build.0 = Release|Any CPU
		{B1D39B93-AB44-43A0-9E03-F14ACCBBB380}.Debug|Any CPU.ActiveCfg = Debug|Any CPU
		{B1D39B93-AB44-43A0-9E03-F14ACCBBB380}.Debug|Any CPU.Build.0 = Debug|Any CPU
		{B1D39B93-AB44-43A0-9E03-F14ACCBBB380}.Release|Any CPU.ActiveCfg = Release|Any CPU
		{B1D39B93-AB44-43A0-9E03-F14ACCBBB380}.Release|Any CPU.Build.0 = Release|Any CPU
		{02BE2EC2-7F06-40BF-AF36-A1566A058906}.Debug|Any CPU.ActiveCfg = Debug|Any CPU
		{02BE2EC2-7F06-40BF-AF36-A1566A058906}.Debug|Any CPU.Build.0 = Debug|Any CPU
		{02BE2EC2-7F06-40BF-AF36-A1566A058906}.Release|Any CPU.ActiveCfg = Release|Any CPU
		{02BE2EC2-7F06-40BF-AF36-A1566A058906}.Release|Any CPU.Build.0 = Release|Any CPU
		{6DC7951D-6613-4A5A-A6C8-21805F0B5BD7}.Debug|Any CPU.ActiveCfg = Debug|Any CPU
		{6DC7951D-6613-4A5A-A6C8-21805F0B5BD7}.Debug|Any CPU.Build.0 = Debug|Any CPU
		{6DC7951D-6613-4A5A-A6C8-21805F0B5BD7}.Release|Any CPU.ActiveCfg = Release|Any CPU
		{6DC7951D-6613-4A5A-A6C8-21805F0B5BD7}.Release|Any CPU.Build.0 = Release|Any CPU
		{D7308DB2-A632-4374-B7C4-3657714D5E02}.Debug|Any CPU.ActiveCfg = Debug|Any CPU
		{D7308DB2-A632-4374-B7C4-3657714D5E02}.Debug|Any CPU.Build.0 = Debug|Any CPU
		{D7308DB2-A632-4374-B7C4-3657714D5E02}.Release|Any CPU.ActiveCfg = Release|Any CPU
		{D7308DB2-A632-4374-B7C4-3657714D5E02}.Release|Any CPU.Build.0 = Release|Any CPU
		{8907A936-83B7-490D-8EB2-A025CDD17258}.Debug|Any CPU.ActiveCfg = Debug|Any CPU
		{8907A936-83B7-490D-8EB2-A025CDD17258}.Debug|Any CPU.Build.0 = Debug|Any CPU
		{8907A936-83B7-490D-8EB2-A025CDD17258}.Release|Any CPU.ActiveCfg = Release|Any CPU
		{8907A936-83B7-490D-8EB2-A025CDD17258}.Release|Any CPU.Build.0 = Release|Any CPU
		{46F6C670-1CDD-4C1A-95B2-36CE6637379E}.Debug|Any CPU.ActiveCfg = Debug|Any CPU
		{46F6C670-1CDD-4C1A-95B2-36CE6637379E}.Debug|Any CPU.Build.0 = Debug|Any CPU
		{46F6C670-1CDD-4C1A-95B2-36CE6637379E}.Release|Any CPU.ActiveCfg = Release|Any CPU
		{46F6C670-1CDD-4C1A-95B2-36CE6637379E}.Release|Any CPU.Build.0 = Release|Any CPU
		{32AF34D5-05A8-4D29-88FE-4BF0851C2F41}.Debug|Any CPU.ActiveCfg = Debug|Any CPU
		{32AF34D5-05A8-4D29-88FE-4BF0851C2F41}.Debug|Any CPU.Build.0 = Debug|Any CPU
		{32AF34D5-05A8-4D29-88FE-4BF0851C2F41}.Release|Any CPU.ActiveCfg = Release|Any CPU
		{32AF34D5-05A8-4D29-88FE-4BF0851C2F41}.Release|Any CPU.Build.0 = Release|Any CPU
		{99A4C0C1-598C-4BF4-BD8F-8CF7348AC2C4}.Debug|Any CPU.ActiveCfg = Debug|Any CPU
		{99A4C0C1-598C-4BF4-BD8F-8CF7348AC2C4}.Debug|Any CPU.Build.0 = Debug|Any CPU
		{99A4C0C1-598C-4BF4-BD8F-8CF7348AC2C4}.Release|Any CPU.ActiveCfg = Release|Any CPU
		{99A4C0C1-598C-4BF4-BD8F-8CF7348AC2C4}.Release|Any CPU.Build.0 = Release|Any CPU
		{4F17ED30-2135-4562-B531-A4A463EA4B4C}.Debug|Any CPU.ActiveCfg = Debug|Any CPU
		{4F17ED30-2135-4562-B531-A4A463EA4B4C}.Debug|Any CPU.Build.0 = Debug|Any CPU
		{4F17ED30-2135-4562-B531-A4A463EA4B4C}.Release|Any CPU.ActiveCfg = Release|Any CPU
		{4F17ED30-2135-4562-B531-A4A463EA4B4C}.Release|Any CPU.Build.0 = Release|Any CPU
		{036E9843-B423-4481-9D26-11C5F3DD7C2C}.Debug|Any CPU.ActiveCfg = Debug|Any CPU
		{036E9843-B423-4481-9D26-11C5F3DD7C2C}.Debug|Any CPU.Build.0 = Debug|Any CPU
		{036E9843-B423-4481-9D26-11C5F3DD7C2C}.Release|Any CPU.ActiveCfg = Release|Any CPU
		{036E9843-B423-4481-9D26-11C5F3DD7C2C}.Release|Any CPU.Build.0 = Release|Any CPU
		{DC508592-8AEA-448F-9743-AC1BAA8CE6DE}.Debug|Any CPU.ActiveCfg = Debug|Any CPU
		{DC508592-8AEA-448F-9743-AC1BAA8CE6DE}.Debug|Any CPU.Build.0 = Debug|Any CPU
		{DC508592-8AEA-448F-9743-AC1BAA8CE6DE}.Release|Any CPU.ActiveCfg = Release|Any CPU
		{DC508592-8AEA-448F-9743-AC1BAA8CE6DE}.Release|Any CPU.Build.0 = Release|Any CPU
		{0CF648DE-B489-4ECF-ADBE-961CDC34AAE4}.Debug|Any CPU.ActiveCfg = Debug|Any CPU
		{0CF648DE-B489-4ECF-ADBE-961CDC34AAE4}.Debug|Any CPU.Build.0 = Debug|Any CPU
		{0CF648DE-B489-4ECF-ADBE-961CDC34AAE4}.Release|Any CPU.ActiveCfg = Release|Any CPU
		{0CF648DE-B489-4ECF-ADBE-961CDC34AAE4}.Release|Any CPU.Build.0 = Release|Any CPU
		{4FE6A269-BDB9-4B82-B479-6D4F29856204}.Debug|Any CPU.ActiveCfg = Debug|Any CPU
		{4FE6A269-BDB9-4B82-B479-6D4F29856204}.Debug|Any CPU.Build.0 = Debug|Any CPU
		{4FE6A269-BDB9-4B82-B479-6D4F29856204}.Release|Any CPU.ActiveCfg = Release|Any CPU
		{4FE6A269-BDB9-4B82-B479-6D4F29856204}.Release|Any CPU.Build.0 = Release|Any CPU
		{E915FBF9-F7C7-4CED-8C1F-B64B5493C0AF}.Debug|Any CPU.ActiveCfg = Debug|Any CPU
		{E915FBF9-F7C7-4CED-8C1F-B64B5493C0AF}.Debug|Any CPU.Build.0 = Debug|Any CPU
		{E915FBF9-F7C7-4CED-8C1F-B64B5493C0AF}.Release|Any CPU.ActiveCfg = Release|Any CPU
		{E915FBF9-F7C7-4CED-8C1F-B64B5493C0AF}.Release|Any CPU.Build.0 = Release|Any CPU
		{02A7CC3C-7265-45EC-A148-5D29ED8CDA05}.Debug|Any CPU.ActiveCfg = Debug|Any CPU
		{02A7CC3C-7265-45EC-A148-5D29ED8CDA05}.Debug|Any CPU.Build.0 = Debug|Any CPU
		{02A7CC3C-7265-45EC-A148-5D29ED8CDA05}.Release|Any CPU.ActiveCfg = Release|Any CPU
		{02A7CC3C-7265-45EC-A148-5D29ED8CDA05}.Release|Any CPU.Build.0 = Release|Any CPU
		{36722BB9-F9BA-4B91-A575-8DE10430CACC}.Debug|Any CPU.ActiveCfg = Debug|Any CPU
		{36722BB9-F9BA-4B91-A575-8DE10430CACC}.Debug|Any CPU.Build.0 = Debug|Any CPU
		{36722BB9-F9BA-4B91-A575-8DE10430CACC}.Release|Any CPU.ActiveCfg = Release|Any CPU
		{36722BB9-F9BA-4B91-A575-8DE10430CACC}.Release|Any CPU.Build.0 = Release|Any CPU
		{42407D52-4928-43DD-BBFE-D01E868CDA32}.Debug|Any CPU.ActiveCfg = Debug|Any CPU
		{42407D52-4928-43DD-BBFE-D01E868CDA32}.Debug|Any CPU.Build.0 = Debug|Any CPU
		{42407D52-4928-43DD-BBFE-D01E868CDA32}.Release|Any CPU.ActiveCfg = Release|Any CPU
		{42407D52-4928-43DD-BBFE-D01E868CDA32}.Release|Any CPU.Build.0 = Release|Any CPU
		{92D4C1D0-EF43-4D38-BC4C-722D706199C6}.Debug|Any CPU.ActiveCfg = Debug|Any CPU
		{92D4C1D0-EF43-4D38-BC4C-722D706199C6}.Debug|Any CPU.Build.0 = Debug|Any CPU
		{92D4C1D0-EF43-4D38-BC4C-722D706199C6}.Release|Any CPU.ActiveCfg = Release|Any CPU
		{92D4C1D0-EF43-4D38-BC4C-722D706199C6}.Release|Any CPU.Build.0 = Release|Any CPU
		{0D70D6AC-4E2F-4120-9AEA-73BE22534D27}.Debug|Any CPU.ActiveCfg = Debug|Any CPU
		{0D70D6AC-4E2F-4120-9AEA-73BE22534D27}.Debug|Any CPU.Build.0 = Debug|Any CPU
		{0D70D6AC-4E2F-4120-9AEA-73BE22534D27}.Debug|Any CPU.Deploy.0 = Debug|Any CPU
		{0D70D6AC-4E2F-4120-9AEA-73BE22534D27}.Release|Any CPU.ActiveCfg = Release|Any CPU
		{0D70D6AC-4E2F-4120-9AEA-73BE22534D27}.Release|Any CPU.Build.0 = Release|Any CPU
		{0D70D6AC-4E2F-4120-9AEA-73BE22534D27}.Release|Any CPU.Deploy.0 = Release|Any CPU
		{EC268A2A-4CF9-42D1-958C-F7F8CA6C137F}.Debug|Any CPU.ActiveCfg = Debug|Any CPU
		{EC268A2A-4CF9-42D1-958C-F7F8CA6C137F}.Debug|Any CPU.Build.0 = Debug|Any CPU
		{EC268A2A-4CF9-42D1-958C-F7F8CA6C137F}.Release|Any CPU.ActiveCfg = Release|Any CPU
		{EC268A2A-4CF9-42D1-958C-F7F8CA6C137F}.Release|Any CPU.Build.0 = Release|Any CPU
		{2E676AA1-AE0C-4012-B685-C7DC8109F6C6}.Debug|Any CPU.ActiveCfg = Debug|Any CPU
		{2E676AA1-AE0C-4012-B685-C7DC8109F6C6}.Debug|Any CPU.Build.0 = Debug|Any CPU
		{2E676AA1-AE0C-4012-B685-C7DC8109F6C6}.Release|Any CPU.ActiveCfg = Release|Any CPU
		{2E676AA1-AE0C-4012-B685-C7DC8109F6C6}.Release|Any CPU.Build.0 = Release|Any CPU
		{823B5175-6622-4B36-86F7-BF8EACC1E00D}.Debug|Any CPU.ActiveCfg = Debug|Any CPU
		{823B5175-6622-4B36-86F7-BF8EACC1E00D}.Debug|Any CPU.Build.0 = Debug|Any CPU
		{823B5175-6622-4B36-86F7-BF8EACC1E00D}.Release|Any CPU.ActiveCfg = Release|Any CPU
		{823B5175-6622-4B36-86F7-BF8EACC1E00D}.Release|Any CPU.Build.0 = Release|Any CPU
		{C78B747C-149B-42CC-BB2F-3843FFE39A7B}.Debug|Any CPU.ActiveCfg = Debug|Any CPU
		{C78B747C-149B-42CC-BB2F-3843FFE39A7B}.Debug|Any CPU.Build.0 = Debug|Any CPU
		{C78B747C-149B-42CC-BB2F-3843FFE39A7B}.Release|Any CPU.ActiveCfg = Release|Any CPU
		{C78B747C-149B-42CC-BB2F-3843FFE39A7B}.Release|Any CPU.Build.0 = Release|Any CPU
		{06A38128-BE86-4234-9903-1AFA69FB9CC2}.Debug|Any CPU.ActiveCfg = Debug|Any CPU
		{06A38128-BE86-4234-9903-1AFA69FB9CC2}.Debug|Any CPU.Build.0 = Debug|Any CPU
		{06A38128-BE86-4234-9903-1AFA69FB9CC2}.Release|Any CPU.ActiveCfg = Release|Any CPU
		{06A38128-BE86-4234-9903-1AFA69FB9CC2}.Release|Any CPU.Build.0 = Release|Any CPU
		{DA91FDB8-E024-4BDD-A942-2A3CEA4F687B}.Debug|Any CPU.ActiveCfg = Debug|Any CPU
		{DA91FDB8-E024-4BDD-A942-2A3CEA4F687B}.Debug|Any CPU.Build.0 = Debug|Any CPU
		{DA91FDB8-E024-4BDD-A942-2A3CEA4F687B}.Release|Any CPU.ActiveCfg = Release|Any CPU
		{DA91FDB8-E024-4BDD-A942-2A3CEA4F687B}.Release|Any CPU.Build.0 = Release|Any CPU
		{43E939BE-B1A0-4245-BC42-B9FBECC158F2}.Debug|Any CPU.ActiveCfg = Debug|Any CPU
		{43E939BE-B1A0-4245-BC42-B9FBECC158F2}.Debug|Any CPU.Build.0 = Debug|Any CPU
		{43E939BE-B1A0-4245-BC42-B9FBECC158F2}.Release|Any CPU.ActiveCfg = Release|Any CPU
		{43E939BE-B1A0-4245-BC42-B9FBECC158F2}.Release|Any CPU.Build.0 = Release|Any CPU
		{7D4E3B4B-10E8-4AAB-B351-65E025B8D16E}.Debug|Any CPU.ActiveCfg = Debug|Any CPU
		{7D4E3B4B-10E8-4AAB-B351-65E025B8D16E}.Debug|Any CPU.Build.0 = Debug|Any CPU
		{7D4E3B4B-10E8-4AAB-B351-65E025B8D16E}.Release|Any CPU.ActiveCfg = Release|Any CPU
		{7D4E3B4B-10E8-4AAB-B351-65E025B8D16E}.Release|Any CPU.Build.0 = Release|Any CPU
		{87182129-E453-480F-96A0-02F7CF031377}.Debug|Any CPU.ActiveCfg = Debug|Any CPU
		{87182129-E453-480F-96A0-02F7CF031377}.Debug|Any CPU.Build.0 = Debug|Any CPU
		{87182129-E453-480F-96A0-02F7CF031377}.Release|Any CPU.ActiveCfg = Release|Any CPU
		{87182129-E453-480F-96A0-02F7CF031377}.Release|Any CPU.Build.0 = Release|Any CPU
		{02451C64-D43E-4C4C-A1E1-276EC06DD446}.Debug|Any CPU.ActiveCfg = Debug|Any CPU
		{02451C64-D43E-4C4C-A1E1-276EC06DD446}.Debug|Any CPU.Build.0 = Debug|Any CPU
		{02451C64-D43E-4C4C-A1E1-276EC06DD446}.Release|Any CPU.ActiveCfg = Release|Any CPU
		{02451C64-D43E-4C4C-A1E1-276EC06DD446}.Release|Any CPU.Build.0 = Release|Any CPU
		{3B489E32-CDCC-4FA5-8C48-E5033D87E7E7}.Debug|Any CPU.ActiveCfg = Debug|Any CPU
		{3B489E32-CDCC-4FA5-8C48-E5033D87E7E7}.Debug|Any CPU.Build.0 = Debug|Any CPU
		{3B489E32-CDCC-4FA5-8C48-E5033D87E7E7}.Release|Any CPU.ActiveCfg = Release|Any CPU
		{3B489E32-CDCC-4FA5-8C48-E5033D87E7E7}.Release|Any CPU.Build.0 = Release|Any CPU
		{E8408296-498A-49F6-8835-51973932D3B6}.Debug|Any CPU.ActiveCfg = Debug|Any CPU
		{E8408296-498A-49F6-8835-51973932D3B6}.Debug|Any CPU.Build.0 = Debug|Any CPU
		{E8408296-498A-49F6-8835-51973932D3B6}.Release|Any CPU.ActiveCfg = Release|Any CPU
		{E8408296-498A-49F6-8835-51973932D3B6}.Release|Any CPU.Build.0 = Release|Any CPU
	EndGlobalSection
	GlobalSection(SolutionProperties) = preSolution
		HideSolutionNode = FALSE
	EndGlobalSection
	GlobalSection(NestedProjects) = preSolution
		{6AA7537C-924F-4B48-AA99-99F2CDA0805C} = {3334B930-49DF-4984-9730-AA4559C02E1C}
		{4641DEF6-2658-4F60-992A-5E08319F9A49} = {3334B930-49DF-4984-9730-AA4559C02E1C}
		{8522CE75-5803-480A-9BC4-9E2DE4F74AC8} = {3334B930-49DF-4984-9730-AA4559C02E1C}
		{157394B0-3BE5-49F5-9E5A-DD33400613D7} = {3334B930-49DF-4984-9730-AA4559C02E1C}
		{B1D39B93-AB44-43A0-9E03-F14ACCBBB380} = {3334B930-49DF-4984-9730-AA4559C02E1C}
		{02BE2EC2-7F06-40BF-AF36-A1566A058906} = {C497BADF-3197-4944-B06F-CE75CDAB4244}
		{C497BADF-3197-4944-B06F-CE75CDAB4244} = {3334B930-49DF-4984-9730-AA4559C02E1C}
		{6DC7951D-6613-4A5A-A6C8-21805F0B5BD7} = {C497BADF-3197-4944-B06F-CE75CDAB4244}
		{D7308DB2-A632-4374-B7C4-3657714D5E02} = {3334B930-49DF-4984-9730-AA4559C02E1C}
		{8893CA41-D8B7-4EFA-9FDA-2FE016DDC356} = {3334B930-49DF-4984-9730-AA4559C02E1C}
		{8907A936-83B7-490D-8EB2-A025CDD17258} = {8893CA41-D8B7-4EFA-9FDA-2FE016DDC356}
		{46F6C670-1CDD-4C1A-95B2-36CE6637379E} = {8893CA41-D8B7-4EFA-9FDA-2FE016DDC356}
		{32AF34D5-05A8-4D29-88FE-4BF0851C2F41} = {3334B930-49DF-4984-9730-AA4559C02E1C}
		{99A4C0C1-598C-4BF4-BD8F-8CF7348AC2C4} = {3334B930-49DF-4984-9730-AA4559C02E1C}
		{4F17ED30-2135-4562-B531-A4A463EA4B4C} = {3334B930-49DF-4984-9730-AA4559C02E1C}
		{6627934F-425F-4AC2-8ACF-C61B64AE5E87} = {3334B930-49DF-4984-9730-AA4559C02E1C}
		{036E9843-B423-4481-9D26-11C5F3DD7C2C} = {6627934F-425F-4AC2-8ACF-C61B64AE5E87}
		{DC508592-8AEA-448F-9743-AC1BAA8CE6DE} = {6627934F-425F-4AC2-8ACF-C61B64AE5E87}
		{0CF648DE-B489-4ECF-ADBE-961CDC34AAE4} = {3334B930-49DF-4984-9730-AA4559C02E1C}
		{00CD35ED-877B-4827-9148-A2485FFFEA6E} = {3334B930-49DF-4984-9730-AA4559C02E1C}
		{4FE6A269-BDB9-4B82-B479-6D4F29856204} = {00CD35ED-877B-4827-9148-A2485FFFEA6E}
		{E915FBF9-F7C7-4CED-8C1F-B64B5493C0AF} = {00CD35ED-877B-4827-9148-A2485FFFEA6E}
		{AA2E24CC-52D4-4E5C-AD40-2DD2B28D0F69} = {3334B930-49DF-4984-9730-AA4559C02E1C}
		{02A7CC3C-7265-45EC-A148-5D29ED8CDA05} = {AA2E24CC-52D4-4E5C-AD40-2DD2B28D0F69}
		{36722BB9-F9BA-4B91-A575-8DE10430CACC} = {3334B930-49DF-4984-9730-AA4559C02E1C}
		{42407D52-4928-43DD-BBFE-D01E868CDA32} = {3334B930-49DF-4984-9730-AA4559C02E1C}
		{92D4C1D0-EF43-4D38-BC4C-722D706199C6} = {AA2E24CC-52D4-4E5C-AD40-2DD2B28D0F69}
		{0D70D6AC-4E2F-4120-9AEA-73BE22534D27} = {AA2E24CC-52D4-4E5C-AD40-2DD2B28D0F69}
		{EC268A2A-4CF9-42D1-958C-F7F8CA6C137F} = {AA2E24CC-52D4-4E5C-AD40-2DD2B28D0F69}
		{A47777C8-7C63-4522-A016-22902AF389CD} = {3334B930-49DF-4984-9730-AA4559C02E1C}
		{2E676AA1-AE0C-4012-B685-C7DC8109F6C6} = {A47777C8-7C63-4522-A016-22902AF389CD}
		{823B5175-6622-4B36-86F7-BF8EACC1E00D} = {A47777C8-7C63-4522-A016-22902AF389CD}
		{C78B747C-149B-42CC-BB2F-3843FFE39A7B} = {3334B930-49DF-4984-9730-AA4559C02E1C}
		{06A38128-BE86-4234-9903-1AFA69FB9CC2} = {3334B930-49DF-4984-9730-AA4559C02E1C}
		{DB38C0EE-21B9-454D-8022-8E734E6F4445} = {3334B930-49DF-4984-9730-AA4559C02E1C}
		{DA91FDB8-E024-4BDD-A942-2A3CEA4F687B} = {DB38C0EE-21B9-454D-8022-8E734E6F4445}
		{A280ABCF-A559-491A-9AFD-A3BD61D7BFA0} = {3334B930-49DF-4984-9730-AA4559C02E1C}
		{43E939BE-B1A0-4245-BC42-B9FBECC158F2} = {A280ABCF-A559-491A-9AFD-A3BD61D7BFA0}
		{7D4E3B4B-10E8-4AAB-B351-65E025B8D16E} = {A280ABCF-A559-491A-9AFD-A3BD61D7BFA0}
		{87182129-E453-480F-96A0-02F7CF031377} = {3334B930-49DF-4984-9730-AA4559C02E1C}
		{3B489E32-CDCC-4FA5-8C48-E5033D87E7E7} = {3334B930-49DF-4984-9730-AA4559C02E1C}
		{E8408296-498A-49F6-8835-51973932D3B6} = {3334B930-49DF-4984-9730-AA4559C02E1C}
	EndGlobalSection
	GlobalSection(ExtensibilityGlobals) = postSolution
		SolutionGuid = {FC6BB5E5-6A25-46EF-BAAD-3F5822392673}
	EndGlobalSection
EndGlobal
