
Microsoft Visual Studio Solution File, Format Version 12.00
# Visual Studio Version 16
VisualStudioVersion = 16.0.28407.52
MinimumVisualStudioVersion = 10.0.40219.1
Project("{9A19103F-16F7-4668-BE54-9A1E7A4F7556}") = "Dotmim.Sync.Core", "..\Projects\Dotmim.Sync.Core\Dotmim.Sync.Core.csproj", "{0D8EB514-E877-411A-8133-1515711A8C66}"
EndProject
Project("{9A19103F-16F7-4668-BE54-9A1E7A4F7556}") = "Dotmim.Sync.SqlServer", "..\Projects\Dotmim.Sync.SqlServer\Dotmim.Sync.SqlServer.csproj", "{9C5B5E86-C941-4718-A8F6-9EE96FEEEF97}"
EndProject
Project("{9A19103F-16F7-4668-BE54-9A1E7A4F7556}") = "Dotmim.Sync.Sqlite", "..\Projects\Dotmim.Sync.Sqlite\Dotmim.Sync.Sqlite.csproj", "{B9CF32D5-30F9-4778-BAFD-EDA867A817B9}"
EndProject
Project("{9A19103F-16F7-4668-BE54-9A1E7A4F7556}") = "Dotmim.Sync.Web.Server", "..\Projects\Dotmim.Sync.Web.Server\Dotmim.Sync.Web.Server.csproj", "{C1F7296A-4B1F-4016-AB19-FC1A9FE3BC71}"
EndProject
Project("{9A19103F-16F7-4668-BE54-9A1E7A4F7556}") = "Dotmim.Sync.Web.Client", "..\Projects\Dotmim.Sync.Web.Client\Dotmim.Sync.Web.Client.csproj", "{7377AC81-EB0A-46DD-BC5E-EE149BA9D362}"
EndProject
Project("{2150E333-8FDC-42A3-9474-1A3956D46DE8}") = "Samples", "Samples", "{3334B930-49DF-4984-9730-AA4559C02E1C}"
EndProject
Project("{9A19103F-16F7-4668-BE54-9A1E7A4F7556}") = "HelloSync", "HelloSync\HelloSync.csproj", "{6AA7537C-924F-4B48-AA99-99F2CDA0805C}"
EndProject
Project("{9A19103F-16F7-4668-BE54-9A1E7A4F7556}") = "SyncType", "SyncType\SyncType.csproj", "{4641DEF6-2658-4F60-992A-5E08319F9A49}"
EndProject
Project("{9A19103F-16F7-4668-BE54-9A1E7A4F7556}") = "Orchestrators", "Orchestrators\Orchestrators.csproj", "{8522CE75-5803-480A-9BC4-9E2DE4F74AC8}"
EndProject
Project("{9A19103F-16F7-4668-BE54-9A1E7A4F7556}") = "Encryption", "Encryption\Encryption.csproj", "{157394B0-3BE5-49F5-9E5A-DD33400613D7}"
EndProject
Project("{9A19103F-16F7-4668-BE54-9A1E7A4F7556}") = "Dotmim.Sync.SqlServer.ChangeTracking", "..\Projects\Dotmim.Sync.SqlServer.ChangeTracking\Dotmim.Sync.SqlServer.ChangeTracking.csproj", "{ED1E16FB-D68A-4587-B907-9F2344D7027F}"
EndProject
Project("{9A19103F-16F7-4668-BE54-9A1E7A4F7556}") = "Dotmim.Sync.MySql", "..\Projects\Dotmim.Sync.MySql\Dotmim.Sync.MySql.csproj", "{FD50CD09-4B05-4C6C-ACD3-29C7056C9183}"
EndProject
Project("{FAE04EC0-301F-11D3-BF4B-00C04F79EFBC}") = "OutDated", "OutDated\OutDated.csproj", "{B1D39B93-AB44-43A0-9E03-F14ACCBBB380}"
EndProject
Global
	GlobalSection(SolutionConfigurationPlatforms) = preSolution
		Debug|Any CPU = Debug|Any CPU
		Release|Any CPU = Release|Any CPU
	EndGlobalSection
	GlobalSection(ProjectConfigurationPlatforms) = postSolution
		{0D8EB514-E877-411A-8133-1515711A8C66}.Debug|Any CPU.ActiveCfg = Debug|Any CPU
		{0D8EB514-E877-411A-8133-1515711A8C66}.Debug|Any CPU.Build.0 = Debug|Any CPU
		{0D8EB514-E877-411A-8133-1515711A8C66}.Release|Any CPU.ActiveCfg = Release|Any CPU
		{0D8EB514-E877-411A-8133-1515711A8C66}.Release|Any CPU.Build.0 = Release|Any CPU
		{9C5B5E86-C941-4718-A8F6-9EE96FEEEF97}.Debug|Any CPU.ActiveCfg = Debug|Any CPU
		{9C5B5E86-C941-4718-A8F6-9EE96FEEEF97}.Debug|Any CPU.Build.0 = Debug|Any CPU
		{9C5B5E86-C941-4718-A8F6-9EE96FEEEF97}.Release|Any CPU.ActiveCfg = Release|Any CPU
		{9C5B5E86-C941-4718-A8F6-9EE96FEEEF97}.Release|Any CPU.Build.0 = Release|Any CPU
		{B9CF32D5-30F9-4778-BAFD-EDA867A817B9}.Debug|Any CPU.ActiveCfg = Debug|Any CPU
		{B9CF32D5-30F9-4778-BAFD-EDA867A817B9}.Debug|Any CPU.Build.0 = Debug|Any CPU
		{B9CF32D5-30F9-4778-BAFD-EDA867A817B9}.Release|Any CPU.ActiveCfg = Release|Any CPU
		{B9CF32D5-30F9-4778-BAFD-EDA867A817B9}.Release|Any CPU.Build.0 = Release|Any CPU
		{C1F7296A-4B1F-4016-AB19-FC1A9FE3BC71}.Debug|Any CPU.ActiveCfg = Debug|Any CPU
		{C1F7296A-4B1F-4016-AB19-FC1A9FE3BC71}.Debug|Any CPU.Build.0 = Debug|Any CPU
		{C1F7296A-4B1F-4016-AB19-FC1A9FE3BC71}.Release|Any CPU.ActiveCfg = Release|Any CPU
		{C1F7296A-4B1F-4016-AB19-FC1A9FE3BC71}.Release|Any CPU.Build.0 = Release|Any CPU
		{7377AC81-EB0A-46DD-BC5E-EE149BA9D362}.Debug|Any CPU.ActiveCfg = Debug|Any CPU
		{7377AC81-EB0A-46DD-BC5E-EE149BA9D362}.Debug|Any CPU.Build.0 = Debug|Any CPU
		{7377AC81-EB0A-46DD-BC5E-EE149BA9D362}.Release|Any CPU.ActiveCfg = Release|Any CPU
		{7377AC81-EB0A-46DD-BC5E-EE149BA9D362}.Release|Any CPU.Build.0 = Release|Any CPU
		{6AA7537C-924F-4B48-AA99-99F2CDA0805C}.Debug|Any CPU.ActiveCfg = Debug|Any CPU
		{6AA7537C-924F-4B48-AA99-99F2CDA0805C}.Debug|Any CPU.Build.0 = Debug|Any CPU
		{6AA7537C-924F-4B48-AA99-99F2CDA0805C}.Release|Any CPU.ActiveCfg = Release|Any CPU
		{6AA7537C-924F-4B48-AA99-99F2CDA0805C}.Release|Any CPU.Build.0 = Release|Any CPU
		{4641DEF6-2658-4F60-992A-5E08319F9A49}.Debug|Any CPU.ActiveCfg = Debug|Any CPU
		{4641DEF6-2658-4F60-992A-5E08319F9A49}.Debug|Any CPU.Build.0 = Debug|Any CPU
		{4641DEF6-2658-4F60-992A-5E08319F9A49}.Release|Any CPU.ActiveCfg = Release|Any CPU
		{4641DEF6-2658-4F60-992A-5E08319F9A49}.Release|Any CPU.Build.0 = Release|Any CPU
		{8522CE75-5803-480A-9BC4-9E2DE4F74AC8}.Debug|Any CPU.ActiveCfg = Debug|Any CPU
		{8522CE75-5803-480A-9BC4-9E2DE4F74AC8}.Debug|Any CPU.Build.0 = Debug|Any CPU
		{8522CE75-5803-480A-9BC4-9E2DE4F74AC8}.Release|Any CPU.ActiveCfg = Release|Any CPU
		{8522CE75-5803-480A-9BC4-9E2DE4F74AC8}.Release|Any CPU.Build.0 = Release|Any CPU
		{157394B0-3BE5-49F5-9E5A-DD33400613D7}.Debug|Any CPU.ActiveCfg = Debug|Any CPU
		{157394B0-3BE5-49F5-9E5A-DD33400613D7}.Debug|Any CPU.Build.0 = Debug|Any CPU
		{157394B0-3BE5-49F5-9E5A-DD33400613D7}.Release|Any CPU.ActiveCfg = Release|Any CPU
		{157394B0-3BE5-49F5-9E5A-DD33400613D7}.Release|Any CPU.Build.0 = Release|Any CPU
		{ED1E16FB-D68A-4587-B907-9F2344D7027F}.Debug|Any CPU.ActiveCfg = Debug|Any CPU
		{ED1E16FB-D68A-4587-B907-9F2344D7027F}.Debug|Any CPU.Build.0 = Debug|Any CPU
		{ED1E16FB-D68A-4587-B907-9F2344D7027F}.Release|Any CPU.ActiveCfg = Release|Any CPU
		{ED1E16FB-D68A-4587-B907-9F2344D7027F}.Release|Any CPU.Build.0 = Release|Any CPU
		{FD50CD09-4B05-4C6C-ACD3-29C7056C9183}.Debug|Any CPU.ActiveCfg = Debug|Any CPU
		{FD50CD09-4B05-4C6C-ACD3-29C7056C9183}.Debug|Any CPU.Build.0 = Debug|Any CPU
		{FD50CD09-4B05-4C6C-ACD3-29C7056C9183}.Release|Any CPU.ActiveCfg = Release|Any CPU
		{FD50CD09-4B05-4C6C-ACD3-29C7056C9183}.Release|Any CPU.Build.0 = Release|Any CPU
		{B1D39B93-AB44-43A0-9E03-F14ACCBBB380}.Debug|Any CPU.ActiveCfg = Debug|Any CPU
		{B1D39B93-AB44-43A0-9E03-F14ACCBBB380}.Debug|Any CPU.Build.0 = Debug|Any CPU
		{B1D39B93-AB44-43A0-9E03-F14ACCBBB380}.Release|Any CPU.ActiveCfg = Release|Any CPU
		{B1D39B93-AB44-43A0-9E03-F14ACCBBB380}.Release|Any CPU.Build.0 = Release|Any CPU
	EndGlobalSection
	GlobalSection(SolutionProperties) = preSolution
		HideSolutionNode = FALSE
	EndGlobalSection
	GlobalSection(NestedProjects) = preSolution
		{6AA7537C-924F-4B48-AA99-99F2CDA0805C} = {3334B930-49DF-4984-9730-AA4559C02E1C}
		{4641DEF6-2658-4F60-992A-5E08319F9A49} = {3334B930-49DF-4984-9730-AA4559C02E1C}
		{8522CE75-5803-480A-9BC4-9E2DE4F74AC8} = {3334B930-49DF-4984-9730-AA4559C02E1C}
		{157394B0-3BE5-49F5-9E5A-DD33400613D7} = {3334B930-49DF-4984-9730-AA4559C02E1C}
		{B1D39B93-AB44-43A0-9E03-F14ACCBBB380} = {3334B930-49DF-4984-9730-AA4559C02E1C}
	EndGlobalSection
	GlobalSection(ExtensibilityGlobals) = postSolution
		SolutionGuid = {FC6BB5E5-6A25-46EF-BAAD-3F5822392673}
	EndGlobalSection
EndGlobal
