
Microsoft Visual Studio Solution File, Format Version 12.00
# Visual Studio Version 16
VisualStudioVersion = 16.0.29521.150
MinimumVisualStudioVersion = 10.0.40219.1
Project("{FAE04EC0-301F-11D3-BF4B-00C04F79EFBC}") = "UWPSyncSample", "UWPSyncSample\UWPSyncSample\UWPSyncSample.csproj", "{CE2ACCDA-3BD4-41B3-B36F-AD62BCB5C55F}"
EndProject
Project("{9A19103F-16F7-4668-BE54-9A1E7A4F7556}") = "UWPSyncSampleWebServer", "UWPSyncSample\UWPSyncSampleWebServer\UWPSyncSampleWebServer.csproj", "{F281030E-98F1-445A-9BA3-3E36DAEA3A1A}"
EndProject
Project("{9A19103F-16F7-4668-BE54-9A1E7A4F7556}") = "Dotmim.Sync.Core", "..\..\Projects\Dotmim.Sync.Core\Dotmim.Sync.Core.csproj", "{06F18E0C-5CE4-484C-A9FD-BB126DB2AED1}"
EndProject
Project("{9A19103F-16F7-4668-BE54-9A1E7A4F7556}") = "Dotmim.Sync.SqlServer", "..\..\Projects\Dotmim.Sync.SqlServer\Dotmim.Sync.SqlServer.csproj", "{4EC27FFA-09A1-4BB6-A1B3-F7819BD3173B}"
EndProject
Project("{9A19103F-16F7-4668-BE54-9A1E7A4F7556}") = "Dotmim.Sync.Sqlite", "..\..\Projects\Dotmim.Sync.Sqlite\Dotmim.Sync.Sqlite.csproj", "{DE6EEDF5-898E-4C80-95E7-A7D7290C08D6}"
EndProject
Project("{9A19103F-16F7-4668-BE54-9A1E7A4F7556}") = "Dotmim.Sync.Web.Server", "..\..\Projects\Dotmim.Sync.Web.Server\Dotmim.Sync.Web.Server.csproj", "{C44BADD4-FB36-44BE-B3CF-946F5BC5A256}"
EndProject
Project("{9A19103F-16F7-4668-BE54-9A1E7A4F7556}") = "Dotmim.Sync.Web.Client", "..\..\Projects\Dotmim.Sync.Web.Client\Dotmim.Sync.Web.Client.csproj", "{F87890D8-94F7-49E5-8CAF-42B1C70486BE}"
EndProject
Project("{FAE04EC0-301F-11D3-BF4B-00C04F79EFBC}") = "XamSyncSample.Android", "XamSyncSample\XamSyncSample.Android\XamSyncSample.Android.csproj", "{0D70D6AC-4E2F-4120-9AEA-73BE22534D27}"
EndProject
Project("{FAE04EC0-301F-11D3-BF4B-00C04F79EFBC}") = "XamSyncSample", "XamSyncSample\XamSyncSample\XamSyncSample.csproj", "{6639C690-A44B-4EAF-974B-5A77DE2570EF}"
EndProject
Global
	GlobalSection(SolutionConfigurationPlatforms) = preSolution
		Debug|Any CPU = Debug|Any CPU
		Debug|ARM = Debug|ARM
		Debug|x64 = Debug|x64
		Debug|x86 = Debug|x86
		Release|Any CPU = Release|Any CPU
		Release|ARM = Release|ARM
		Release|x64 = Release|x64
		Release|x86 = Release|x86
	EndGlobalSection
	GlobalSection(ProjectConfigurationPlatforms) = postSolution
		{CE2ACCDA-3BD4-41B3-B36F-AD62BCB5C55F}.Debug|Any CPU.ActiveCfg = Debug|x86
		{CE2ACCDA-3BD4-41B3-B36F-AD62BCB5C55F}.Debug|ARM.ActiveCfg = Debug|ARM
		{CE2ACCDA-3BD4-41B3-B36F-AD62BCB5C55F}.Debug|ARM.Build.0 = Debug|ARM
		{CE2ACCDA-3BD4-41B3-B36F-AD62BCB5C55F}.Debug|ARM.Deploy.0 = Debug|ARM
		{CE2ACCDA-3BD4-41B3-B36F-AD62BCB5C55F}.Debug|x64.ActiveCfg = Debug|x64
		{CE2ACCDA-3BD4-41B3-B36F-AD62BCB5C55F}.Debug|x64.Build.0 = Debug|x64
		{CE2ACCDA-3BD4-41B3-B36F-AD62BCB5C55F}.Debug|x64.Deploy.0 = Debug|x64
		{CE2ACCDA-3BD4-41B3-B36F-AD62BCB5C55F}.Debug|x86.ActiveCfg = Debug|x86
		{CE2ACCDA-3BD4-41B3-B36F-AD62BCB5C55F}.Debug|x86.Build.0 = Debug|x86
		{CE2ACCDA-3BD4-41B3-B36F-AD62BCB5C55F}.Debug|x86.Deploy.0 = Debug|x86
		{CE2ACCDA-3BD4-41B3-B36F-AD62BCB5C55F}.Release|Any CPU.ActiveCfg = Release|x86
		{CE2ACCDA-3BD4-41B3-B36F-AD62BCB5C55F}.Release|ARM.ActiveCfg = Release|ARM
		{CE2ACCDA-3BD4-41B3-B36F-AD62BCB5C55F}.Release|ARM.Build.0 = Release|ARM
		{CE2ACCDA-3BD4-41B3-B36F-AD62BCB5C55F}.Release|ARM.Deploy.0 = Release|ARM
		{CE2ACCDA-3BD4-41B3-B36F-AD62BCB5C55F}.Release|x64.ActiveCfg = Release|x64
		{CE2ACCDA-3BD4-41B3-B36F-AD62BCB5C55F}.Release|x64.Build.0 = Release|x64
		{CE2ACCDA-3BD4-41B3-B36F-AD62BCB5C55F}.Release|x64.Deploy.0 = Release|x64
		{CE2ACCDA-3BD4-41B3-B36F-AD62BCB5C55F}.Release|x86.ActiveCfg = Release|x86
		{CE2ACCDA-3BD4-41B3-B36F-AD62BCB5C55F}.Release|x86.Build.0 = Release|x86
		{CE2ACCDA-3BD4-41B3-B36F-AD62BCB5C55F}.Release|x86.Deploy.0 = Release|x86
		{F281030E-98F1-445A-9BA3-3E36DAEA3A1A}.Debug|Any CPU.ActiveCfg = Debug|Any CPU
		{F281030E-98F1-445A-9BA3-3E36DAEA3A1A}.Debug|Any CPU.Build.0 = Debug|Any CPU
		{F281030E-98F1-445A-9BA3-3E36DAEA3A1A}.Debug|ARM.ActiveCfg = Debug|Any CPU
		{F281030E-98F1-445A-9BA3-3E36DAEA3A1A}.Debug|ARM.Build.0 = Debug|Any CPU
		{F281030E-98F1-445A-9BA3-3E36DAEA3A1A}.Debug|x64.ActiveCfg = Debug|Any CPU
		{F281030E-98F1-445A-9BA3-3E36DAEA3A1A}.Debug|x64.Build.0 = Debug|Any CPU
		{F281030E-98F1-445A-9BA3-3E36DAEA3A1A}.Debug|x86.ActiveCfg = Debug|Any CPU
		{F281030E-98F1-445A-9BA3-3E36DAEA3A1A}.Debug|x86.Build.0 = Debug|Any CPU
		{F281030E-98F1-445A-9BA3-3E36DAEA3A1A}.Release|Any CPU.ActiveCfg = Release|Any CPU
		{F281030E-98F1-445A-9BA3-3E36DAEA3A1A}.Release|Any CPU.Build.0 = Release|Any CPU
		{F281030E-98F1-445A-9BA3-3E36DAEA3A1A}.Release|ARM.ActiveCfg = Release|Any CPU
		{F281030E-98F1-445A-9BA3-3E36DAEA3A1A}.Release|ARM.Build.0 = Release|Any CPU
		{F281030E-98F1-445A-9BA3-3E36DAEA3A1A}.Release|x64.ActiveCfg = Release|Any CPU
		{F281030E-98F1-445A-9BA3-3E36DAEA3A1A}.Release|x64.Build.0 = Release|Any CPU
		{F281030E-98F1-445A-9BA3-3E36DAEA3A1A}.Release|x86.ActiveCfg = Release|Any CPU
		{F281030E-98F1-445A-9BA3-3E36DAEA3A1A}.Release|x86.Build.0 = Release|Any CPU
		{06F18E0C-5CE4-484C-A9FD-BB126DB2AED1}.Debug|Any CPU.ActiveCfg = Debug|Any CPU
		{06F18E0C-5CE4-484C-A9FD-BB126DB2AED1}.Debug|Any CPU.Build.0 = Debug|Any CPU
		{06F18E0C-5CE4-484C-A9FD-BB126DB2AED1}.Debug|ARM.ActiveCfg = Debug|Any CPU
		{06F18E0C-5CE4-484C-A9FD-BB126DB2AED1}.Debug|ARM.Build.0 = Debug|Any CPU
		{06F18E0C-5CE4-484C-A9FD-BB126DB2AED1}.Debug|x64.ActiveCfg = Debug|Any CPU
		{06F18E0C-5CE4-484C-A9FD-BB126DB2AED1}.Debug|x64.Build.0 = Debug|Any CPU
		{06F18E0C-5CE4-484C-A9FD-BB126DB2AED1}.Debug|x86.ActiveCfg = Debug|Any CPU
		{06F18E0C-5CE4-484C-A9FD-BB126DB2AED1}.Debug|x86.Build.0 = Debug|Any CPU
		{06F18E0C-5CE4-484C-A9FD-BB126DB2AED1}.Release|Any CPU.ActiveCfg = Release|Any CPU
		{06F18E0C-5CE4-484C-A9FD-BB126DB2AED1}.Release|Any CPU.Build.0 = Release|Any CPU
		{06F18E0C-5CE4-484C-A9FD-BB126DB2AED1}.Release|ARM.ActiveCfg = Release|Any CPU
		{06F18E0C-5CE4-484C-A9FD-BB126DB2AED1}.Release|ARM.Build.0 = Release|Any CPU
		{06F18E0C-5CE4-484C-A9FD-BB126DB2AED1}.Release|x64.ActiveCfg = Release|Any CPU
		{06F18E0C-5CE4-484C-A9FD-BB126DB2AED1}.Release|x64.Build.0 = Release|Any CPU
		{06F18E0C-5CE4-484C-A9FD-BB126DB2AED1}.Release|x86.ActiveCfg = Release|Any CPU
		{06F18E0C-5CE4-484C-A9FD-BB126DB2AED1}.Release|x86.Build.0 = Release|Any CPU
		{4EC27FFA-09A1-4BB6-A1B3-F7819BD3173B}.Debug|Any CPU.ActiveCfg = Debug|Any CPU
		{4EC27FFA-09A1-4BB6-A1B3-F7819BD3173B}.Debug|Any CPU.Build.0 = Debug|Any CPU
		{4EC27FFA-09A1-4BB6-A1B3-F7819BD3173B}.Debug|ARM.ActiveCfg = Debug|Any CPU
		{4EC27FFA-09A1-4BB6-A1B3-F7819BD3173B}.Debug|ARM.Build.0 = Debug|Any CPU
		{4EC27FFA-09A1-4BB6-A1B3-F7819BD3173B}.Debug|x64.ActiveCfg = Debug|Any CPU
		{4EC27FFA-09A1-4BB6-A1B3-F7819BD3173B}.Debug|x64.Build.0 = Debug|Any CPU
		{4EC27FFA-09A1-4BB6-A1B3-F7819BD3173B}.Debug|x86.ActiveCfg = Debug|Any CPU
		{4EC27FFA-09A1-4BB6-A1B3-F7819BD3173B}.Debug|x86.Build.0 = Debug|Any CPU
		{4EC27FFA-09A1-4BB6-A1B3-F7819BD3173B}.Release|Any CPU.ActiveCfg = Release|Any CPU
		{4EC27FFA-09A1-4BB6-A1B3-F7819BD3173B}.Release|Any CPU.Build.0 = Release|Any CPU
		{4EC27FFA-09A1-4BB6-A1B3-F7819BD3173B}.Release|ARM.ActiveCfg = Release|Any CPU
		{4EC27FFA-09A1-4BB6-A1B3-F7819BD3173B}.Release|ARM.Build.0 = Release|Any CPU
		{4EC27FFA-09A1-4BB6-A1B3-F7819BD3173B}.Release|x64.ActiveCfg = Release|Any CPU
		{4EC27FFA-09A1-4BB6-A1B3-F7819BD3173B}.Release|x64.Build.0 = Release|Any CPU
		{4EC27FFA-09A1-4BB6-A1B3-F7819BD3173B}.Release|x86.ActiveCfg = Release|Any CPU
		{4EC27FFA-09A1-4BB6-A1B3-F7819BD3173B}.Release|x86.Build.0 = Release|Any CPU
		{DE6EEDF5-898E-4C80-95E7-A7D7290C08D6}.Debug|Any CPU.ActiveCfg = Debug|Any CPU
		{DE6EEDF5-898E-4C80-95E7-A7D7290C08D6}.Debug|Any CPU.Build.0 = Debug|Any CPU
		{DE6EEDF5-898E-4C80-95E7-A7D7290C08D6}.Debug|ARM.ActiveCfg = Debug|Any CPU
		{DE6EEDF5-898E-4C80-95E7-A7D7290C08D6}.Debug|ARM.Build.0 = Debug|Any CPU
		{DE6EEDF5-898E-4C80-95E7-A7D7290C08D6}.Debug|x64.ActiveCfg = Debug|Any CPU
		{DE6EEDF5-898E-4C80-95E7-A7D7290C08D6}.Debug|x64.Build.0 = Debug|Any CPU
		{DE6EEDF5-898E-4C80-95E7-A7D7290C08D6}.Debug|x86.ActiveCfg = Debug|Any CPU
		{DE6EEDF5-898E-4C80-95E7-A7D7290C08D6}.Debug|x86.Build.0 = Debug|Any CPU
		{DE6EEDF5-898E-4C80-95E7-A7D7290C08D6}.Release|Any CPU.ActiveCfg = Release|Any CPU
		{DE6EEDF5-898E-4C80-95E7-A7D7290C08D6}.Release|Any CPU.Build.0 = Release|Any CPU
		{DE6EEDF5-898E-4C80-95E7-A7D7290C08D6}.Release|ARM.ActiveCfg = Release|Any CPU
		{DE6EEDF5-898E-4C80-95E7-A7D7290C08D6}.Release|ARM.Build.0 = Release|Any CPU
		{DE6EEDF5-898E-4C80-95E7-A7D7290C08D6}.Release|x64.ActiveCfg = Release|Any CPU
		{DE6EEDF5-898E-4C80-95E7-A7D7290C08D6}.Release|x64.Build.0 = Release|Any CPU
		{DE6EEDF5-898E-4C80-95E7-A7D7290C08D6}.Release|x86.ActiveCfg = Release|Any CPU
		{DE6EEDF5-898E-4C80-95E7-A7D7290C08D6}.Release|x86.Build.0 = Release|Any CPU
		{C44BADD4-FB36-44BE-B3CF-946F5BC5A256}.Debug|Any CPU.ActiveCfg = Debug|Any CPU
		{C44BADD4-FB36-44BE-B3CF-946F5BC5A256}.Debug|Any CPU.Build.0 = Debug|Any CPU
		{C44BADD4-FB36-44BE-B3CF-946F5BC5A256}.Debug|ARM.ActiveCfg = Debug|Any CPU
		{C44BADD4-FB36-44BE-B3CF-946F5BC5A256}.Debug|ARM.Build.0 = Debug|Any CPU
		{C44BADD4-FB36-44BE-B3CF-946F5BC5A256}.Debug|x64.ActiveCfg = Debug|Any CPU
		{C44BADD4-FB36-44BE-B3CF-946F5BC5A256}.Debug|x64.Build.0 = Debug|Any CPU
		{C44BADD4-FB36-44BE-B3CF-946F5BC5A256}.Debug|x86.ActiveCfg = Debug|Any CPU
		{C44BADD4-FB36-44BE-B3CF-946F5BC5A256}.Debug|x86.Build.0 = Debug|Any CPU
		{C44BADD4-FB36-44BE-B3CF-946F5BC5A256}.Release|Any CPU.ActiveCfg = Release|Any CPU
		{C44BADD4-FB36-44BE-B3CF-946F5BC5A256}.Release|Any CPU.Build.0 = Release|Any CPU
		{C44BADD4-FB36-44BE-B3CF-946F5BC5A256}.Release|ARM.ActiveCfg = Release|Any CPU
		{C44BADD4-FB36-44BE-B3CF-946F5BC5A256}.Release|ARM.Build.0 = Release|Any CPU
		{C44BADD4-FB36-44BE-B3CF-946F5BC5A256}.Release|x64.ActiveCfg = Release|Any CPU
		{C44BADD4-FB36-44BE-B3CF-946F5BC5A256}.Release|x64.Build.0 = Release|Any CPU
		{C44BADD4-FB36-44BE-B3CF-946F5BC5A256}.Release|x86.ActiveCfg = Release|Any CPU
		{C44BADD4-FB36-44BE-B3CF-946F5BC5A256}.Release|x86.Build.0 = Release|Any CPU
		{F87890D8-94F7-49E5-8CAF-42B1C70486BE}.Debug|Any CPU.ActiveCfg = Debug|Any CPU
		{F87890D8-94F7-49E5-8CAF-42B1C70486BE}.Debug|Any CPU.Build.0 = Debug|Any CPU
		{F87890D8-94F7-49E5-8CAF-42B1C70486BE}.Debug|ARM.ActiveCfg = Debug|Any CPU
		{F87890D8-94F7-49E5-8CAF-42B1C70486BE}.Debug|ARM.Build.0 = Debug|Any CPU
		{F87890D8-94F7-49E5-8CAF-42B1C70486BE}.Debug|x64.ActiveCfg = Debug|Any CPU
		{F87890D8-94F7-49E5-8CAF-42B1C70486BE}.Debug|x64.Build.0 = Debug|Any CPU
		{F87890D8-94F7-49E5-8CAF-42B1C70486BE}.Debug|x86.ActiveCfg = Debug|Any CPU
		{F87890D8-94F7-49E5-8CAF-42B1C70486BE}.Debug|x86.Build.0 = Debug|Any CPU
		{F87890D8-94F7-49E5-8CAF-42B1C70486BE}.Release|Any CPU.ActiveCfg = Release|Any CPU
		{F87890D8-94F7-49E5-8CAF-42B1C70486BE}.Release|Any CPU.Build.0 = Release|Any CPU
		{F87890D8-94F7-49E5-8CAF-42B1C70486BE}.Release|ARM.ActiveCfg = Release|Any CPU
		{F87890D8-94F7-49E5-8CAF-42B1C70486BE}.Release|ARM.Build.0 = Release|Any CPU
		{F87890D8-94F7-49E5-8CAF-42B1C70486BE}.Release|x64.ActiveCfg = Release|Any CPU
		{F87890D8-94F7-49E5-8CAF-42B1C70486BE}.Release|x64.Build.0 = Release|Any CPU
		{F87890D8-94F7-49E5-8CAF-42B1C70486BE}.Release|x86.ActiveCfg = Release|Any CPU
		{F87890D8-94F7-49E5-8CAF-42B1C70486BE}.Release|x86.Build.0 = Release|Any CPU
		{0D70D6AC-4E2F-4120-9AEA-73BE22534D27}.Debug|Any CPU.ActiveCfg = Debug|Any CPU
		{0D70D6AC-4E2F-4120-9AEA-73BE22534D27}.Debug|Any CPU.Build.0 = Debug|Any CPU
		{0D70D6AC-4E2F-4120-9AEA-73BE22534D27}.Debug|Any CPU.Deploy.0 = Debug|Any CPU
		{0D70D6AC-4E2F-4120-9AEA-73BE22534D27}.Debug|ARM.ActiveCfg = Debug|Any CPU
		{0D70D6AC-4E2F-4120-9AEA-73BE22534D27}.Debug|ARM.Build.0 = Debug|Any CPU
		{0D70D6AC-4E2F-4120-9AEA-73BE22534D27}.Debug|ARM.Deploy.0 = Debug|Any CPU
		{0D70D6AC-4E2F-4120-9AEA-73BE22534D27}.Debug|x64.ActiveCfg = Debug|Any CPU
		{0D70D6AC-4E2F-4120-9AEA-73BE22534D27}.Debug|x64.Build.0 = Debug|Any CPU
		{0D70D6AC-4E2F-4120-9AEA-73BE22534D27}.Debug|x64.Deploy.0 = Debug|Any CPU
		{0D70D6AC-4E2F-4120-9AEA-73BE22534D27}.Debug|x86.ActiveCfg = Debug|Any CPU
		{0D70D6AC-4E2F-4120-9AEA-73BE22534D27}.Debug|x86.Build.0 = Debug|Any CPU
		{0D70D6AC-4E2F-4120-9AEA-73BE22534D27}.Debug|x86.Deploy.0 = Debug|Any CPU
		{0D70D6AC-4E2F-4120-9AEA-73BE22534D27}.Release|Any CPU.ActiveCfg = Release|Any CPU
		{0D70D6AC-4E2F-4120-9AEA-73BE22534D27}.Release|Any CPU.Build.0 = Release|Any CPU
		{0D70D6AC-4E2F-4120-9AEA-73BE22534D27}.Release|Any CPU.Deploy.0 = Release|Any CPU
		{0D70D6AC-4E2F-4120-9AEA-73BE22534D27}.Release|ARM.ActiveCfg = Release|Any CPU
		{0D70D6AC-4E2F-4120-9AEA-73BE22534D27}.Release|ARM.Build.0 = Release|Any CPU
		{0D70D6AC-4E2F-4120-9AEA-73BE22534D27}.Release|ARM.Deploy.0 = Release|Any CPU
		{0D70D6AC-4E2F-4120-9AEA-73BE22534D27}.Release|x64.ActiveCfg = Release|Any CPU
		{0D70D6AC-4E2F-4120-9AEA-73BE22534D27}.Release|x64.Build.0 = Release|Any CPU
		{0D70D6AC-4E2F-4120-9AEA-73BE22534D27}.Release|x64.Deploy.0 = Release|Any CPU
		{0D70D6AC-4E2F-4120-9AEA-73BE22534D27}.Release|x86.ActiveCfg = Release|Any CPU
		{0D70D6AC-4E2F-4120-9AEA-73BE22534D27}.Release|x86.Build.0 = Release|Any CPU
		{0D70D6AC-4E2F-4120-9AEA-73BE22534D27}.Release|x86.Deploy.0 = Release|Any CPU
		{6639C690-A44B-4EAF-974B-5A77DE2570EF}.Debug|Any CPU.ActiveCfg = Debug|Any CPU
		{6639C690-A44B-4EAF-974B-5A77DE2570EF}.Debug|Any CPU.Build.0 = Debug|Any CPU
		{6639C690-A44B-4EAF-974B-5A77DE2570EF}.Debug|ARM.ActiveCfg = Debug|Any CPU
		{6639C690-A44B-4EAF-974B-5A77DE2570EF}.Debug|ARM.Build.0 = Debug|Any CPU
		{6639C690-A44B-4EAF-974B-5A77DE2570EF}.Debug|x64.ActiveCfg = Debug|Any CPU
		{6639C690-A44B-4EAF-974B-5A77DE2570EF}.Debug|x64.Build.0 = Debug|Any CPU
		{6639C690-A44B-4EAF-974B-5A77DE2570EF}.Debug|x86.ActiveCfg = Debug|Any CPU
		{6639C690-A44B-4EAF-974B-5A77DE2570EF}.Debug|x86.Build.0 = Debug|Any CPU
		{6639C690-A44B-4EAF-974B-5A77DE2570EF}.Release|Any CPU.ActiveCfg = Release|Any CPU
		{6639C690-A44B-4EAF-974B-5A77DE2570EF}.Release|Any CPU.Build.0 = Release|Any CPU
		{6639C690-A44B-4EAF-974B-5A77DE2570EF}.Release|ARM.ActiveCfg = Release|Any CPU
		{6639C690-A44B-4EAF-974B-5A77DE2570EF}.Release|ARM.Build.0 = Release|Any CPU
		{6639C690-A44B-4EAF-974B-5A77DE2570EF}.Release|x64.ActiveCfg = Release|Any CPU
		{6639C690-A44B-4EAF-974B-5A77DE2570EF}.Release|x64.Build.0 = Release|Any CPU
		{6639C690-A44B-4EAF-974B-5A77DE2570EF}.Release|x86.ActiveCfg = Release|Any CPU
		{6639C690-A44B-4EAF-974B-5A77DE2570EF}.Release|x86.Build.0 = Release|Any CPU
	EndGlobalSection
	GlobalSection(SolutionProperties) = preSolution
		HideSolutionNode = FALSE
	EndGlobalSection
	GlobalSection(ExtensibilityGlobals) = postSolution
		SolutionGuid = {EC70A246-E8CF-4720-9B94-45E94D772643}
	EndGlobalSection
EndGlobal
